// !$*UTF8*$!
{
	archiveVersion = 1;
	classes = {
	};
	objectVersion = 46;
	objects = {

/* Begin PBXBuildFile section */
		14997D57106CD54900E15322 /* Pods_IntoRobotSDKDemo.framework in Frameworks */ = {isa = PBXBuildFile; fileRef = 41018664CE0E9E7DE4CDB207 /* Pods_IntoRobotSDKDemo.framework */; };
		BB099B971D5D5EA500A7AC4B /* main.m in Sources */ = {isa = PBXBuildFile; fileRef = BB099B961D5D5EA500A7AC4B /* main.m */; };
		BB099BA51D5D5EA500A7AC4B /* LaunchScreen.storyboard in Resources */ = {isa = PBXBuildFile; fileRef = BB099BA31D5D5EA500A7AC4B /* LaunchScreen.storyboard */; };
		BB099BB01D5D5EA500A7AC4B /* IntoRobotSDKDemoTests.m in Sources */ = {isa = PBXBuildFile; fileRef = BB099BAF1D5D5EA500A7AC4B /* IntoRobotSDKDemoTests.m */; };
		BB099BBB1D5D5EA500A7AC4B /* IntoRobotSDKDemoUITests.m in Sources */ = {isa = PBXBuildFile; fileRef = BB099BBA1D5D5EA500A7AC4B /* IntoRobotSDKDemoUITests.m */; };
		BB26FDE71D6C01D000DF42F1 /* IntoRobotSDK.a in Frameworks */ = {isa = PBXBuildFile; fileRef = BB26FDE01D6C01D000DF42F1 /* IntoRobotSDK.a */; };
		BB26FDE81D6C01D000DF42F1 /* IPAddress.c in Sources */ = {isa = PBXBuildFile; fileRef = BB26FDE41D6C01D000DF42F1 /* IPAddress.c */; };
		BB2923981D629F63000D0CC6 /* DeviceList.storyboard in Resources */ = {isa = PBXBuildFile; fileRef = BB2923971D629F63000D0CC6 /* DeviceList.storyboard */; };
		BB29239B1D62A1AD000D0CC6 /* IntoPersionTableViewController.m in Sources */ = {isa = PBXBuildFile; fileRef = BB29239A1D62A1AD000D0CC6 /* IntoPersionTableViewController.m */; };
		BB31B8911D5DD5BE009A0654 /* AppDelegate.m in Sources */ = {isa = PBXBuildFile; fileRef = BB099B991D5D5EA500A7AC4B /* AppDelegate.m */; };
		BB46D5441D61B1FE0073807C /* MBProgressHUD+IntoRobot.m in Sources */ = {isa = PBXBuildFile; fileRef = BB46D5401D61B1FE0073807C /* MBProgressHUD+IntoRobot.m */; };
		BB46D5451D61B1FE0073807C /* MBProgressHUD.bundle in Resources */ = {isa = PBXBuildFile; fileRef = BB46D5411D61B1FE0073807C /* MBProgressHUD.bundle */; };
		BB46D5461D61B1FE0073807C /* MBProgressHUD.m in Sources */ = {isa = PBXBuildFile; fileRef = BB46D5431D61B1FE0073807C /* MBProgressHUD.m */; };
		BB46D54B1D61E3E20073807C /* IntoDeviceTableViewController.m in Sources */ = {isa = PBXBuildFile; fileRef = BB46D54A1D61E3E20073807C /* IntoDeviceTableViewController.m */; };
		BB46D5501D61ED160073807C /* DTKDropdownMenuView.bundle in Resources */ = {isa = PBXBuildFile; fileRef = BB46D54D1D61ED160073807C /* DTKDropdownMenuView.bundle */; };
		BB46D5511D61ED160073807C /* DTKDropdownMenuView.m in Sources */ = {isa = PBXBuildFile; fileRef = BB46D54F1D61ED160073807C /* DTKDropdownMenuView.m */; };
		BB46D56C1D61ED890073807C /* MASCompositeConstraint.m in Sources */ = {isa = PBXBuildFile; fileRef = BB46D5541D61ED890073807C /* MASCompositeConstraint.m */; };
		BB46D56D1D61ED890073807C /* MASConstraint.m in Sources */ = {isa = PBXBuildFile; fileRef = BB46D5571D61ED890073807C /* MASConstraint.m */; };
		BB46D56E1D61ED890073807C /* MASConstraintMaker.m in Sources */ = {isa = PBXBuildFile; fileRef = BB46D5591D61ED890073807C /* MASConstraintMaker.m */; };
		BB46D56F1D61ED890073807C /* MASLayoutConstraint.m in Sources */ = {isa = PBXBuildFile; fileRef = BB46D55B1D61ED890073807C /* MASLayoutConstraint.m */; };
		BB46D5701D61ED890073807C /* MASViewAttribute.m in Sources */ = {isa = PBXBuildFile; fileRef = BB46D55F1D61ED890073807C /* MASViewAttribute.m */; };
		BB46D5711D61ED890073807C /* MASViewConstraint.m in Sources */ = {isa = PBXBuildFile; fileRef = BB46D5611D61ED890073807C /* MASViewConstraint.m */; };
		BB46D5721D61ED890073807C /* NSArray+MASAdditions.m in Sources */ = {isa = PBXBuildFile; fileRef = BB46D5631D61ED890073807C /* NSArray+MASAdditions.m */; };
		BB46D5731D61ED890073807C /* NSLayoutConstraint+MASDebugAdditions.m in Sources */ = {isa = PBXBuildFile; fileRef = BB46D5661D61ED890073807C /* NSLayoutConstraint+MASDebugAdditions.m */; };
		BB46D5741D61ED890073807C /* View+MASAdditions.m in Sources */ = {isa = PBXBuildFile; fileRef = BB46D5681D61ED890073807C /* View+MASAdditions.m */; };
		BB46D5751D61ED890073807C /* ViewController+MASAdditions.m in Sources */ = {isa = PBXBuildFile; fileRef = BB46D56B1D61ED890073807C /* ViewController+MASAdditions.m */; };
		BB46D5771D61F5440073807C /* ResetPW.storyboard in Resources */ = {isa = PBXBuildFile; fileRef = BB46D5761D61F5440073807C /* ResetPW.storyboard */; };
		BB46D57A1D61F57D0073807C /* IntoResetPWViewController.m in Sources */ = {isa = PBXBuildFile; fileRef = BB46D5791D61F57D0073807C /* IntoResetPWViewController.m */; };
		BB94A01F1D61A17F00CA9DDB /* ViewController.m in Sources */ = {isa = PBXBuildFile; fileRef = BB94A01E1D61A17F00CA9DDB /* ViewController.m */; };
		BB94A0221D61A1BF00CA9DDB /* IntoRegisterViewController.m in Sources */ = {isa = PBXBuildFile; fileRef = BB94A0211D61A1BF00CA9DDB /* IntoRegisterViewController.m */; };
		BB94A0281D61A34F00CA9DDB /* Main.storyboard in Resources */ = {isa = PBXBuildFile; fileRef = BB94A0261D61A34F00CA9DDB /* Main.storyboard */; };
		BB94A0291D61A34F00CA9DDB /* Rigister.storyboard in Resources */ = {isa = PBXBuildFile; fileRef = BB94A0271D61A34F00CA9DDB /* Rigister.storyboard */; };
		BBA2B15D1D6443F100B01E65 /* IntoDeviceTableViewCell.m in Sources */ = {isa = PBXBuildFile; fileRef = BBA2B15C1D6443F100B01E65 /* IntoDeviceTableViewCell.m */; };
		BBA2B1601D646BAF00B01E65 /* IntoDeviceModel.m in Sources */ = {isa = PBXBuildFile; fileRef = BBA2B15F1D646BAF00B01E65 /* IntoDeviceModel.m */; };
		BBA2B1771D646CE200B01E65 /* MJExtensionConst.m in Sources */ = {isa = PBXBuildFile; fileRef = BBA2B1641D646CE200B01E65 /* MJExtensionConst.m */; };
		BBA2B1781D646CE200B01E65 /* MJFoundation.m in Sources */ = {isa = PBXBuildFile; fileRef = BBA2B1661D646CE200B01E65 /* MJFoundation.m */; };
		BBA2B1791D646CE200B01E65 /* MJProperty.m in Sources */ = {isa = PBXBuildFile; fileRef = BBA2B1681D646CE200B01E65 /* MJProperty.m */; };
		BBA2B17A1D646CE200B01E65 /* MJPropertyKey.m in Sources */ = {isa = PBXBuildFile; fileRef = BBA2B16A1D646CE200B01E65 /* MJPropertyKey.m */; };
		BBA2B17B1D646CE200B01E65 /* MJPropertyType.m in Sources */ = {isa = PBXBuildFile; fileRef = BBA2B16C1D646CE200B01E65 /* MJPropertyType.m */; };
		BBA2B17C1D646CE200B01E65 /* NSObject+MJClass.m in Sources */ = {isa = PBXBuildFile; fileRef = BBA2B16E1D646CE200B01E65 /* NSObject+MJClass.m */; };
		BBA2B17D1D646CE200B01E65 /* NSObject+MJCoding.m in Sources */ = {isa = PBXBuildFile; fileRef = BBA2B1701D646CE200B01E65 /* NSObject+MJCoding.m */; };
		BBA2B17E1D646CE200B01E65 /* NSObject+MJKeyValue.m in Sources */ = {isa = PBXBuildFile; fileRef = BBA2B1721D646CE200B01E65 /* NSObject+MJKeyValue.m */; };
		BBA2B17F1D646CE200B01E65 /* NSObject+MJProperty.m in Sources */ = {isa = PBXBuildFile; fileRef = BBA2B1741D646CE200B01E65 /* NSObject+MJProperty.m */; };
		BBA2B1801D646CE200B01E65 /* NSString+MJExtension.m in Sources */ = {isa = PBXBuildFile; fileRef = BBA2B1761D646CE200B01E65 /* NSString+MJExtension.m */; };
		BBC6479C1D632035000C65E9 /* IntoCreateDeviceViewController.m in Sources */ = {isa = PBXBuildFile; fileRef = BBC6479A1D632035000C65E9 /* IntoCreateDeviceViewController.m */; };
		BBC6479D1D632035000C65E9 /* IntoCreateDeviceViewController.xib in Resources */ = {isa = PBXBuildFile; fileRef = BBC6479B1D632035000C65E9 /* IntoCreateDeviceViewController.xib */; };
		BBC647A01D6336B1000C65E9 /* IntoDeviceInfoTableViewController.m in Sources */ = {isa = PBXBuildFile; fileRef = BBC6479F1D6336B1000C65E9 /* IntoDeviceInfoTableViewController.m */; };
		BBEEE29B1D68029D004396B1 /* IntoContrlDeviceViewController.m in Sources */ = {isa = PBXBuildFile; fileRef = BBEEE29A1D68029D004396B1 /* IntoContrlDeviceViewController.m */; };
/* End PBXBuildFile section */

/* Begin PBXContainerItemProxy section */
		BB099BAC1D5D5EA500A7AC4B /* PBXContainerItemProxy */ = {
			isa = PBXContainerItemProxy;
			containerPortal = BB099B8A1D5D5EA500A7AC4B /* Project object */;
			proxyType = 1;
			remoteGlobalIDString = BB099B911D5D5EA500A7AC4B;
			remoteInfo = IntoRobotSDKDemo;
		};
		BB099BB71D5D5EA500A7AC4B /* PBXContainerItemProxy */ = {
			isa = PBXContainerItemProxy;
			containerPortal = BB099B8A1D5D5EA500A7AC4B /* Project object */;
			proxyType = 1;
			remoteGlobalIDString = BB099B911D5D5EA500A7AC4B;
			remoteInfo = IntoRobotSDKDemo;
		};
/* End PBXContainerItemProxy section */

/* Begin PBXFileReference section */
		1BA1DEEEDF3302AA873C6B79 /* Pods-IntoRobotSDKDemo.release.xcconfig */ = {isa = PBXFileReference; includeInIndex = 1; lastKnownFileType = text.xcconfig; name = "Pods-IntoRobotSDKDemo.release.xcconfig"; path = "Pods/Target Support Files/Pods-IntoRobotSDKDemo/Pods-IntoRobotSDKDemo.release.xcconfig"; sourceTree = "<group>"; };
		41018664CE0E9E7DE4CDB207 /* Pods_IntoRobotSDKDemo.framework */ = {isa = PBXFileReference; explicitFileType = wrapper.framework; includeInIndex = 0; path = Pods_IntoRobotSDKDemo.framework; sourceTree = BUILT_PRODUCTS_DIR; };
		725D83A9B85CB18882966497 /* Pods-IntoRobotSDKDemo.debug.xcconfig */ = {isa = PBXFileReference; includeInIndex = 1; lastKnownFileType = text.xcconfig; name = "Pods-IntoRobotSDKDemo.debug.xcconfig"; path = "Pods/Target Support Files/Pods-IntoRobotSDKDemo/Pods-IntoRobotSDKDemo.debug.xcconfig"; sourceTree = "<group>"; };
		BB099B921D5D5EA500A7AC4B /* IntoRobotSDKDemo.app */ = {isa = PBXFileReference; explicitFileType = wrapper.application; includeInIndex = 0; path = IntoRobotSDKDemo.app; sourceTree = BUILT_PRODUCTS_DIR; };
		BB099B961D5D5EA500A7AC4B /* main.m */ = {isa = PBXFileReference; lastKnownFileType = sourcecode.c.objc; path = main.m; sourceTree = "<group>"; };
		BB099B981D5D5EA500A7AC4B /* AppDelegate.h */ = {isa = PBXFileReference; lastKnownFileType = sourcecode.c.h; path = AppDelegate.h; sourceTree = "<group>"; };
		BB099B991D5D5EA500A7AC4B /* AppDelegate.m */ = {isa = PBXFileReference; lastKnownFileType = sourcecode.c.objc; path = AppDelegate.m; sourceTree = "<group>"; };
		BB099BA41D5D5EA500A7AC4B /* Base */ = {isa = PBXFileReference; lastKnownFileType = file.storyboard; name = Base; path = Base.lproj/LaunchScreen.storyboard; sourceTree = "<group>"; };
		BB099BA61D5D5EA500A7AC4B /* Info.plist */ = {isa = PBXFileReference; lastKnownFileType = text.plist.xml; path = Info.plist; sourceTree = "<group>"; };
		BB099BAB1D5D5EA500A7AC4B /* IntoRobotSDKDemoTests.xctest */ = {isa = PBXFileReference; explicitFileType = wrapper.cfbundle; includeInIndex = 0; path = IntoRobotSDKDemoTests.xctest; sourceTree = BUILT_PRODUCTS_DIR; };
		BB099BAF1D5D5EA500A7AC4B /* IntoRobotSDKDemoTests.m */ = {isa = PBXFileReference; lastKnownFileType = sourcecode.c.objc; path = IntoRobotSDKDemoTests.m; sourceTree = "<group>"; };
		BB099BB11D5D5EA500A7AC4B /* Info.plist */ = {isa = PBXFileReference; lastKnownFileType = text.plist.xml; path = Info.plist; sourceTree = "<group>"; };
		BB099BB61D5D5EA500A7AC4B /* IntoRobotSDKDemoUITests.xctest */ = {isa = PBXFileReference; explicitFileType = wrapper.cfbundle; includeInIndex = 0; path = IntoRobotSDKDemoUITests.xctest; sourceTree = BUILT_PRODUCTS_DIR; };
		BB099BBA1D5D5EA500A7AC4B /* IntoRobotSDKDemoUITests.m */ = {isa = PBXFileReference; lastKnownFileType = sourcecode.c.objc; path = IntoRobotSDKDemoUITests.m; sourceTree = "<group>"; };
		BB099BBC1D5D5EA500A7AC4B /* Info.plist */ = {isa = PBXFileReference; lastKnownFileType = text.plist.xml; path = Info.plist; sourceTree = "<group>"; };
		BB26FDD01D6C01D000DF42F1 /* ESP_ByteUtil.h */ = {isa = PBXFileReference; fileEncoding = 4; lastKnownFileType = sourcecode.c.h; path = ESP_ByteUtil.h; sourceTree = "<group>"; };
		BB26FDD11D6C01D000DF42F1 /* ESP_CRC8.h */ = {isa = PBXFileReference; fileEncoding = 4; lastKnownFileType = sourcecode.c.h; path = ESP_CRC8.h; sourceTree = "<group>"; };
		BB26FDD21D6C01D000DF42F1 /* ESP_NetUtil.h */ = {isa = PBXFileReference; fileEncoding = 4; lastKnownFileType = sourcecode.c.h; path = ESP_NetUtil.h; sourceTree = "<group>"; };
		BB26FDD31D6C01D000DF42F1 /* ESPDataCode.h */ = {isa = PBXFileReference; fileEncoding = 4; lastKnownFileType = sourcecode.c.h; path = ESPDataCode.h; sourceTree = "<group>"; };
		BB26FDD41D6C01D000DF42F1 /* ESPDatumCode.h */ = {isa = PBXFileReference; fileEncoding = 4; lastKnownFileType = sourcecode.c.h; path = ESPDatumCode.h; sourceTree = "<group>"; };
		BB26FDD51D6C01D000DF42F1 /* ESPGuideCode.h */ = {isa = PBXFileReference; fileEncoding = 4; lastKnownFileType = sourcecode.c.h; path = ESPGuideCode.h; sourceTree = "<group>"; };
		BB26FDD61D6C01D000DF42F1 /* ESPTouchDelegate.h */ = {isa = PBXFileReference; fileEncoding = 4; lastKnownFileType = sourcecode.c.h; path = ESPTouchDelegate.h; sourceTree = "<group>"; };
		BB26FDD71D6C01D000DF42F1 /* ESPTouchGenerator.h */ = {isa = PBXFileReference; fileEncoding = 4; lastKnownFileType = sourcecode.c.h; path = ESPTouchGenerator.h; sourceTree = "<group>"; };
		BB26FDD81D6C01D000DF42F1 /* ESPTouchResult.h */ = {isa = PBXFileReference; fileEncoding = 4; lastKnownFileType = sourcecode.c.h; path = ESPTouchResult.h; sourceTree = "<group>"; };
		BB26FDD91D6C01D000DF42F1 /* ESPTouchTask.h */ = {isa = PBXFileReference; fileEncoding = 4; lastKnownFileType = sourcecode.c.h; path = ESPTouchTask.h; sourceTree = "<group>"; };
		BB26FDDA1D6C01D000DF42F1 /* ESPTouchTaskParameter.h */ = {isa = PBXFileReference; fileEncoding = 4; lastKnownFileType = sourcecode.c.h; path = ESPTouchTaskParameter.h; sourceTree = "<group>"; };
		BB26FDDB1D6C01D000DF42F1 /* ESPUDPSocketClient.h */ = {isa = PBXFileReference; fileEncoding = 4; lastKnownFileType = sourcecode.c.h; path = ESPUDPSocketClient.h; sourceTree = "<group>"; };
		BB26FDDC1D6C01D000DF42F1 /* ESPUDPSocketServer.h */ = {isa = PBXFileReference; fileEncoding = 4; lastKnownFileType = sourcecode.c.h; path = ESPUDPSocketServer.h; sourceTree = "<group>"; };
		BB26FDDD1D6C01D000DF42F1 /* IntoRobotAPIManager.h */ = {isa = PBXFileReference; fileEncoding = 4; lastKnownFileType = sourcecode.c.h; path = IntoRobotAPIManager.h; sourceTree = "<group>"; };
		BB26FDDE1D6C01D000DF42F1 /* IntoRobotIMLinkManager.h */ = {isa = PBXFileReference; fileEncoding = 4; lastKnownFileType = sourcecode.c.h; path = IntoRobotIMLinkManager.h; sourceTree = "<group>"; };
		BB26FDDF1D6C01D000DF42F1 /* IntoRobotMQTTManager.h */ = {isa = PBXFileReference; fileEncoding = 4; lastKnownFileType = sourcecode.c.h; path = IntoRobotMQTTManager.h; sourceTree = "<group>"; };
		BB26FDE01D6C01D000DF42F1 /* IntoRobotSDK.a */ = {isa = PBXFileReference; lastKnownFileType = archive.ar; path = IntoRobotSDK.a; sourceTree = "<group>"; };
		BB26FDE11D6C01D000DF42F1 /* IntoRobotSDK.h */ = {isa = PBXFileReference; fileEncoding = 4; lastKnownFileType = sourcecode.c.h; path = IntoRobotSDK.h; sourceTree = "<group>"; };
		BB26FDE21D6C01D000DF42F1 /* IntoRobotSDKErrorInfo.h */ = {isa = PBXFileReference; fileEncoding = 4; lastKnownFileType = sourcecode.c.h; path = IntoRobotSDKErrorInfo.h; sourceTree = "<group>"; };
		BB26FDE31D6C01D000DF42F1 /* IntoRobotSDKManager.h */ = {isa = PBXFileReference; fileEncoding = 4; lastKnownFileType = sourcecode.c.h; path = IntoRobotSDKManager.h; sourceTree = "<group>"; };
		BB26FDE41D6C01D000DF42F1 /* IPAddress.c */ = {isa = PBXFileReference; fileEncoding = 4; lastKnownFileType = sourcecode.c.c; path = IPAddress.c; sourceTree = "<group>"; };
		BB26FDE51D6C01D000DF42F1 /* IPAddress.h */ = {isa = PBXFileReference; fileEncoding = 4; lastKnownFileType = sourcecode.c.h; path = IPAddress.h; sourceTree = "<group>"; };
		BB26FDE61D6C01D000DF42F1 /* NSString+MLString.h */ = {isa = PBXFileReference; fileEncoding = 4; lastKnownFileType = sourcecode.c.h; path = "NSString+MLString.h"; sourceTree = "<group>"; };
		BB2923971D629F63000D0CC6 /* DeviceList.storyboard */ = {isa = PBXFileReference; fileEncoding = 4; lastKnownFileType = file.storyboard; name = DeviceList.storyboard; path = IntoRobotSDKDemo/Classes/Device/DeviceList.storyboard; sourceTree = SOURCE_ROOT; };
		BB2923991D62A1AD000D0CC6 /* IntoPersionTableViewController.h */ = {isa = PBXFileReference; fileEncoding = 4; lastKnownFileType = sourcecode.c.h; path = IntoPersionTableViewController.h; sourceTree = "<group>"; };
		BB29239A1D62A1AD000D0CC6 /* IntoPersionTableViewController.m */ = {isa = PBXFileReference; fileEncoding = 4; lastKnownFileType = sourcecode.c.objc; path = IntoPersionTableViewController.m; sourceTree = "<group>"; };
		BB31B88D1D5DD52F009A0654 /* CoreGraphics.framework */ = {isa = PBXFileReference; lastKnownFileType = wrapper.framework; name = CoreGraphics.framework; path = System/Library/Frameworks/CoreGraphics.framework; sourceTree = SDKROOT; };
		BB31B88F1D5DD53C009A0654 /* UIKit.framework */ = {isa = PBXFileReference; lastKnownFileType = wrapper.framework; name = UIKit.framework; path = System/Library/Frameworks/UIKit.framework; sourceTree = SDKROOT; };
		BB46D53F1D61B1FE0073807C /* MBProgressHUD+IntoRobot.h */ = {isa = PBXFileReference; fileEncoding = 4; lastKnownFileType = sourcecode.c.h; path = "MBProgressHUD+IntoRobot.h"; sourceTree = "<group>"; };
		BB46D5401D61B1FE0073807C /* MBProgressHUD+IntoRobot.m */ = {isa = PBXFileReference; fileEncoding = 4; lastKnownFileType = sourcecode.c.objc; path = "MBProgressHUD+IntoRobot.m"; sourceTree = "<group>"; };
		BB46D5411D61B1FE0073807C /* MBProgressHUD.bundle */ = {isa = PBXFileReference; lastKnownFileType = "wrapper.plug-in"; path = MBProgressHUD.bundle; sourceTree = "<group>"; };
		BB46D5421D61B1FE0073807C /* MBProgressHUD.h */ = {isa = PBXFileReference; fileEncoding = 4; lastKnownFileType = sourcecode.c.h; path = MBProgressHUD.h; sourceTree = "<group>"; };
		BB46D5431D61B1FE0073807C /* MBProgressHUD.m */ = {isa = PBXFileReference; fileEncoding = 4; lastKnownFileType = sourcecode.c.objc; path = MBProgressHUD.m; sourceTree = "<group>"; };
		BB46D5491D61E3E20073807C /* IntoDeviceTableViewController.h */ = {isa = PBXFileReference; fileEncoding = 4; lastKnownFileType = sourcecode.c.h; path = IntoDeviceTableViewController.h; sourceTree = "<group>"; };
		BB46D54A1D61E3E20073807C /* IntoDeviceTableViewController.m */ = {isa = PBXFileReference; fileEncoding = 4; lastKnownFileType = sourcecode.c.objc; path = IntoDeviceTableViewController.m; sourceTree = "<group>"; };
		BB46D54D1D61ED160073807C /* DTKDropdownMenuView.bundle */ = {isa = PBXFileReference; lastKnownFileType = "wrapper.plug-in"; path = DTKDropdownMenuView.bundle; sourceTree = "<group>"; };
		BB46D54E1D61ED160073807C /* DTKDropdownMenuView.h */ = {isa = PBXFileReference; fileEncoding = 4; lastKnownFileType = sourcecode.c.h; path = DTKDropdownMenuView.h; sourceTree = "<group>"; };
		BB46D54F1D61ED160073807C /* DTKDropdownMenuView.m */ = {isa = PBXFileReference; fileEncoding = 4; lastKnownFileType = sourcecode.c.objc; path = DTKDropdownMenuView.m; sourceTree = "<group>"; };
		BB46D5531D61ED890073807C /* MASCompositeConstraint.h */ = {isa = PBXFileReference; fileEncoding = 4; lastKnownFileType = sourcecode.c.h; path = MASCompositeConstraint.h; sourceTree = "<group>"; };
		BB46D5541D61ED890073807C /* MASCompositeConstraint.m */ = {isa = PBXFileReference; fileEncoding = 4; lastKnownFileType = sourcecode.c.objc; path = MASCompositeConstraint.m; sourceTree = "<group>"; };
		BB46D5551D61ED890073807C /* MASConstraint+Private.h */ = {isa = PBXFileReference; fileEncoding = 4; lastKnownFileType = sourcecode.c.h; path = "MASConstraint+Private.h"; sourceTree = "<group>"; };
		BB46D5561D61ED890073807C /* MASConstraint.h */ = {isa = PBXFileReference; fileEncoding = 4; lastKnownFileType = sourcecode.c.h; path = MASConstraint.h; sourceTree = "<group>"; };
		BB46D5571D61ED890073807C /* MASConstraint.m */ = {isa = PBXFileReference; fileEncoding = 4; lastKnownFileType = sourcecode.c.objc; path = MASConstraint.m; sourceTree = "<group>"; };
		BB46D5581D61ED890073807C /* MASConstraintMaker.h */ = {isa = PBXFileReference; fileEncoding = 4; lastKnownFileType = sourcecode.c.h; path = MASConstraintMaker.h; sourceTree = "<group>"; };
		BB46D5591D61ED890073807C /* MASConstraintMaker.m */ = {isa = PBXFileReference; fileEncoding = 4; lastKnownFileType = sourcecode.c.objc; path = MASConstraintMaker.m; sourceTree = "<group>"; };
		BB46D55A1D61ED890073807C /* MASLayoutConstraint.h */ = {isa = PBXFileReference; fileEncoding = 4; lastKnownFileType = sourcecode.c.h; path = MASLayoutConstraint.h; sourceTree = "<group>"; };
		BB46D55B1D61ED890073807C /* MASLayoutConstraint.m */ = {isa = PBXFileReference; fileEncoding = 4; lastKnownFileType = sourcecode.c.objc; path = MASLayoutConstraint.m; sourceTree = "<group>"; };
		BB46D55C1D61ED890073807C /* Masonry.h */ = {isa = PBXFileReference; fileEncoding = 4; lastKnownFileType = sourcecode.c.h; path = Masonry.h; sourceTree = "<group>"; };
		BB46D55D1D61ED890073807C /* MASUtilities.h */ = {isa = PBXFileReference; fileEncoding = 4; lastKnownFileType = sourcecode.c.h; path = MASUtilities.h; sourceTree = "<group>"; };
		BB46D55E1D61ED890073807C /* MASViewAttribute.h */ = {isa = PBXFileReference; fileEncoding = 4; lastKnownFileType = sourcecode.c.h; path = MASViewAttribute.h; sourceTree = "<group>"; };
		BB46D55F1D61ED890073807C /* MASViewAttribute.m */ = {isa = PBXFileReference; fileEncoding = 4; lastKnownFileType = sourcecode.c.objc; path = MASViewAttribute.m; sourceTree = "<group>"; };
		BB46D5601D61ED890073807C /* MASViewConstraint.h */ = {isa = PBXFileReference; fileEncoding = 4; lastKnownFileType = sourcecode.c.h; path = MASViewConstraint.h; sourceTree = "<group>"; };
		BB46D5611D61ED890073807C /* MASViewConstraint.m */ = {isa = PBXFileReference; fileEncoding = 4; lastKnownFileType = sourcecode.c.objc; path = MASViewConstraint.m; sourceTree = "<group>"; };
		BB46D5621D61ED890073807C /* NSArray+MASAdditions.h */ = {isa = PBXFileReference; fileEncoding = 4; lastKnownFileType = sourcecode.c.h; path = "NSArray+MASAdditions.h"; sourceTree = "<group>"; };
		BB46D5631D61ED890073807C /* NSArray+MASAdditions.m */ = {isa = PBXFileReference; fileEncoding = 4; lastKnownFileType = sourcecode.c.objc; path = "NSArray+MASAdditions.m"; sourceTree = "<group>"; };
		BB46D5641D61ED890073807C /* NSArray+MASShorthandAdditions.h */ = {isa = PBXFileReference; fileEncoding = 4; lastKnownFileType = sourcecode.c.h; path = "NSArray+MASShorthandAdditions.h"; sourceTree = "<group>"; };
		BB46D5651D61ED890073807C /* NSLayoutConstraint+MASDebugAdditions.h */ = {isa = PBXFileReference; fileEncoding = 4; lastKnownFileType = sourcecode.c.h; path = "NSLayoutConstraint+MASDebugAdditions.h"; sourceTree = "<group>"; };
		BB46D5661D61ED890073807C /* NSLayoutConstraint+MASDebugAdditions.m */ = {isa = PBXFileReference; fileEncoding = 4; lastKnownFileType = sourcecode.c.objc; path = "NSLayoutConstraint+MASDebugAdditions.m"; sourceTree = "<group>"; };
		BB46D5671D61ED890073807C /* View+MASAdditions.h */ = {isa = PBXFileReference; fileEncoding = 4; lastKnownFileType = sourcecode.c.h; path = "View+MASAdditions.h"; sourceTree = "<group>"; };
		BB46D5681D61ED890073807C /* View+MASAdditions.m */ = {isa = PBXFileReference; fileEncoding = 4; lastKnownFileType = sourcecode.c.objc; path = "View+MASAdditions.m"; sourceTree = "<group>"; };
		BB46D5691D61ED890073807C /* View+MASShorthandAdditions.h */ = {isa = PBXFileReference; fileEncoding = 4; lastKnownFileType = sourcecode.c.h; path = "View+MASShorthandAdditions.h"; sourceTree = "<group>"; };
		BB46D56A1D61ED890073807C /* ViewController+MASAdditions.h */ = {isa = PBXFileReference; fileEncoding = 4; lastKnownFileType = sourcecode.c.h; path = "ViewController+MASAdditions.h"; sourceTree = "<group>"; };
		BB46D56B1D61ED890073807C /* ViewController+MASAdditions.m */ = {isa = PBXFileReference; fileEncoding = 4; lastKnownFileType = sourcecode.c.objc; path = "ViewController+MASAdditions.m"; sourceTree = "<group>"; };
		BB46D5761D61F5440073807C /* ResetPW.storyboard */ = {isa = PBXFileReference; fileEncoding = 4; lastKnownFileType = file.storyboard; path = ResetPW.storyboard; sourceTree = "<group>"; };
		BB46D5781D61F57D0073807C /* IntoResetPWViewController.h */ = {isa = PBXFileReference; fileEncoding = 4; lastKnownFileType = sourcecode.c.h; path = IntoResetPWViewController.h; sourceTree = "<group>"; };
		BB46D5791D61F57D0073807C /* IntoResetPWViewController.m */ = {isa = PBXFileReference; fileEncoding = 4; lastKnownFileType = sourcecode.c.objc; path = IntoResetPWViewController.m; sourceTree = "<group>"; };
		BB94A01D1D61A17F00CA9DDB /* ViewController.h */ = {isa = PBXFileReference; fileEncoding = 4; lastKnownFileType = sourcecode.c.h; path = ViewController.h; sourceTree = "<group>"; };
		BB94A01E1D61A17F00CA9DDB /* ViewController.m */ = {isa = PBXFileReference; fileEncoding = 4; lastKnownFileType = sourcecode.c.objc; path = ViewController.m; sourceTree = "<group>"; };
		BB94A0201D61A1BF00CA9DDB /* IntoRegisterViewController.h */ = {isa = PBXFileReference; fileEncoding = 4; lastKnownFileType = sourcecode.c.h; path = IntoRegisterViewController.h; sourceTree = "<group>"; };
		BB94A0211D61A1BF00CA9DDB /* IntoRegisterViewController.m */ = {isa = PBXFileReference; fileEncoding = 4; lastKnownFileType = sourcecode.c.objc; path = IntoRegisterViewController.m; sourceTree = "<group>"; };
		BB94A0261D61A34F00CA9DDB /* Main.storyboard */ = {isa = PBXFileReference; fileEncoding = 4; lastKnownFileType = file.storyboard; path = Main.storyboard; sourceTree = "<group>"; };
		BB94A0271D61A34F00CA9DDB /* Rigister.storyboard */ = {isa = PBXFileReference; fileEncoding = 4; lastKnownFileType = file.storyboard; path = Rigister.storyboard; sourceTree = "<group>"; };
		BBA2B15B1D6443F100B01E65 /* IntoDeviceTableViewCell.h */ = {isa = PBXFileReference; fileEncoding = 4; lastKnownFileType = sourcecode.c.h; path = IntoDeviceTableViewCell.h; sourceTree = "<group>"; };
		BBA2B15C1D6443F100B01E65 /* IntoDeviceTableViewCell.m */ = {isa = PBXFileReference; fileEncoding = 4; lastKnownFileType = sourcecode.c.objc; path = IntoDeviceTableViewCell.m; sourceTree = "<group>"; };
		BBA2B15E1D646BAF00B01E65 /* IntoDeviceModel.h */ = {isa = PBXFileReference; fileEncoding = 4; lastKnownFileType = sourcecode.c.h; path = IntoDeviceModel.h; sourceTree = "<group>"; };
		BBA2B15F1D646BAF00B01E65 /* IntoDeviceModel.m */ = {isa = PBXFileReference; fileEncoding = 4; lastKnownFileType = sourcecode.c.objc; path = IntoDeviceModel.m; sourceTree = "<group>"; };
		BBA2B1621D646CE200B01E65 /* MJExtension.h */ = {isa = PBXFileReference; fileEncoding = 4; lastKnownFileType = sourcecode.c.h; path = MJExtension.h; sourceTree = "<group>"; };
		BBA2B1631D646CE200B01E65 /* MJExtensionConst.h */ = {isa = PBXFileReference; fileEncoding = 4; lastKnownFileType = sourcecode.c.h; path = MJExtensionConst.h; sourceTree = "<group>"; };
		BBA2B1641D646CE200B01E65 /* MJExtensionConst.m */ = {isa = PBXFileReference; fileEncoding = 4; lastKnownFileType = sourcecode.c.objc; path = MJExtensionConst.m; sourceTree = "<group>"; };
		BBA2B1651D646CE200B01E65 /* MJFoundation.h */ = {isa = PBXFileReference; fileEncoding = 4; lastKnownFileType = sourcecode.c.h; path = MJFoundation.h; sourceTree = "<group>"; };
		BBA2B1661D646CE200B01E65 /* MJFoundation.m */ = {isa = PBXFileReference; fileEncoding = 4; lastKnownFileType = sourcecode.c.objc; path = MJFoundation.m; sourceTree = "<group>"; };
		BBA2B1671D646CE200B01E65 /* MJProperty.h */ = {isa = PBXFileReference; fileEncoding = 4; lastKnownFileType = sourcecode.c.h; path = MJProperty.h; sourceTree = "<group>"; };
		BBA2B1681D646CE200B01E65 /* MJProperty.m */ = {isa = PBXFileReference; fileEncoding = 4; lastKnownFileType = sourcecode.c.objc; path = MJProperty.m; sourceTree = "<group>"; };
		BBA2B1691D646CE200B01E65 /* MJPropertyKey.h */ = {isa = PBXFileReference; fileEncoding = 4; lastKnownFileType = sourcecode.c.h; path = MJPropertyKey.h; sourceTree = "<group>"; };
		BBA2B16A1D646CE200B01E65 /* MJPropertyKey.m */ = {isa = PBXFileReference; fileEncoding = 4; lastKnownFileType = sourcecode.c.objc; path = MJPropertyKey.m; sourceTree = "<group>"; };
		BBA2B16B1D646CE200B01E65 /* MJPropertyType.h */ = {isa = PBXFileReference; fileEncoding = 4; lastKnownFileType = sourcecode.c.h; path = MJPropertyType.h; sourceTree = "<group>"; };
		BBA2B16C1D646CE200B01E65 /* MJPropertyType.m */ = {isa = PBXFileReference; fileEncoding = 4; lastKnownFileType = sourcecode.c.objc; path = MJPropertyType.m; sourceTree = "<group>"; };
		BBA2B16D1D646CE200B01E65 /* NSObject+MJClass.h */ = {isa = PBXFileReference; fileEncoding = 4; lastKnownFileType = sourcecode.c.h; path = "NSObject+MJClass.h"; sourceTree = "<group>"; };
		BBA2B16E1D646CE200B01E65 /* NSObject+MJClass.m */ = {isa = PBXFileReference; fileEncoding = 4; lastKnownFileType = sourcecode.c.objc; path = "NSObject+MJClass.m"; sourceTree = "<group>"; };
		BBA2B16F1D646CE200B01E65 /* NSObject+MJCoding.h */ = {isa = PBXFileReference; fileEncoding = 4; lastKnownFileType = sourcecode.c.h; path = "NSObject+MJCoding.h"; sourceTree = "<group>"; };
		BBA2B1701D646CE200B01E65 /* NSObject+MJCoding.m */ = {isa = PBXFileReference; fileEncoding = 4; lastKnownFileType = sourcecode.c.objc; path = "NSObject+MJCoding.m"; sourceTree = "<group>"; };
		BBA2B1711D646CE200B01E65 /* NSObject+MJKeyValue.h */ = {isa = PBXFileReference; fileEncoding = 4; lastKnownFileType = sourcecode.c.h; path = "NSObject+MJKeyValue.h"; sourceTree = "<group>"; };
		BBA2B1721D646CE200B01E65 /* NSObject+MJKeyValue.m */ = {isa = PBXFileReference; fileEncoding = 4; lastKnownFileType = sourcecode.c.objc; path = "NSObject+MJKeyValue.m"; sourceTree = "<group>"; };
		BBA2B1731D646CE200B01E65 /* NSObject+MJProperty.h */ = {isa = PBXFileReference; fileEncoding = 4; lastKnownFileType = sourcecode.c.h; path = "NSObject+MJProperty.h"; sourceTree = "<group>"; };
		BBA2B1741D646CE200B01E65 /* NSObject+MJProperty.m */ = {isa = PBXFileReference; fileEncoding = 4; lastKnownFileType = sourcecode.c.objc; path = "NSObject+MJProperty.m"; sourceTree = "<group>"; };
		BBA2B1751D646CE200B01E65 /* NSString+MJExtension.h */ = {isa = PBXFileReference; fileEncoding = 4; lastKnownFileType = sourcecode.c.h; path = "NSString+MJExtension.h"; sourceTree = "<group>"; };
		BBA2B1761D646CE200B01E65 /* NSString+MJExtension.m */ = {isa = PBXFileReference; fileEncoding = 4; lastKnownFileType = sourcecode.c.objc; path = "NSString+MJExtension.m"; sourceTree = "<group>"; };
		BBC647991D632035000C65E9 /* IntoCreateDeviceViewController.h */ = {isa = PBXFileReference; fileEncoding = 4; lastKnownFileType = sourcecode.c.h; path = IntoCreateDeviceViewController.h; sourceTree = "<group>"; };
		BBC6479A1D632035000C65E9 /* IntoCreateDeviceViewController.m */ = {isa = PBXFileReference; fileEncoding = 4; lastKnownFileType = sourcecode.c.objc; path = IntoCreateDeviceViewController.m; sourceTree = "<group>"; };
		BBC6479B1D632035000C65E9 /* IntoCreateDeviceViewController.xib */ = {isa = PBXFileReference; fileEncoding = 4; lastKnownFileType = file.xib; path = IntoCreateDeviceViewController.xib; sourceTree = "<group>"; };
		BBC6479E1D6336B1000C65E9 /* IntoDeviceInfoTableViewController.h */ = {isa = PBXFileReference; fileEncoding = 4; lastKnownFileType = sourcecode.c.h; path = IntoDeviceInfoTableViewController.h; sourceTree = "<group>"; };
		BBC6479F1D6336B1000C65E9 /* IntoDeviceInfoTableViewController.m */ = {isa = PBXFileReference; fileEncoding = 4; lastKnownFileType = sourcecode.c.objc; path = IntoDeviceInfoTableViewController.m; sourceTree = "<group>"; };
		BBEEE2991D68029D004396B1 /* IntoContrlDeviceViewController.h */ = {isa = PBXFileReference; fileEncoding = 4; lastKnownFileType = sourcecode.c.h; path = IntoContrlDeviceViewController.h; sourceTree = "<group>"; };
		BBEEE29A1D68029D004396B1 /* IntoContrlDeviceViewController.m */ = {isa = PBXFileReference; fileEncoding = 4; lastKnownFileType = sourcecode.c.objc; path = IntoContrlDeviceViewController.m; sourceTree = "<group>"; };
/* End PBXFileReference section */

/* Begin PBXFrameworksBuildPhase section */
		BB099B8F1D5D5EA500A7AC4B /* Frameworks */ = {
			isa = PBXFrameworksBuildPhase;
			buildActionMask = 2147483647;
			files = (
				14997D57106CD54900E15322 /* Pods_IntoRobotSDKDemo.framework in Frameworks */,
				BB26FDE71D6C01D000DF42F1 /* IntoRobotSDK.a in Frameworks */,
			);
			runOnlyForDeploymentPostprocessing = 0;
		};
		BB099BA81D5D5EA500A7AC4B /* Frameworks */ = {
			isa = PBXFrameworksBuildPhase;
			buildActionMask = 2147483647;
			files = (
			);
			runOnlyForDeploymentPostprocessing = 0;
		};
		BB099BB31D5D5EA500A7AC4B /* Frameworks */ = {
			isa = PBXFrameworksBuildPhase;
			buildActionMask = 2147483647;
			files = (
			);
			runOnlyForDeploymentPostprocessing = 0;
		};
/* End PBXFrameworksBuildPhase section */

/* Begin PBXGroup section */
		506BE36FAAEDF03728C5AB77 /* Frameworks */ = {
			isa = PBXGroup;
			children = (
				BB31B88F1D5DD53C009A0654 /* UIKit.framework */,
				BB31B88D1D5DD52F009A0654 /* CoreGraphics.framework */,
				41018664CE0E9E7DE4CDB207 /* Pods_IntoRobotSDKDemo.framework */,
			);
			name = Frameworks;
			sourceTree = "<group>";
		};
		90A4201A8E65D81F09A18D46 /* Pods */ = {
			isa = PBXGroup;
			children = (
				725D83A9B85CB18882966497 /* Pods-IntoRobotSDKDemo.debug.xcconfig */,
				1BA1DEEEDF3302AA873C6B79 /* Pods-IntoRobotSDKDemo.release.xcconfig */,
			);
			name = Pods;
			sourceTree = "<group>";
		};
		BB099B891D5D5EA500A7AC4B = {
			isa = PBXGroup;
			children = (
				BB099B941D5D5EA500A7AC4B /* IntoRobotSDKDemo */,
				BB099BAE1D5D5EA500A7AC4B /* IntoRobotSDKDemoTests */,
				BB099BB91D5D5EA500A7AC4B /* IntoRobotSDKDemoUITests */,
				BB099B931D5D5EA500A7AC4B /* Products */,
				90A4201A8E65D81F09A18D46 /* Pods */,
				506BE36FAAEDF03728C5AB77 /* Frameworks */,
			);
			sourceTree = "<group>";
		};
		BB099B931D5D5EA500A7AC4B /* Products */ = {
			isa = PBXGroup;
			children = (
				BB099B921D5D5EA500A7AC4B /* IntoRobotSDKDemo.app */,
				BB099BAB1D5D5EA500A7AC4B /* IntoRobotSDKDemoTests.xctest */,
				BB099BB61D5D5EA500A7AC4B /* IntoRobotSDKDemoUITests.xctest */,
			);
			name = Products;
			sourceTree = "<group>";
		};
		BB099B941D5D5EA500A7AC4B /* IntoRobotSDKDemo */ = {
			isa = PBXGroup;
			children = (
				BB26FDCF1D6C01D000DF42F1 /* IntoRobotSDK */,
				BB099BC81D5D5F3C00A7AC4B /* Classes */,
				BB099B981D5D5EA500A7AC4B /* AppDelegate.h */,
				BB099B991D5D5EA500A7AC4B /* AppDelegate.m */,
				BB099BA31D5D5EA500A7AC4B /* LaunchScreen.storyboard */,
				BB099BA61D5D5EA500A7AC4B /* Info.plist */,
				BB099B951D5D5EA500A7AC4B /* Supporting Files */,
			);
			path = IntoRobotSDKDemo;
			sourceTree = "<group>";
		};
		BB099B951D5D5EA500A7AC4B /* Supporting Files */ = {
			isa = PBXGroup;
			children = (
				BB099B961D5D5EA500A7AC4B /* main.m */,
			);
			name = "Supporting Files";
			sourceTree = "<group>";
		};
		BB099BAE1D5D5EA500A7AC4B /* IntoRobotSDKDemoTests */ = {
			isa = PBXGroup;
			children = (
				BB099BAF1D5D5EA500A7AC4B /* IntoRobotSDKDemoTests.m */,
				BB099BB11D5D5EA500A7AC4B /* Info.plist */,
			);
			path = IntoRobotSDKDemoTests;
			sourceTree = "<group>";
		};
		BB099BB91D5D5EA500A7AC4B /* IntoRobotSDKDemoUITests */ = {
			isa = PBXGroup;
			children = (
				BB099BBA1D5D5EA500A7AC4B /* IntoRobotSDKDemoUITests.m */,
				BB099BBC1D5D5EA500A7AC4B /* Info.plist */,
			);
			path = IntoRobotSDKDemoUITests;
			sourceTree = "<group>";
		};
		BB099BC81D5D5F3C00A7AC4B /* Classes */ = {
			isa = PBXGroup;
			children = (
				BB46D53D1D61B1F60073807C /* lib */,
				BB94A01C1D61A17F00CA9DDB /* login */,
				BB46D5481D61D79E0073807C /* Device */,
			);
			path = Classes;
			sourceTree = "<group>";
		};
		BB26FDCF1D6C01D000DF42F1 /* IntoRobotSDK */ = {
			isa = PBXGroup;
			children = (
				BB26FDD01D6C01D000DF42F1 /* ESP_ByteUtil.h */,
				BB26FDD11D6C01D000DF42F1 /* ESP_CRC8.h */,
				BB26FDD21D6C01D000DF42F1 /* ESP_NetUtil.h */,
				BB26FDD31D6C01D000DF42F1 /* ESPDataCode.h */,
				BB26FDD41D6C01D000DF42F1 /* ESPDatumCode.h */,
				BB26FDD51D6C01D000DF42F1 /* ESPGuideCode.h */,
				BB26FDD61D6C01D000DF42F1 /* ESPTouchDelegate.h */,
				BB26FDD71D6C01D000DF42F1 /* ESPTouchGenerator.h */,
				BB26FDD81D6C01D000DF42F1 /* ESPTouchResult.h */,
				BB26FDD91D6C01D000DF42F1 /* ESPTouchTask.h */,
				BB26FDDA1D6C01D000DF42F1 /* ESPTouchTaskParameter.h */,
				BB26FDDB1D6C01D000DF42F1 /* ESPUDPSocketClient.h */,
				BB26FDDC1D6C01D000DF42F1 /* ESPUDPSocketServer.h */,
				BB26FDDD1D6C01D000DF42F1 /* IntoRobotAPIManager.h */,
				BB26FDDE1D6C01D000DF42F1 /* IntoRobotIMLinkManager.h */,
				BB26FDDF1D6C01D000DF42F1 /* IntoRobotMQTTManager.h */,
				BB26FDE01D6C01D000DF42F1 /* IntoRobotSDK.a */,
				BB26FDE11D6C01D000DF42F1 /* IntoRobotSDK.h */,
				BB26FDE21D6C01D000DF42F1 /* IntoRobotSDKErrorInfo.h */,
				BB26FDE31D6C01D000DF42F1 /* IntoRobotSDKManager.h */,
				BB26FDE41D6C01D000DF42F1 /* IPAddress.c */,
				BB26FDE51D6C01D000DF42F1 /* IPAddress.h */,
				BB26FDE61D6C01D000DF42F1 /* NSString+MLString.h */,
			);
			path = IntoRobotSDK;
			sourceTree = "<group>";
		};
		BB46D53D1D61B1F60073807C /* lib */ = {
			isa = PBXGroup;
			children = (
				BBA2B1611D646CE200B01E65 /* MJExtension */,
				BB46D5521D61ED880073807C /* Masonry */,
				BB46D54C1D61ED160073807C /* DTKDropdownMenuView */,
				BB46D53E1D61B1FE0073807C /* MBProgressHUD */,
			);
			path = lib;
			sourceTree = "<group>";
		};
		BB46D53E1D61B1FE0073807C /* MBProgressHUD */ = {
			isa = PBXGroup;
			children = (
				BB46D53F1D61B1FE0073807C /* MBProgressHUD+IntoRobot.h */,
				BB46D5401D61B1FE0073807C /* MBProgressHUD+IntoRobot.m */,
				BB46D5411D61B1FE0073807C /* MBProgressHUD.bundle */,
				BB46D5421D61B1FE0073807C /* MBProgressHUD.h */,
				BB46D5431D61B1FE0073807C /* MBProgressHUD.m */,
			);
			path = MBProgressHUD;
			sourceTree = "<group>";
		};
		BB46D5481D61D79E0073807C /* Device */ = {
			isa = PBXGroup;
			children = (
				BB46D5491D61E3E20073807C /* IntoDeviceTableViewController.h */,
				BB46D54A1D61E3E20073807C /* IntoDeviceTableViewController.m */,
				BBEEE2991D68029D004396B1 /* IntoContrlDeviceViewController.h */,
				BBEEE29A1D68029D004396B1 /* IntoContrlDeviceViewController.m */,
				BBA2B15B1D6443F100B01E65 /* IntoDeviceTableViewCell.h */,
				BBA2B15C1D6443F100B01E65 /* IntoDeviceTableViewCell.m */,
				BBC6479E1D6336B1000C65E9 /* IntoDeviceInfoTableViewController.h */,
				BBC6479F1D6336B1000C65E9 /* IntoDeviceInfoTableViewController.m */,
				BBC647991D632035000C65E9 /* IntoCreateDeviceViewController.h */,
				BBC6479A1D632035000C65E9 /* IntoCreateDeviceViewController.m */,
				BBC6479B1D632035000C65E9 /* IntoCreateDeviceViewController.xib */,
				BBA2B15E1D646BAF00B01E65 /* IntoDeviceModel.h */,
				BBA2B15F1D646BAF00B01E65 /* IntoDeviceModel.m */,
			);
			path = Device;
			sourceTree = "<group>";
		};
		BB46D54C1D61ED160073807C /* DTKDropdownMenuView */ = {
			isa = PBXGroup;
			children = (
				BB46D54D1D61ED160073807C /* DTKDropdownMenuView.bundle */,
				BB46D54E1D61ED160073807C /* DTKDropdownMenuView.h */,
				BB46D54F1D61ED160073807C /* DTKDropdownMenuView.m */,
			);
			path = DTKDropdownMenuView;
			sourceTree = "<group>";
		};
		BB46D5521D61ED880073807C /* Masonry */ = {
			isa = PBXGroup;
			children = (
				BB46D5531D61ED890073807C /* MASCompositeConstraint.h */,
				BB46D5541D61ED890073807C /* MASCompositeConstraint.m */,
				BB46D5551D61ED890073807C /* MASConstraint+Private.h */,
				BB46D5561D61ED890073807C /* MASConstraint.h */,
				BB46D5571D61ED890073807C /* MASConstraint.m */,
				BB46D5581D61ED890073807C /* MASConstraintMaker.h */,
				BB46D5591D61ED890073807C /* MASConstraintMaker.m */,
				BB46D55A1D61ED890073807C /* MASLayoutConstraint.h */,
				BB46D55B1D61ED890073807C /* MASLayoutConstraint.m */,
				BB46D55C1D61ED890073807C /* Masonry.h */,
				BB46D55D1D61ED890073807C /* MASUtilities.h */,
				BB46D55E1D61ED890073807C /* MASViewAttribute.h */,
				BB46D55F1D61ED890073807C /* MASViewAttribute.m */,
				BB46D5601D61ED890073807C /* MASViewConstraint.h */,
				BB46D5611D61ED890073807C /* MASViewConstraint.m */,
				BB46D5621D61ED890073807C /* NSArray+MASAdditions.h */,
				BB46D5631D61ED890073807C /* NSArray+MASAdditions.m */,
				BB46D5641D61ED890073807C /* NSArray+MASShorthandAdditions.h */,
				BB46D5651D61ED890073807C /* NSLayoutConstraint+MASDebugAdditions.h */,
				BB46D5661D61ED890073807C /* NSLayoutConstraint+MASDebugAdditions.m */,
				BB46D5671D61ED890073807C /* View+MASAdditions.h */,
				BB46D5681D61ED890073807C /* View+MASAdditions.m */,
				BB46D5691D61ED890073807C /* View+MASShorthandAdditions.h */,
				BB46D56A1D61ED890073807C /* ViewController+MASAdditions.h */,
				BB46D56B1D61ED890073807C /* ViewController+MASAdditions.m */,
			);
			path = Masonry;
			sourceTree = "<group>";
		};
		BB94A01C1D61A17F00CA9DDB /* login */ = {
			isa = PBXGroup;
			children = (
				BB94A01D1D61A17F00CA9DDB /* ViewController.h */,
				BB94A01E1D61A17F00CA9DDB /* ViewController.m */,
				BB94A0201D61A1BF00CA9DDB /* IntoRegisterViewController.h */,
				BB94A0211D61A1BF00CA9DDB /* IntoRegisterViewController.m */,
				BB46D5781D61F57D0073807C /* IntoResetPWViewController.h */,
				BB46D5791D61F57D0073807C /* IntoResetPWViewController.m */,
				BB2923991D62A1AD000D0CC6 /* IntoPersionTableViewController.h */,
				BB29239A1D62A1AD000D0CC6 /* IntoPersionTableViewController.m */,
				BB94A0261D61A34F00CA9DDB /* Main.storyboard */,
				BB2923971D629F63000D0CC6 /* DeviceList.storyboard */,
				BB46D5761D61F5440073807C /* ResetPW.storyboard */,
				BB94A0271D61A34F00CA9DDB /* Rigister.storyboard */,
			);
			path = login;
			sourceTree = "<group>";
		};
		BBA2B1611D646CE200B01E65 /* MJExtension */ = {
			isa = PBXGroup;
			children = (
				BBA2B1621D646CE200B01E65 /* MJExtension.h */,
				BBA2B1631D646CE200B01E65 /* MJExtensionConst.h */,
				BBA2B1641D646CE200B01E65 /* MJExtensionConst.m */,
				BBA2B1651D646CE200B01E65 /* MJFoundation.h */,
				BBA2B1661D646CE200B01E65 /* MJFoundation.m */,
				BBA2B1671D646CE200B01E65 /* MJProperty.h */,
				BBA2B1681D646CE200B01E65 /* MJProperty.m */,
				BBA2B1691D646CE200B01E65 /* MJPropertyKey.h */,
				BBA2B16A1D646CE200B01E65 /* MJPropertyKey.m */,
				BBA2B16B1D646CE200B01E65 /* MJPropertyType.h */,
				BBA2B16C1D646CE200B01E65 /* MJPropertyType.m */,
				BBA2B16D1D646CE200B01E65 /* NSObject+MJClass.h */,
				BBA2B16E1D646CE200B01E65 /* NSObject+MJClass.m */,
				BBA2B16F1D646CE200B01E65 /* NSObject+MJCoding.h */,
				BBA2B1701D646CE200B01E65 /* NSObject+MJCoding.m */,
				BBA2B1711D646CE200B01E65 /* NSObject+MJKeyValue.h */,
				BBA2B1721D646CE200B01E65 /* NSObject+MJKeyValue.m */,
				BBA2B1731D646CE200B01E65 /* NSObject+MJProperty.h */,
				BBA2B1741D646CE200B01E65 /* NSObject+MJProperty.m */,
				BBA2B1751D646CE200B01E65 /* NSString+MJExtension.h */,
				BBA2B1761D646CE200B01E65 /* NSString+MJExtension.m */,
			);
			path = MJExtension;
			sourceTree = "<group>";
		};
/* End PBXGroup section */

/* Begin PBXNativeTarget section */
		BB099B911D5D5EA500A7AC4B /* IntoRobotSDKDemo */ = {
			isa = PBXNativeTarget;
			buildConfigurationList = BB099BBF1D5D5EA500A7AC4B /* Build configuration list for PBXNativeTarget "IntoRobotSDKDemo" */;
			buildPhases = (
				C41F90626E17D3D4CAD801B7 /* [CP] Check Pods Manifest.lock */,
				BB099B8E1D5D5EA500A7AC4B /* Sources */,
				BB099B8F1D5D5EA500A7AC4B /* Frameworks */,
				BB099B901D5D5EA500A7AC4B /* Resources */,
				C9372DC635376CC4710969F1 /* [CP] Embed Pods Frameworks */,
				B2DA6BDFD9E7AF436966652A /* [CP] Copy Pods Resources */,
			);
			buildRules = (
			);
			dependencies = (
			);
			name = IntoRobotSDKDemo;
			productName = IntoRobotSDKDemo;
			productReference = BB099B921D5D5EA500A7AC4B /* IntoRobotSDKDemo.app */;
			productType = "com.apple.product-type.application";
		};
		BB099BAA1D5D5EA500A7AC4B /* IntoRobotSDKDemoTests */ = {
			isa = PBXNativeTarget;
			buildConfigurationList = BB099BC21D5D5EA500A7AC4B /* Build configuration list for PBXNativeTarget "IntoRobotSDKDemoTests" */;
			buildPhases = (
				BB099BA71D5D5EA500A7AC4B /* Sources */,
				BB099BA81D5D5EA500A7AC4B /* Frameworks */,
				BB099BA91D5D5EA500A7AC4B /* Resources */,
			);
			buildRules = (
			);
			dependencies = (
				BB099BAD1D5D5EA500A7AC4B /* PBXTargetDependency */,
			);
			name = IntoRobotSDKDemoTests;
			productName = IntoRobotSDKDemoTests;
			productReference = BB099BAB1D5D5EA500A7AC4B /* IntoRobotSDKDemoTests.xctest */;
			productType = "com.apple.product-type.bundle.unit-test";
		};
		BB099BB51D5D5EA500A7AC4B /* IntoRobotSDKDemoUITests */ = {
			isa = PBXNativeTarget;
			buildConfigurationList = BB099BC51D5D5EA500A7AC4B /* Build configuration list for PBXNativeTarget "IntoRobotSDKDemoUITests" */;
			buildPhases = (
				BB099BB21D5D5EA500A7AC4B /* Sources */,
				BB099BB31D5D5EA500A7AC4B /* Frameworks */,
				BB099BB41D5D5EA500A7AC4B /* Resources */,
			);
			buildRules = (
			);
			dependencies = (
				BB099BB81D5D5EA500A7AC4B /* PBXTargetDependency */,
			);
			name = IntoRobotSDKDemoUITests;
			productName = IntoRobotSDKDemoUITests;
			productReference = BB099BB61D5D5EA500A7AC4B /* IntoRobotSDKDemoUITests.xctest */;
			productType = "com.apple.product-type.bundle.ui-testing";
		};
/* End PBXNativeTarget section */

/* Begin PBXProject section */
		BB099B8A1D5D5EA500A7AC4B /* Project object */ = {
			isa = PBXProject;
			attributes = {
				CLASSPREFIX = Into;
				LastUpgradeCheck = 0730;
				ORGANIZATIONNAME = MOLMC;
				TargetAttributes = {
					BB099B911D5D5EA500A7AC4B = {
						CreatedOnToolsVersion = 7.3;
					};
					BB099BAA1D5D5EA500A7AC4B = {
						CreatedOnToolsVersion = 7.3;
						TestTargetID = BB099B911D5D5EA500A7AC4B;
					};
					BB099BB51D5D5EA500A7AC4B = {
						CreatedOnToolsVersion = 7.3;
						TestTargetID = BB099B911D5D5EA500A7AC4B;
					};
				};
			};
			buildConfigurationList = BB099B8D1D5D5EA500A7AC4B /* Build configuration list for PBXProject "IntoRobotSDKDemo" */;
			compatibilityVersion = "Xcode 3.2";
			developmentRegion = English;
			hasScannedForEncodings = 0;
			knownRegions = (
				en,
				Base,
			);
			mainGroup = BB099B891D5D5EA500A7AC4B;
			productRefGroup = BB099B931D5D5EA500A7AC4B /* Products */;
			projectDirPath = "";
			projectRoot = "";
			targets = (
				BB099B911D5D5EA500A7AC4B /* IntoRobotSDKDemo */,
				BB099BAA1D5D5EA500A7AC4B /* IntoRobotSDKDemoTests */,
				BB099BB51D5D5EA500A7AC4B /* IntoRobotSDKDemoUITests */,
			);
		};
/* End PBXProject section */

/* Begin PBXResourcesBuildPhase section */
		BB099B901D5D5EA500A7AC4B /* Resources */ = {
			isa = PBXResourcesBuildPhase;
			buildActionMask = 2147483647;
			files = (
				BBC6479D1D632035000C65E9 /* IntoCreateDeviceViewController.xib in Resources */,
				BB2923981D629F63000D0CC6 /* DeviceList.storyboard in Resources */,
				BB94A0281D61A34F00CA9DDB /* Main.storyboard in Resources */,
				BB46D5771D61F5440073807C /* ResetPW.storyboard in Resources */,
				BB099BA51D5D5EA500A7AC4B /* LaunchScreen.storyboard in Resources */,
				BB46D5451D61B1FE0073807C /* MBProgressHUD.bundle in Resources */,
				BB46D5501D61ED160073807C /* DTKDropdownMenuView.bundle in Resources */,
				BB94A0291D61A34F00CA9DDB /* Rigister.storyboard in Resources */,
			);
			runOnlyForDeploymentPostprocessing = 0;
		};
		BB099BA91D5D5EA500A7AC4B /* Resources */ = {
			isa = PBXResourcesBuildPhase;
			buildActionMask = 2147483647;
			files = (
			);
			runOnlyForDeploymentPostprocessing = 0;
		};
		BB099BB41D5D5EA500A7AC4B /* Resources */ = {
			isa = PBXResourcesBuildPhase;
			buildActionMask = 2147483647;
			files = (
			);
			runOnlyForDeploymentPostprocessing = 0;
		};
/* End PBXResourcesBuildPhase section */

/* Begin PBXShellScriptBuildPhase section */
		B2DA6BDFD9E7AF436966652A /* [CP] Copy Pods Resources */ = {
			isa = PBXShellScriptBuildPhase;
			buildActionMask = 2147483647;
			files = (
			);
			inputPaths = (
			);
			name = "[CP] Copy Pods Resources";
			outputPaths = (
			);
			runOnlyForDeploymentPostprocessing = 0;
			shellPath = /bin/sh;
			shellScript = "\"${SRCROOT}/Pods/Target Support Files/Pods-IntoRobotSDKDemo/Pods-IntoRobotSDKDemo-resources.sh\"\n";
			showEnvVarsInLog = 0;
		};
		C41F90626E17D3D4CAD801B7 /* [CP] Check Pods Manifest.lock */ = {
			isa = PBXShellScriptBuildPhase;
			buildActionMask = 2147483647;
			files = (
			);
			inputPaths = (
			);
			name = "[CP] Check Pods Manifest.lock";
			outputPaths = (
			);
			runOnlyForDeploymentPostprocessing = 0;
			shellPath = /bin/sh;
			shellScript = "diff \"${PODS_ROOT}/../Podfile.lock\" \"${PODS_ROOT}/Manifest.lock\" > /dev/null\nif [[ $? != 0 ]] ; then\n    cat << EOM\nerror: The sandbox is not in sync with the Podfile.lock. Run 'pod install' or update your CocoaPods installation.\nEOM\n    exit 1\nfi\n";
			showEnvVarsInLog = 0;
		};
		C9372DC635376CC4710969F1 /* [CP] Embed Pods Frameworks */ = {
			isa = PBXShellScriptBuildPhase;
			buildActionMask = 2147483647;
			files = (
			);
			inputPaths = (
			);
			name = "[CP] Embed Pods Frameworks";
			outputPaths = (
			);
			runOnlyForDeploymentPostprocessing = 0;
			shellPath = /bin/sh;
			shellScript = "\"${SRCROOT}/Pods/Target Support Files/Pods-IntoRobotSDKDemo/Pods-IntoRobotSDKDemo-frameworks.sh\"\n";
			showEnvVarsInLog = 0;
		};
/* End PBXShellScriptBuildPhase section */

/* Begin PBXSourcesBuildPhase section */
		BB099B8E1D5D5EA500A7AC4B /* Sources */ = {
			isa = PBXSourcesBuildPhase;
			buildActionMask = 2147483647;
			files = (
				BB31B8911D5DD5BE009A0654 /* AppDelegate.m in Sources */,
				BBA2B15D1D6443F100B01E65 /* IntoDeviceTableViewCell.m in Sources */,
				BBA2B1781D646CE200B01E65 /* MJFoundation.m in Sources */,
				BB94A01F1D61A17F00CA9DDB /* ViewController.m in Sources */,
				BBA2B17B1D646CE200B01E65 /* MJPropertyType.m in Sources */,
				BB46D57A1D61F57D0073807C /* IntoResetPWViewController.m in Sources */,
				BB46D5741D61ED890073807C /* View+MASAdditions.m in Sources */,
				BB29239B1D62A1AD000D0CC6 /* IntoPersionTableViewController.m in Sources */,
				BB46D5711D61ED890073807C /* MASViewConstraint.m in Sources */,
				BBA2B1771D646CE200B01E65 /* MJExtensionConst.m in Sources */,
				BB46D5721D61ED890073807C /* NSArray+MASAdditions.m in Sources */,
				BBC6479C1D632035000C65E9 /* IntoCreateDeviceViewController.m in Sources */,
				BBA2B17A1D646CE200B01E65 /* MJPropertyKey.m in Sources */,
				BBA2B1601D646BAF00B01E65 /* IntoDeviceModel.m in Sources */,
				BB46D56F1D61ED890073807C /* MASLayoutConstraint.m in Sources */,
				BBA2B17E1D646CE200B01E65 /* NSObject+MJKeyValue.m in Sources */,
				BB46D56C1D61ED890073807C /* MASCompositeConstraint.m in Sources */,
				BB46D5751D61ED890073807C /* ViewController+MASAdditions.m in Sources */,
				BB46D5511D61ED160073807C /* DTKDropdownMenuView.m in Sources */,
				BBEEE29B1D68029D004396B1 /* IntoContrlDeviceViewController.m in Sources */,
				BB46D5701D61ED890073807C /* MASViewAttribute.m in Sources */,
				BB46D56D1D61ED890073807C /* MASConstraint.m in Sources */,
				BB099B971D5D5EA500A7AC4B /* main.m in Sources */,
				BB26FDE81D6C01D000DF42F1 /* IPAddress.c in Sources */,
				BBA2B17F1D646CE200B01E65 /* NSObject+MJProperty.m in Sources */,
				BB46D56E1D61ED890073807C /* MASConstraintMaker.m in Sources */,
				BBA2B17D1D646CE200B01E65 /* NSObject+MJCoding.m in Sources */,
				BB94A0221D61A1BF00CA9DDB /* IntoRegisterViewController.m in Sources */,
				BBC647A01D6336B1000C65E9 /* IntoDeviceInfoTableViewController.m in Sources */,
				BBA2B17C1D646CE200B01E65 /* NSObject+MJClass.m in Sources */,
				BB46D5441D61B1FE0073807C /* MBProgressHUD+IntoRobot.m in Sources */,
				BB46D5461D61B1FE0073807C /* MBProgressHUD.m in Sources */,
				BB46D5731D61ED890073807C /* NSLayoutConstraint+MASDebugAdditions.m in Sources */,
				BBA2B1801D646CE200B01E65 /* NSString+MJExtension.m in Sources */,
				BBA2B1791D646CE200B01E65 /* MJProperty.m in Sources */,
				BB46D54B1D61E3E20073807C /* IntoDeviceTableViewController.m in Sources */,
			);
			runOnlyForDeploymentPostprocessing = 0;
		};
		BB099BA71D5D5EA500A7AC4B /* Sources */ = {
			isa = PBXSourcesBuildPhase;
			buildActionMask = 2147483647;
			files = (
				BB099BB01D5D5EA500A7AC4B /* IntoRobotSDKDemoTests.m in Sources */,
			);
			runOnlyForDeploymentPostprocessing = 0;
		};
		BB099BB21D5D5EA500A7AC4B /* Sources */ = {
			isa = PBXSourcesBuildPhase;
			buildActionMask = 2147483647;
			files = (
				BB099BBB1D5D5EA500A7AC4B /* IntoRobotSDKDemoUITests.m in Sources */,
			);
			runOnlyForDeploymentPostprocessing = 0;
		};
/* End PBXSourcesBuildPhase section */

/* Begin PBXTargetDependency section */
		BB099BAD1D5D5EA500A7AC4B /* PBXTargetDependency */ = {
			isa = PBXTargetDependency;
			target = BB099B911D5D5EA500A7AC4B /* IntoRobotSDKDemo */;
			targetProxy = BB099BAC1D5D5EA500A7AC4B /* PBXContainerItemProxy */;
		};
		BB099BB81D5D5EA500A7AC4B /* PBXTargetDependency */ = {
			isa = PBXTargetDependency;
			target = BB099B911D5D5EA500A7AC4B /* IntoRobotSDKDemo */;
			targetProxy = BB099BB71D5D5EA500A7AC4B /* PBXContainerItemProxy */;
		};
/* End PBXTargetDependency section */

/* Begin PBXVariantGroup section */
		BB099BA31D5D5EA500A7AC4B /* LaunchScreen.storyboard */ = {
			isa = PBXVariantGroup;
			children = (
				BB099BA41D5D5EA500A7AC4B /* Base */,
			);
			name = LaunchScreen.storyboard;
			sourceTree = "<group>";
		};
/* End PBXVariantGroup section */

/* Begin XCBuildConfiguration section */
		BB099BBD1D5D5EA500A7AC4B /* Debug */ = {
			isa = XCBuildConfiguration;
			buildSettings = {
				ALWAYS_SEARCH_USER_PATHS = NO;
				CLANG_ANALYZER_NONNULL = YES;
				CLANG_CXX_LANGUAGE_STANDARD = "gnu++0x";
				CLANG_CXX_LIBRARY = "libc++";
				CLANG_ENABLE_MODULES = YES;
				CLANG_ENABLE_OBJC_ARC = YES;
				CLANG_WARN_BOOL_CONVERSION = YES;
				CLANG_WARN_CONSTANT_CONVERSION = YES;
				CLANG_WARN_DIRECT_OBJC_ISA_USAGE = YES_ERROR;
				CLANG_WARN_EMPTY_BODY = YES;
				CLANG_WARN_ENUM_CONVERSION = YES;
				CLANG_WARN_INT_CONVERSION = YES;
				CLANG_WARN_OBJC_ROOT_CLASS = YES_ERROR;
				CLANG_WARN_UNREACHABLE_CODE = YES;
				CLANG_WARN__DUPLICATE_METHOD_MATCH = YES;
				"CODE_SIGN_IDENTITY[sdk=iphoneos*]" = "iPhone Developer";
				COPY_PHASE_STRIP = NO;
				DEBUG_INFORMATION_FORMAT = dwarf;
				ENABLE_STRICT_OBJC_MSGSEND = YES;
				ENABLE_TESTABILITY = YES;
				GCC_C_LANGUAGE_STANDARD = gnu99;
				GCC_DYNAMIC_NO_PIC = NO;
				GCC_NO_COMMON_BLOCKS = YES;
				GCC_OPTIMIZATION_LEVEL = 0;
				GCC_PREPROCESSOR_DEFINITIONS = (
					"DEBUG=1",
					"$(inherited)",
				);
				GCC_WARN_64_TO_32_BIT_CONVERSION = YES;
				GCC_WARN_ABOUT_RETURN_TYPE = YES_ERROR;
				GCC_WARN_UNDECLARED_SELECTOR = YES;
				GCC_WARN_UNINITIALIZED_AUTOS = YES_AGGRESSIVE;
				GCC_WARN_UNUSED_FUNCTION = YES;
				GCC_WARN_UNUSED_VARIABLE = YES;
				IPHONEOS_DEPLOYMENT_TARGET = 9.3;
				MTL_ENABLE_DEBUG_INFO = YES;
				ONLY_ACTIVE_ARCH = YES;
				SDKROOT = iphoneos;
				TARGETED_DEVICE_FAMILY = "1,2";
			};
			name = Debug;
		};
		BB099BBE1D5D5EA500A7AC4B /* Release */ = {
			isa = XCBuildConfiguration;
			buildSettings = {
				ALWAYS_SEARCH_USER_PATHS = NO;
				CLANG_ANALYZER_NONNULL = YES;
				CLANG_CXX_LANGUAGE_STANDARD = "gnu++0x";
				CLANG_CXX_LIBRARY = "libc++";
				CLANG_ENABLE_MODULES = YES;
				CLANG_ENABLE_OBJC_ARC = YES;
				CLANG_WARN_BOOL_CONVERSION = YES;
				CLANG_WARN_CONSTANT_CONVERSION = YES;
				CLANG_WARN_DIRECT_OBJC_ISA_USAGE = YES_ERROR;
				CLANG_WARN_EMPTY_BODY = YES;
				CLANG_WARN_ENUM_CONVERSION = YES;
				CLANG_WARN_INT_CONVERSION = YES;
				CLANG_WARN_OBJC_ROOT_CLASS = YES_ERROR;
				CLANG_WARN_UNREACHABLE_CODE = YES;
				CLANG_WARN__DUPLICATE_METHOD_MATCH = YES;
				"CODE_SIGN_IDENTITY[sdk=iphoneos*]" = "iPhone Developer";
				COPY_PHASE_STRIP = NO;
				DEBUG_INFORMATION_FORMAT = "dwarf-with-dsym";
				ENABLE_NS_ASSERTIONS = NO;
				ENABLE_STRICT_OBJC_MSGSEND = YES;
				GCC_C_LANGUAGE_STANDARD = gnu99;
				GCC_NO_COMMON_BLOCKS = YES;
				GCC_WARN_64_TO_32_BIT_CONVERSION = YES;
				GCC_WARN_ABOUT_RETURN_TYPE = YES_ERROR;
				GCC_WARN_UNDECLARED_SELECTOR = YES;
				GCC_WARN_UNINITIALIZED_AUTOS = YES_AGGRESSIVE;
				GCC_WARN_UNUSED_FUNCTION = YES;
				GCC_WARN_UNUSED_VARIABLE = YES;
				IPHONEOS_DEPLOYMENT_TARGET = 9.3;
				MTL_ENABLE_DEBUG_INFO = NO;
				SDKROOT = iphoneos;
				TARGETED_DEVICE_FAMILY = "1,2";
				VALIDATE_PRODUCT = YES;
			};
			name = Release;
		};
		BB099BC01D5D5EA500A7AC4B /* Debug */ = {
			isa = XCBuildConfiguration;
			baseConfigurationReference = 725D83A9B85CB18882966497 /* Pods-IntoRobotSDKDemo.debug.xcconfig */;
			buildSettings = {
				ASSETCATALOG_COMPILER_APPICON_NAME = AppIcon;
				GCC_PREFIX_HEADER = "";
				INFOPLIST_FILE = IntoRobotSDKDemo/Info.plist;
				IPHONEOS_DEPLOYMENT_TARGET = 8.0;
				LD_RUNPATH_SEARCH_PATHS = "$(inherited) @executable_path/Frameworks";
				LIBRARY_SEARCH_PATHS = (
					"$(inherited)",
					"$(PROJECT_DIR)/IntoRobotSDKDemo/IntoRobotSDK",
				);
				OTHER_LDFLAGS = (
					"$(inherited)",
					"-framework",
					"\"AFNetworking\"",
					"-framework",
					"\"CocoaAsyncSocket\"",
					"-framework",
					"\"CocoaLumberjack\"",
					"-framework",
					"\"MQTTClient\"",
					"-framework",
					"\"SDWebImage\"",
					"-ObjC",
				);
				PRODUCT_BUNDLE_IDENTIFIER = com.molmc.IntoRobotSDKDemo;
				PRODUCT_NAME = "$(TARGET_NAME)";
			};
			name = Debug;
		};
		BB099BC11D5D5EA500A7AC4B /* Release */ = {
			isa = XCBuildConfiguration;
			baseConfigurationReference = 1BA1DEEEDF3302AA873C6B79 /* Pods-IntoRobotSDKDemo.release.xcconfig */;
			buildSettings = {
				ASSETCATALOG_COMPILER_APPICON_NAME = AppIcon;
				GCC_PREFIX_HEADER = "";
				INFOPLIST_FILE = IntoRobotSDKDemo/Info.plist;
				IPHONEOS_DEPLOYMENT_TARGET = 8.0;
				LD_RUNPATH_SEARCH_PATHS = "$(inherited) @executable_path/Frameworks";
				LIBRARY_SEARCH_PATHS = (
					"$(inherited)",
					"$(PROJECT_DIR)/IntoRobotSDKDemo/IntoRobotSDK",
				);
				OTHER_LDFLAGS = (
					"$(inherited)",
					"-framework",
					"\"AFNetworking\"",
					"-framework",
					"\"CocoaAsyncSocket\"",
					"-framework",
					"\"CocoaLumberjack\"",
					"-framework",
					"\"MQTTClient\"",
					"-framework",
					"\"SDWebImage\"",
					"-ObjC",
				);
				PRODUCT_BUNDLE_IDENTIFIER = com.molmc.IntoRobotSDKDemo;
				PRODUCT_NAME = "$(TARGET_NAME)";
			};
			name = Release;
		};
		BB099BC31D5D5EA500A7AC4B /* Debug */ = {
			isa = XCBuildConfiguration;
			buildSettings = {
				BUNDLE_LOADER = "$(TEST_HOST)";
				INFOPLIST_FILE = IntoRobotSDKDemoTests/Info.plist;
				LD_RUNPATH_SEARCH_PATHS = "$(inherited) @executable_path/Frameworks @loader_path/Frameworks";
				PRODUCT_BUNDLE_IDENTIFIER = com.molmc.IntoRobotSDKDemoTests;
				PRODUCT_NAME = "$(TARGET_NAME)";
				TEST_HOST = "$(BUILT_PRODUCTS_DIR)/IntoRobotSDKDemo.app/IntoRobotSDKDemo";
			};
			name = Debug;
		};
		BB099BC41D5D5EA500A7AC4B /* Release */ = {
			isa = XCBuildConfiguration;
			buildSettings = {
				BUNDLE_LOADER = "$(TEST_HOST)";
				INFOPLIST_FILE = IntoRobotSDKDemoTests/Info.plist;
				LD_RUNPATH_SEARCH_PATHS = "$(inherited) @executable_path/Frameworks @loader_path/Frameworks";
				PRODUCT_BUNDLE_IDENTIFIER = com.molmc.IntoRobotSDKDemoTests;
				PRODUCT_NAME = "$(TARGET_NAME)";
				TEST_HOST = "$(BUILT_PRODUCTS_DIR)/IntoRobotSDKDemo.app/IntoRobotSDKDemo";
			};
			name = Release;
		};
		BB099BC61D5D5EA500A7AC4B /* Debug */ = {
			isa = XCBuildConfiguration;
			buildSettings = {
				INFOPLIST_FILE = IntoRobotSDKDemoUITests/Info.plist;
				LD_RUNPATH_SEARCH_PATHS = "$(inherited) @executable_path/Frameworks @loader_path/Frameworks";
				PRODUCT_BUNDLE_IDENTIFIER = com.molmc.IntoRobotSDKDemoUITests;
				PRODUCT_NAME = "$(TARGET_NAME)";
				TEST_TARGET_NAME = IntoRobotSDKDemo;
			};
			name = Debug;
		};
		BB099BC71D5D5EA500A7AC4B /* Release */ = {
			isa = XCBuildConfiguration;
			buildSettings = {
				INFOPLIST_FILE = IntoRobotSDKDemoUITests/Info.plist;
				LD_RUNPATH_SEARCH_PATHS = "$(inherited) @executable_path/Frameworks @loader_path/Frameworks";
				PRODUCT_BUNDLE_IDENTIFIER = com.molmc.IntoRobotSDKDemoUITests;
				PRODUCT_NAME = "$(TARGET_NAME)";
				TEST_TARGET_NAME = IntoRobotSDKDemo;
			};
			name = Release;
		};
/* End XCBuildConfiguration section */

/* Begin XCConfigurationList section */
		BB099B8D1D5D5EA500A7AC4B /* Build configuration list for PBXProject "IntoRobotSDKDemo" */ = {
			isa = XCConfigurationList;
			buildConfigurations = (
				BB099BBD1D5D5EA500A7AC4B /* Debug */,
				BB099BBE1D5D5EA500A7AC4B /* Release */,
			);
			defaultConfigurationIsVisible = 0;
			defaultConfigurationName = Release;
		};
		BB099BBF1D5D5EA500A7AC4B /* Build configuration list for PBXNativeTarget "IntoRobotSDKDemo" */ = {
			isa = XCConfigurationList;
			buildConfigurations = (
				BB099BC01D5D5EA500A7AC4B /* Debug */,
				BB099BC11D5D5EA500A7AC4B /* Release */,
			);
			defaultConfigurationIsVisible = 0;
			defaultConfigurationName = Release;
		};
		BB099BC21D5D5EA500A7AC4B /* Build configuration list for PBXNativeTarget "IntoRobotSDKDemoTests" */ = {
			isa = XCConfigurationList;
			buildConfigurations = (
				BB099BC31D5D5EA500A7AC4B /* Debug */,
				BB099BC41D5D5EA500A7AC4B /* Release */,
			);
			defaultConfigurationIsVisible = 0;
			defaultConfigurationName = Release;
		};
		BB099BC51D5D5EA500A7AC4B /* Build configuration list for PBXNativeTarget "IntoRobotSDKDemoUITests" */ = {
			isa = XCConfigurationList;
			buildConfigurations = (
				BB099BC61D5D5EA500A7AC4B /* Debug */,
				BB099BC71D5D5EA500A7AC4B /* Release */,
			);
			defaultConfigurationIsVisible = 0;
			defaultConfigurationName = Release;
		};
/* End XCConfigurationList section */
	};
	rootObject = BB099B8A1D5D5EA500A7AC4B /* Project object */;
}
