// !$*UTF8*$!
{
	archiveVersion = 1;
	classes = {
	};
	objectVersion = 46;
	objects = {

/* Begin PBXBuildFile section */
		BBE7B7431D6D4C5900C7F991 /* main.m in Sources */ = {isa = PBXBuildFile; fileRef = BBE7B7421D6D4C5900C7F991 /* main.m */; };
		BBE7B74E1D6D4C5900C7F991 /* Assets.xcassets in Resources */ = {isa = PBXBuildFile; fileRef = BBE7B74D1D6D4C5900C7F991 /* Assets.xcassets */; };
		BBE7B7511D6D4C5900C7F991 /* LaunchScreen.storyboard in Resources */ = {isa = PBXBuildFile; fileRef = BBE7B74F1D6D4C5900C7F991 /* LaunchScreen.storyboard */; };
		BBE7B75C1D6D4C5900C7F991 /* IntoRobotSDKDemoTests.m in Sources */ = {isa = PBXBuildFile; fileRef = BBE7B75B1D6D4C5900C7F991 /* IntoRobotSDKDemoTests.m */; };
		BBE7B7671D6D4C5900C7F991 /* IntoRobotSDKDemoUITests.m in Sources */ = {isa = PBXBuildFile; fileRef = BBE7B7661D6D4C5900C7F991 /* IntoRobotSDKDemoUITests.m */; };
		BBE7B8051D6D4CDA00C7F991 /* IntoRobot.a in Frameworks */ = {isa = PBXBuildFile; fileRef = BBE7B7821D6D4CDA00C7F991 /* IntoRobot.a */; };
		BBE7B8061D6D4CDA00C7F991 /* IPAddress.c in Sources */ = {isa = PBXBuildFile; fileRef = BBE7B7891D6D4CDA00C7F991 /* IPAddress.c */; };
		BBE7B8071D6D4CDA00C7F991 /* NSString+MLString.m in Sources */ = {isa = PBXBuildFile; fileRef = BBE7B78C1D6D4CDA00C7F991 /* NSString+MLString.m */; };
		BBE7B8081D6D4CDA00C7F991 /* AFHTTPSessionManager.m in Sources */ = {isa = PBXBuildFile; fileRef = BBE7B7911D6D4CDA00C7F991 /* AFHTTPSessionManager.m */; };
		BBE7B8091D6D4CDA00C7F991 /* AFNetworkReachabilityManager.m in Sources */ = {isa = PBXBuildFile; fileRef = BBE7B7941D6D4CDA00C7F991 /* AFNetworkReachabilityManager.m */; };
		BBE7B80A1D6D4CDA00C7F991 /* AFSecurityPolicy.m in Sources */ = {isa = PBXBuildFile; fileRef = BBE7B7961D6D4CDA00C7F991 /* AFSecurityPolicy.m */; };
		BBE7B80B1D6D4CDA00C7F991 /* AFURLRequestSerialization.m in Sources */ = {isa = PBXBuildFile; fileRef = BBE7B7981D6D4CDA00C7F991 /* AFURLRequestSerialization.m */; };
		BBE7B80C1D6D4CDA00C7F991 /* AFURLResponseSerialization.m in Sources */ = {isa = PBXBuildFile; fileRef = BBE7B79A1D6D4CDA00C7F991 /* AFURLResponseSerialization.m */; };
		BBE7B80D1D6D4CDA00C7F991 /* AFURLSessionManager.m in Sources */ = {isa = PBXBuildFile; fileRef = BBE7B79C1D6D4CDA00C7F991 /* AFURLSessionManager.m */; };
		BBE7B80E1D6D4CDA00C7F991 /* LICENSE in Resources */ = {isa = PBXBuildFile; fileRef = BBE7B79D1D6D4CDA00C7F991 /* LICENSE */; };
		BBE7B80F1D6D4CDA00C7F991 /* README.md in Sources */ = {isa = PBXBuildFile; fileRef = BBE7B79E1D6D4CDA00C7F991 /* README.md */; };
		BBE7B8101D6D4CDA00C7F991 /* AFAutoPurgingImageCache.m in Sources */ = {isa = PBXBuildFile; fileRef = BBE7B7A11D6D4CDA00C7F991 /* AFAutoPurgingImageCache.m */; };
		BBE7B8111D6D4CDA00C7F991 /* AFImageDownloader.m in Sources */ = {isa = PBXBuildFile; fileRef = BBE7B7A31D6D4CDA00C7F991 /* AFImageDownloader.m */; };
		BBE7B8121D6D4CDA00C7F991 /* AFNetworkActivityIndicatorManager.m in Sources */ = {isa = PBXBuildFile; fileRef = BBE7B7A51D6D4CDA00C7F991 /* AFNetworkActivityIndicatorManager.m */; };
		BBE7B8131D6D4CDA00C7F991 /* UIActivityIndicatorView+AFNetworking.m in Sources */ = {isa = PBXBuildFile; fileRef = BBE7B7A71D6D4CDA00C7F991 /* UIActivityIndicatorView+AFNetworking.m */; };
		BBE7B8141D6D4CDA00C7F991 /* UIButton+AFNetworking.m in Sources */ = {isa = PBXBuildFile; fileRef = BBE7B7A91D6D4CDA00C7F991 /* UIButton+AFNetworking.m */; };
		BBE7B8151D6D4CDA00C7F991 /* UIImageView+AFNetworking.m in Sources */ = {isa = PBXBuildFile; fileRef = BBE7B7AC1D6D4CDA00C7F991 /* UIImageView+AFNetworking.m */; };
		BBE7B8161D6D4CDA00C7F991 /* UIProgressView+AFNetworking.m in Sources */ = {isa = PBXBuildFile; fileRef = BBE7B7AF1D6D4CDA00C7F991 /* UIProgressView+AFNetworking.m */; };
		BBE7B8171D6D4CDA00C7F991 /* UIRefreshControl+AFNetworking.m in Sources */ = {isa = PBXBuildFile; fileRef = BBE7B7B11D6D4CDA00C7F991 /* UIRefreshControl+AFNetworking.m */; };
		BBE7B8181D6D4CDA00C7F991 /* UIWebView+AFNetworking.m in Sources */ = {isa = PBXBuildFile; fileRef = BBE7B7B31D6D4CDA00C7F991 /* UIWebView+AFNetworking.m */; };
		BBE7B8191D6D4CDA00C7F991 /* README.markdown in Sources */ = {isa = PBXBuildFile; fileRef = BBE7B7B51D6D4CDA00C7F991 /* README.markdown */; };
		BBE7B81A1D6D4CDA00C7F991 /* GCDAsyncSocket.m in Sources */ = {isa = PBXBuildFile; fileRef = BBE7B7B91D6D4CDA00C7F991 /* GCDAsyncSocket.m */; };
		BBE7B81B1D6D4CDA00C7F991 /* GCDAsyncUdpSocket.m in Sources */ = {isa = PBXBuildFile; fileRef = BBE7B7BB1D6D4CDA00C7F991 /* GCDAsyncUdpSocket.m */; };
		BBE7B81C1D6D4CDA00C7F991 /* LICENSE in Resources */ = {isa = PBXBuildFile; fileRef = BBE7B7BD1D6D4CDA00C7F991 /* LICENSE */; };
		BBE7B81D1D6D4CDA00C7F991 /* MQTTCFSocketDecoder.m in Sources */ = {isa = PBXBuildFile; fileRef = BBE7B7C11D6D4CDA00C7F991 /* MQTTCFSocketDecoder.m */; };
		BBE7B81E1D6D4CDA00C7F991 /* MQTTCFSocketEncoder.m in Sources */ = {isa = PBXBuildFile; fileRef = BBE7B7C31D6D4CDA00C7F991 /* MQTTCFSocketEncoder.m */; };
		BBE7B81F1D6D4CDA00C7F991 /* MQTTCFSocketTransport.m in Sources */ = {isa = PBXBuildFile; fileRef = BBE7B7C51D6D4CDA00C7F991 /* MQTTCFSocketTransport.m */; };
		BBE7B8201D6D4CDA00C7F991 /* MQTTCoreDataPersistence.m in Sources */ = {isa = PBXBuildFile; fileRef = BBE7B7C81D6D4CDA00C7F991 /* MQTTCoreDataPersistence.m */; };
		BBE7B8211D6D4CDA00C7F991 /* MQTTDecoder.m in Sources */ = {isa = PBXBuildFile; fileRef = BBE7B7CA1D6D4CDA00C7F991 /* MQTTDecoder.m */; };
		BBE7B8221D6D4CDA00C7F991 /* MQTTInMemoryPersistence.m in Sources */ = {isa = PBXBuildFile; fileRef = BBE7B7CC1D6D4CDA00C7F991 /* MQTTInMemoryPersistence.m */; };
		BBE7B8231D6D4CDA00C7F991 /* MQTTMessage.m in Sources */ = {isa = PBXBuildFile; fileRef = BBE7B7CF1D6D4CDA00C7F991 /* MQTTMessage.m */; };
		BBE7B8241D6D4CDA00C7F991 /* MQTTSession.m in Sources */ = {isa = PBXBuildFile; fileRef = BBE7B7D21D6D4CDA00C7F991 /* MQTTSession.m */; };
		BBE7B8251D6D4CDA00C7F991 /* MQTTSessionLegacy.m in Sources */ = {isa = PBXBuildFile; fileRef = BBE7B7D41D6D4CDA00C7F991 /* MQTTSessionLegacy.m */; };
		BBE7B8261D6D4CDA00C7F991 /* MQTTSessionManager.m in Sources */ = {isa = PBXBuildFile; fileRef = BBE7B7D61D6D4CDA00C7F991 /* MQTTSessionManager.m */; };
		BBE7B8271D6D4CDA00C7F991 /* MQTTSessionSynchron.m in Sources */ = {isa = PBXBuildFile; fileRef = BBE7B7D81D6D4CDA00C7F991 /* MQTTSessionSynchron.m */; };
		BBE7B8281D6D4CDA00C7F991 /* MQTTSSLSecurityPolicy.m in Sources */ = {isa = PBXBuildFile; fileRef = BBE7B7DA1D6D4CDA00C7F991 /* MQTTSSLSecurityPolicy.m */; };
		BBE7B8291D6D4CDA00C7F991 /* MQTTSSLSecurityPolicyDecoder.m in Sources */ = {isa = PBXBuildFile; fileRef = BBE7B7DC1D6D4CDA00C7F991 /* MQTTSSLSecurityPolicyDecoder.m */; };
		BBE7B82A1D6D4CDA00C7F991 /* MQTTSSLSecurityPolicyEncoder.m in Sources */ = {isa = PBXBuildFile; fileRef = BBE7B7DE1D6D4CDA00C7F991 /* MQTTSSLSecurityPolicyEncoder.m */; };
		BBE7B82B1D6D4CDA00C7F991 /* MQTTSSLSecurityPolicyTransport.m in Sources */ = {isa = PBXBuildFile; fileRef = BBE7B7E01D6D4CDA00C7F991 /* MQTTSSLSecurityPolicyTransport.m */; };
		BBE7B82C1D6D4CDA00C7F991 /* MQTTTransport.m in Sources */ = {isa = PBXBuildFile; fileRef = BBE7B7E21D6D4CDA00C7F991 /* MQTTTransport.m */; };
		BBE7B82D1D6D4CDA00C7F991 /* README.md in Sources */ = {isa = PBXBuildFile; fileRef = BBE7B7E31D6D4CDA00C7F991 /* README.md */; };
		BBE7B82E1D6D4CDA00C7F991 /* LICENSE in Resources */ = {isa = PBXBuildFile; fileRef = BBE7B7E51D6D4CDA00C7F991 /* LICENSE */; };
		BBE7B82F1D6D4CDA00C7F991 /* README.md in Sources */ = {isa = PBXBuildFile; fileRef = BBE7B7E61D6D4CDA00C7F991 /* README.md */; };
		BBE7B8301D6D4CDA00C7F991 /* NSData+ImageContentType.m in Sources */ = {isa = PBXBuildFile; fileRef = BBE7B7E91D6D4CDA00C7F991 /* NSData+ImageContentType.m */; };
		BBE7B8311D6D4CDA00C7F991 /* SDImageCache.m in Sources */ = {isa = PBXBuildFile; fileRef = BBE7B7EB1D6D4CDA00C7F991 /* SDImageCache.m */; };
		BBE7B8321D6D4CDA00C7F991 /* SDWebImageCompat.m in Sources */ = {isa = PBXBuildFile; fileRef = BBE7B7ED1D6D4CDA00C7F991 /* SDWebImageCompat.m */; };
		BBE7B8331D6D4CDA00C7F991 /* SDWebImageDecoder.m in Sources */ = {isa = PBXBuildFile; fileRef = BBE7B7EF1D6D4CDA00C7F991 /* SDWebImageDecoder.m */; };
		BBE7B8341D6D4CDA00C7F991 /* SDWebImageDownloader.m in Sources */ = {isa = PBXBuildFile; fileRef = BBE7B7F11D6D4CDA00C7F991 /* SDWebImageDownloader.m */; };
		BBE7B8351D6D4CDA00C7F991 /* SDWebImageDownloaderOperation.m in Sources */ = {isa = PBXBuildFile; fileRef = BBE7B7F31D6D4CDA00C7F991 /* SDWebImageDownloaderOperation.m */; };
		BBE7B8361D6D4CDA00C7F991 /* SDWebImageManager.m in Sources */ = {isa = PBXBuildFile; fileRef = BBE7B7F51D6D4CDA00C7F991 /* SDWebImageManager.m */; };
		BBE7B8371D6D4CDA00C7F991 /* SDWebImagePrefetcher.m in Sources */ = {isa = PBXBuildFile; fileRef = BBE7B7F81D6D4CDA00C7F991 /* SDWebImagePrefetcher.m */; };
		BBE7B8381D6D4CDA00C7F991 /* UIButton+WebCache.m in Sources */ = {isa = PBXBuildFile; fileRef = BBE7B7FA1D6D4CDA00C7F991 /* UIButton+WebCache.m */; };
		BBE7B8391D6D4CDA00C7F991 /* UIImage+GIF.m in Sources */ = {isa = PBXBuildFile; fileRef = BBE7B7FC1D6D4CDA00C7F991 /* UIImage+GIF.m */; };
		BBE7B83A1D6D4CDA00C7F991 /* UIImage+MultiFormat.m in Sources */ = {isa = PBXBuildFile; fileRef = BBE7B7FE1D6D4CDA00C7F991 /* UIImage+MultiFormat.m */; };
		BBE7B83B1D6D4CDA00C7F991 /* UIImageView+HighlightedWebCache.m in Sources */ = {isa = PBXBuildFile; fileRef = BBE7B8001D6D4CDA00C7F991 /* UIImageView+HighlightedWebCache.m */; };
		BBE7B83C1D6D4CDA00C7F991 /* UIImageView+WebCache.m in Sources */ = {isa = PBXBuildFile; fileRef = BBE7B8021D6D4CDA00C7F991 /* UIImageView+WebCache.m */; };
		BBE7B83D1D6D4CDA00C7F991 /* UIView+WebCacheOperation.m in Sources */ = {isa = PBXBuildFile; fileRef = BBE7B8041D6D4CDA00C7F991 /* UIView+WebCacheOperation.m */; };
		BBE7B8951D6D4CE300C7F991 /* DeviceList.storyboard in Resources */ = {isa = PBXBuildFile; fileRef = BBE7B8401D6D4CE300C7F991 /* DeviceList.storyboard */; };
		BBE7B8961D6D4CE300C7F991 /* IntoContrlDeviceViewController.m in Sources */ = {isa = PBXBuildFile; fileRef = BBE7B8421D6D4CE300C7F991 /* IntoContrlDeviceViewController.m */; };
		BBE7B8971D6D4CE300C7F991 /* IntoCreateDeviceViewController.m in Sources */ = {isa = PBXBuildFile; fileRef = BBE7B8441D6D4CE300C7F991 /* IntoCreateDeviceViewController.m */; };
		BBE7B8981D6D4CE300C7F991 /* IntoCreateDeviceViewController.xib in Resources */ = {isa = PBXBuildFile; fileRef = BBE7B8451D6D4CE300C7F991 /* IntoCreateDeviceViewController.xib */; };
		BBE7B8991D6D4CE300C7F991 /* IntoDeviceInfoTableViewController.m in Sources */ = {isa = PBXBuildFile; fileRef = BBE7B8471D6D4CE300C7F991 /* IntoDeviceInfoTableViewController.m */; };
		BBE7B89A1D6D4CE300C7F991 /* IntoDeviceModel.m in Sources */ = {isa = PBXBuildFile; fileRef = BBE7B8491D6D4CE300C7F991 /* IntoDeviceModel.m */; };
		BBE7B89B1D6D4CE300C7F991 /* IntoDeviceTableViewCell.m in Sources */ = {isa = PBXBuildFile; fileRef = BBE7B84B1D6D4CE300C7F991 /* IntoDeviceTableViewCell.m */; };
		BBE7B89C1D6D4CE300C7F991 /* IntoDeviceTableViewController.m in Sources */ = {isa = PBXBuildFile; fileRef = BBE7B84D1D6D4CE300C7F991 /* IntoDeviceTableViewController.m */; };
		BBE7B89D1D6D4CE300C7F991 /* DTKDropdownMenuView.bundle in Resources */ = {isa = PBXBuildFile; fileRef = BBE7B8501D6D4CE300C7F991 /* DTKDropdownMenuView.bundle */; };
		BBE7B89E1D6D4CE300C7F991 /* DTKDropdownMenuView.m in Sources */ = {isa = PBXBuildFile; fileRef = BBE7B8521D6D4CE300C7F991 /* DTKDropdownMenuView.m */; };
		BBE7B89F1D6D4CE300C7F991 /* MASCompositeConstraint.m in Sources */ = {isa = PBXBuildFile; fileRef = BBE7B8551D6D4CE300C7F991 /* MASCompositeConstraint.m */; };
		BBE7B8A01D6D4CE300C7F991 /* MASConstraint.m in Sources */ = {isa = PBXBuildFile; fileRef = BBE7B8581D6D4CE300C7F991 /* MASConstraint.m */; };
		BBE7B8A11D6D4CE300C7F991 /* MASConstraintMaker.m in Sources */ = {isa = PBXBuildFile; fileRef = BBE7B85A1D6D4CE300C7F991 /* MASConstraintMaker.m */; };
		BBE7B8A21D6D4CE300C7F991 /* MASLayoutConstraint.m in Sources */ = {isa = PBXBuildFile; fileRef = BBE7B85C1D6D4CE300C7F991 /* MASLayoutConstraint.m */; };
		BBE7B8A31D6D4CE300C7F991 /* MASViewAttribute.m in Sources */ = {isa = PBXBuildFile; fileRef = BBE7B8601D6D4CE300C7F991 /* MASViewAttribute.m */; };
		BBE7B8A41D6D4CE300C7F991 /* MASViewConstraint.m in Sources */ = {isa = PBXBuildFile; fileRef = BBE7B8621D6D4CE300C7F991 /* MASViewConstraint.m */; };
		BBE7B8A51D6D4CE300C7F991 /* NSArray+MASAdditions.m in Sources */ = {isa = PBXBuildFile; fileRef = BBE7B8641D6D4CE300C7F991 /* NSArray+MASAdditions.m */; };
		BBE7B8A61D6D4CE300C7F991 /* NSLayoutConstraint+MASDebugAdditions.m in Sources */ = {isa = PBXBuildFile; fileRef = BBE7B8671D6D4CE300C7F991 /* NSLayoutConstraint+MASDebugAdditions.m */; };
		BBE7B8A71D6D4CE300C7F991 /* View+MASAdditions.m in Sources */ = {isa = PBXBuildFile; fileRef = BBE7B8691D6D4CE300C7F991 /* View+MASAdditions.m */; };
		BBE7B8A81D6D4CE300C7F991 /* ViewController+MASAdditions.m in Sources */ = {isa = PBXBuildFile; fileRef = BBE7B86C1D6D4CE300C7F991 /* ViewController+MASAdditions.m */; };
		BBE7B8A91D6D4CE300C7F991 /* MBProgressHUD+IntoRobot.m in Sources */ = {isa = PBXBuildFile; fileRef = BBE7B86F1D6D4CE300C7F991 /* MBProgressHUD+IntoRobot.m */; };
		BBE7B8AA1D6D4CE300C7F991 /* MBProgressHUD.bundle in Resources */ = {isa = PBXBuildFile; fileRef = BBE7B8701D6D4CE300C7F991 /* MBProgressHUD.bundle */; };
		BBE7B8AB1D6D4CE300C7F991 /* MBProgressHUD.m in Sources */ = {isa = PBXBuildFile; fileRef = BBE7B8721D6D4CE300C7F991 /* MBProgressHUD.m */; };
		BBE7B8AC1D6D4CE300C7F991 /* MJExtensionConst.m in Sources */ = {isa = PBXBuildFile; fileRef = BBE7B8761D6D4CE300C7F991 /* MJExtensionConst.m */; };
		BBE7B8AD1D6D4CE300C7F991 /* MJFoundation.m in Sources */ = {isa = PBXBuildFile; fileRef = BBE7B8781D6D4CE300C7F991 /* MJFoundation.m */; };
		BBE7B8AE1D6D4CE300C7F991 /* MJProperty.m in Sources */ = {isa = PBXBuildFile; fileRef = BBE7B87A1D6D4CE300C7F991 /* MJProperty.m */; };
		BBE7B8AF1D6D4CE300C7F991 /* MJPropertyKey.m in Sources */ = {isa = PBXBuildFile; fileRef = BBE7B87C1D6D4CE300C7F991 /* MJPropertyKey.m */; };
		BBE7B8B01D6D4CE300C7F991 /* MJPropertyType.m in Sources */ = {isa = PBXBuildFile; fileRef = BBE7B87E1D6D4CE300C7F991 /* MJPropertyType.m */; };
		BBE7B8B11D6D4CE300C7F991 /* NSObject+MJClass.m in Sources */ = {isa = PBXBuildFile; fileRef = BBE7B8801D6D4CE300C7F991 /* NSObject+MJClass.m */; };
		BBE7B8B21D6D4CE300C7F991 /* NSObject+MJCoding.m in Sources */ = {isa = PBXBuildFile; fileRef = BBE7B8821D6D4CE300C7F991 /* NSObject+MJCoding.m */; };
		BBE7B8B31D6D4CE300C7F991 /* NSObject+MJKeyValue.m in Sources */ = {isa = PBXBuildFile; fileRef = BBE7B8841D6D4CE300C7F991 /* NSObject+MJKeyValue.m */; };
		BBE7B8B41D6D4CE300C7F991 /* NSObject+MJProperty.m in Sources */ = {isa = PBXBuildFile; fileRef = BBE7B8861D6D4CE300C7F991 /* NSObject+MJProperty.m */; };
		BBE7B8B51D6D4CE300C7F991 /* NSString+MJExtension.m in Sources */ = {isa = PBXBuildFile; fileRef = BBE7B8881D6D4CE300C7F991 /* NSString+MJExtension.m */; };
		BBE7B8B61D6D4CE300C7F991 /* IntoPersionTableViewController.m in Sources */ = {isa = PBXBuildFile; fileRef = BBE7B88B1D6D4CE300C7F991 /* IntoPersionTableViewController.m */; };
		BBE7B8B71D6D4CE300C7F991 /* IntoRegisterViewController.m in Sources */ = {isa = PBXBuildFile; fileRef = BBE7B88D1D6D4CE300C7F991 /* IntoRegisterViewController.m */; };
		BBE7B8B81D6D4CE300C7F991 /* IntoResetPWViewController.m in Sources */ = {isa = PBXBuildFile; fileRef = BBE7B88F1D6D4CE300C7F991 /* IntoResetPWViewController.m */; };
		BBE7B8B91D6D4CE300C7F991 /* Main.storyboard in Resources */ = {isa = PBXBuildFile; fileRef = BBE7B8901D6D4CE300C7F991 /* Main.storyboard */; };
		BBE7B8BA1D6D4CE300C7F991 /* ResetPW.storyboard in Resources */ = {isa = PBXBuildFile; fileRef = BBE7B8911D6D4CE300C7F991 /* ResetPW.storyboard */; };
		BBE7B8BB1D6D4CE300C7F991 /* Rigister.storyboard in Resources */ = {isa = PBXBuildFile; fileRef = BBE7B8921D6D4CE300C7F991 /* Rigister.storyboard */; };
		BBE7B8BC1D6D4CE300C7F991 /* ViewController.m in Sources */ = {isa = PBXBuildFile; fileRef = BBE7B8941D6D4CE300C7F991 /* ViewController.m */; };
		BBE7B8BF1D6D4CEE00C7F991 /* AppDelegate.m in Sources */ = {isa = PBXBuildFile; fileRef = BBE7B8BE1D6D4CEE00C7F991 /* AppDelegate.m */; };
/* End PBXBuildFile section */

/* Begin PBXContainerItemProxy section */
		BBE7B7581D6D4C5900C7F991 /* PBXContainerItemProxy */ = {
			isa = PBXContainerItemProxy;
			containerPortal = BBE7B7361D6D4C5900C7F991 /* Project object */;
			proxyType = 1;
			remoteGlobalIDString = BBE7B73D1D6D4C5900C7F991;
			remoteInfo = IntoRobotSDKDemo;
		};
		BBE7B7631D6D4C5900C7F991 /* PBXContainerItemProxy */ = {
			isa = PBXContainerItemProxy;
			containerPortal = BBE7B7361D6D4C5900C7F991 /* Project object */;
			proxyType = 1;
			remoteGlobalIDString = BBE7B73D1D6D4C5900C7F991;
			remoteInfo = IntoRobotSDKDemo;
		};
/* End PBXContainerItemProxy section */

/* Begin PBXFileReference section */
		BBE7B73E1D6D4C5900C7F991 /* IntoRobotSDKDemo.app */ = {isa = PBXFileReference; explicitFileType = wrapper.application; includeInIndex = 0; path = IntoRobotSDKDemo.app; sourceTree = BUILT_PRODUCTS_DIR; };
		BBE7B7421D6D4C5900C7F991 /* main.m */ = {isa = PBXFileReference; lastKnownFileType = sourcecode.c.objc; path = main.m; sourceTree = "<group>"; };
		BBE7B74D1D6D4C5900C7F991 /* Assets.xcassets */ = {isa = PBXFileReference; lastKnownFileType = folder.assetcatalog; path = Assets.xcassets; sourceTree = "<group>"; };
		BBE7B7501D6D4C5900C7F991 /* Base */ = {isa = PBXFileReference; lastKnownFileType = file.storyboard; name = Base; path = Base.lproj/LaunchScreen.storyboard; sourceTree = "<group>"; };
		BBE7B7521D6D4C5900C7F991 /* Info.plist */ = {isa = PBXFileReference; lastKnownFileType = text.plist.xml; path = Info.plist; sourceTree = "<group>"; };
		BBE7B7571D6D4C5900C7F991 /* IntoRobotSDKDemoTests.xctest */ = {isa = PBXFileReference; explicitFileType = wrapper.cfbundle; includeInIndex = 0; path = IntoRobotSDKDemoTests.xctest; sourceTree = BUILT_PRODUCTS_DIR; };
		BBE7B75B1D6D4C5900C7F991 /* IntoRobotSDKDemoTests.m */ = {isa = PBXFileReference; lastKnownFileType = sourcecode.c.objc; path = IntoRobotSDKDemoTests.m; sourceTree = "<group>"; };
		BBE7B75D1D6D4C5900C7F991 /* Info.plist */ = {isa = PBXFileReference; lastKnownFileType = text.plist.xml; path = Info.plist; sourceTree = "<group>"; };
		BBE7B7621D6D4C5900C7F991 /* IntoRobotSDKDemoUITests.xctest */ = {isa = PBXFileReference; explicitFileType = wrapper.cfbundle; includeInIndex = 0; path = IntoRobotSDKDemoUITests.xctest; sourceTree = BUILT_PRODUCTS_DIR; };
		BBE7B7661D6D4C5900C7F991 /* IntoRobotSDKDemoUITests.m */ = {isa = PBXFileReference; lastKnownFileType = sourcecode.c.objc; path = IntoRobotSDKDemoUITests.m; sourceTree = "<group>"; };
		BBE7B7681D6D4C5900C7F991 /* Info.plist */ = {isa = PBXFileReference; lastKnownFileType = text.plist.xml; path = Info.plist; sourceTree = "<group>"; };
		BBE7B7751D6D4CDA00C7F991 /* ESP_ByteUtil.h */ = {isa = PBXFileReference; fileEncoding = 4; lastKnownFileType = sourcecode.c.h; path = ESP_ByteUtil.h; sourceTree = "<group>"; };
		BBE7B7761D6D4CDA00C7F991 /* ESP_CRC8.h */ = {isa = PBXFileReference; fileEncoding = 4; lastKnownFileType = sourcecode.c.h; path = ESP_CRC8.h; sourceTree = "<group>"; };
		BBE7B7771D6D4CDA00C7F991 /* ESP_NetUtil.h */ = {isa = PBXFileReference; fileEncoding = 4; lastKnownFileType = sourcecode.c.h; path = ESP_NetUtil.h; sourceTree = "<group>"; };
		BBE7B7781D6D4CDA00C7F991 /* ESPDataCode.h */ = {isa = PBXFileReference; fileEncoding = 4; lastKnownFileType = sourcecode.c.h; path = ESPDataCode.h; sourceTree = "<group>"; };
		BBE7B7791D6D4CDA00C7F991 /* ESPDatumCode.h */ = {isa = PBXFileReference; fileEncoding = 4; lastKnownFileType = sourcecode.c.h; path = ESPDatumCode.h; sourceTree = "<group>"; };
		BBE7B77A1D6D4CDA00C7F991 /* ESPGuideCode.h */ = {isa = PBXFileReference; fileEncoding = 4; lastKnownFileType = sourcecode.c.h; path = ESPGuideCode.h; sourceTree = "<group>"; };
		BBE7B77B1D6D4CDA00C7F991 /* ESPTouchDelegate.h */ = {isa = PBXFileReference; fileEncoding = 4; lastKnownFileType = sourcecode.c.h; path = ESPTouchDelegate.h; sourceTree = "<group>"; };
		BBE7B77C1D6D4CDA00C7F991 /* ESPTouchGenerator.h */ = {isa = PBXFileReference; fileEncoding = 4; lastKnownFileType = sourcecode.c.h; path = ESPTouchGenerator.h; sourceTree = "<group>"; };
		BBE7B77D1D6D4CDA00C7F991 /* ESPTouchResult.h */ = {isa = PBXFileReference; fileEncoding = 4; lastKnownFileType = sourcecode.c.h; path = ESPTouchResult.h; sourceTree = "<group>"; };
		BBE7B77E1D6D4CDA00C7F991 /* ESPTouchTask.h */ = {isa = PBXFileReference; fileEncoding = 4; lastKnownFileType = sourcecode.c.h; path = ESPTouchTask.h; sourceTree = "<group>"; };
		BBE7B77F1D6D4CDA00C7F991 /* ESPTouchTaskParameter.h */ = {isa = PBXFileReference; fileEncoding = 4; lastKnownFileType = sourcecode.c.h; path = ESPTouchTaskParameter.h; sourceTree = "<group>"; };
		BBE7B7801D6D4CDA00C7F991 /* ESPUDPSocketClient.h */ = {isa = PBXFileReference; fileEncoding = 4; lastKnownFileType = sourcecode.c.h; path = ESPUDPSocketClient.h; sourceTree = "<group>"; };
		BBE7B7811D6D4CDA00C7F991 /* ESPUDPSocketServer.h */ = {isa = PBXFileReference; fileEncoding = 4; lastKnownFileType = sourcecode.c.h; path = ESPUDPSocketServer.h; sourceTree = "<group>"; };
		BBE7B7821D6D4CDA00C7F991 /* IntoRobot.a */ = {isa = PBXFileReference; lastKnownFileType = archive.ar; path = IntoRobot.a; sourceTree = "<group>"; };
		BBE7B7831D6D4CDA00C7F991 /* IntoRobotAPIManager.h */ = {isa = PBXFileReference; fileEncoding = 4; lastKnownFileType = sourcecode.c.h; path = IntoRobotAPIManager.h; sourceTree = "<group>"; };
		BBE7B7841D6D4CDA00C7F991 /* IntoRobotIMLinkManager.h */ = {isa = PBXFileReference; fileEncoding = 4; lastKnownFileType = sourcecode.c.h; path = IntoRobotIMLinkManager.h; sourceTree = "<group>"; };
		BBE7B7851D6D4CDA00C7F991 /* IntoRobotMQTTManager.h */ = {isa = PBXFileReference; fileEncoding = 4; lastKnownFileType = sourcecode.c.h; path = IntoRobotMQTTManager.h; sourceTree = "<group>"; };
		BBE7B7861D6D4CDA00C7F991 /* IntoRobotSDK.h */ = {isa = PBXFileReference; fileEncoding = 4; lastKnownFileType = sourcecode.c.h; path = IntoRobotSDK.h; sourceTree = "<group>"; };
		BBE7B7871D6D4CDA00C7F991 /* IntoRobotSDKErrorInfo.h */ = {isa = PBXFileReference; fileEncoding = 4; lastKnownFileType = sourcecode.c.h; path = IntoRobotSDKErrorInfo.h; sourceTree = "<group>"; };
		BBE7B7881D6D4CDA00C7F991 /* IntoRobotSDKManager.h */ = {isa = PBXFileReference; fileEncoding = 4; lastKnownFileType = sourcecode.c.h; path = IntoRobotSDKManager.h; sourceTree = "<group>"; };
		BBE7B7891D6D4CDA00C7F991 /* IPAddress.c */ = {isa = PBXFileReference; fileEncoding = 4; lastKnownFileType = sourcecode.c.c; path = IPAddress.c; sourceTree = "<group>"; };
		BBE7B78A1D6D4CDA00C7F991 /* IPAddress.h */ = {isa = PBXFileReference; fileEncoding = 4; lastKnownFileType = sourcecode.c.h; path = IPAddress.h; sourceTree = "<group>"; };
		BBE7B78B1D6D4CDA00C7F991 /* NSString+MLString.h */ = {isa = PBXFileReference; fileEncoding = 4; lastKnownFileType = sourcecode.c.h; path = "NSString+MLString.h"; sourceTree = "<group>"; };
		BBE7B78C1D6D4CDA00C7F991 /* NSString+MLString.m */ = {isa = PBXFileReference; fileEncoding = 4; lastKnownFileType = sourcecode.c.objc; path = "NSString+MLString.m"; sourceTree = "<group>"; };
		BBE7B7901D6D4CDA00C7F991 /* AFHTTPSessionManager.h */ = {isa = PBXFileReference; fileEncoding = 4; lastKnownFileType = sourcecode.c.h; path = AFHTTPSessionManager.h; sourceTree = "<group>"; };
		BBE7B7911D6D4CDA00C7F991 /* AFHTTPSessionManager.m */ = {isa = PBXFileReference; fileEncoding = 4; lastKnownFileType = sourcecode.c.objc; path = AFHTTPSessionManager.m; sourceTree = "<group>"; };
		BBE7B7921D6D4CDA00C7F991 /* AFNetworking.h */ = {isa = PBXFileReference; fileEncoding = 4; lastKnownFileType = sourcecode.c.h; path = AFNetworking.h; sourceTree = "<group>"; };
		BBE7B7931D6D4CDA00C7F991 /* AFNetworkReachabilityManager.h */ = {isa = PBXFileReference; fileEncoding = 4; lastKnownFileType = sourcecode.c.h; path = AFNetworkReachabilityManager.h; sourceTree = "<group>"; };
		BBE7B7941D6D4CDA00C7F991 /* AFNetworkReachabilityManager.m */ = {isa = PBXFileReference; fileEncoding = 4; lastKnownFileType = sourcecode.c.objc; path = AFNetworkReachabilityManager.m; sourceTree = "<group>"; };
		BBE7B7951D6D4CDA00C7F991 /* AFSecurityPolicy.h */ = {isa = PBXFileReference; fileEncoding = 4; lastKnownFileType = sourcecode.c.h; path = AFSecurityPolicy.h; sourceTree = "<group>"; };
		BBE7B7961D6D4CDA00C7F991 /* AFSecurityPolicy.m */ = {isa = PBXFileReference; fileEncoding = 4; lastKnownFileType = sourcecode.c.objc; path = AFSecurityPolicy.m; sourceTree = "<group>"; };
		BBE7B7971D6D4CDA00C7F991 /* AFURLRequestSerialization.h */ = {isa = PBXFileReference; fileEncoding = 4; lastKnownFileType = sourcecode.c.h; path = AFURLRequestSerialization.h; sourceTree = "<group>"; };
		BBE7B7981D6D4CDA00C7F991 /* AFURLRequestSerialization.m */ = {isa = PBXFileReference; fileEncoding = 4; lastKnownFileType = sourcecode.c.objc; path = AFURLRequestSerialization.m; sourceTree = "<group>"; };
		BBE7B7991D6D4CDA00C7F991 /* AFURLResponseSerialization.h */ = {isa = PBXFileReference; fileEncoding = 4; lastKnownFileType = sourcecode.c.h; path = AFURLResponseSerialization.h; sourceTree = "<group>"; };
		BBE7B79A1D6D4CDA00C7F991 /* AFURLResponseSerialization.m */ = {isa = PBXFileReference; fileEncoding = 4; lastKnownFileType = sourcecode.c.objc; path = AFURLResponseSerialization.m; sourceTree = "<group>"; };
		BBE7B79B1D6D4CDA00C7F991 /* AFURLSessionManager.h */ = {isa = PBXFileReference; fileEncoding = 4; lastKnownFileType = sourcecode.c.h; path = AFURLSessionManager.h; sourceTree = "<group>"; };
		BBE7B79C1D6D4CDA00C7F991 /* AFURLSessionManager.m */ = {isa = PBXFileReference; fileEncoding = 4; lastKnownFileType = sourcecode.c.objc; path = AFURLSessionManager.m; sourceTree = "<group>"; };
		BBE7B79D1D6D4CDA00C7F991 /* LICENSE */ = {isa = PBXFileReference; fileEncoding = 4; lastKnownFileType = text; path = LICENSE; sourceTree = "<group>"; };
		BBE7B79E1D6D4CDA00C7F991 /* README.md */ = {isa = PBXFileReference; fileEncoding = 4; lastKnownFileType = net.daringfireball.markdown; path = README.md; sourceTree = "<group>"; };
		BBE7B7A01D6D4CDA00C7F991 /* AFAutoPurgingImageCache.h */ = {isa = PBXFileReference; fileEncoding = 4; lastKnownFileType = sourcecode.c.h; path = AFAutoPurgingImageCache.h; sourceTree = "<group>"; };
		BBE7B7A11D6D4CDA00C7F991 /* AFAutoPurgingImageCache.m */ = {isa = PBXFileReference; fileEncoding = 4; lastKnownFileType = sourcecode.c.objc; path = AFAutoPurgingImageCache.m; sourceTree = "<group>"; };
		BBE7B7A21D6D4CDA00C7F991 /* AFImageDownloader.h */ = {isa = PBXFileReference; fileEncoding = 4; lastKnownFileType = sourcecode.c.h; path = AFImageDownloader.h; sourceTree = "<group>"; };
		BBE7B7A31D6D4CDA00C7F991 /* AFImageDownloader.m */ = {isa = PBXFileReference; fileEncoding = 4; lastKnownFileType = sourcecode.c.objc; path = AFImageDownloader.m; sourceTree = "<group>"; };
		BBE7B7A41D6D4CDA00C7F991 /* AFNetworkActivityIndicatorManager.h */ = {isa = PBXFileReference; fileEncoding = 4; lastKnownFileType = sourcecode.c.h; path = AFNetworkActivityIndicatorManager.h; sourceTree = "<group>"; };
		BBE7B7A51D6D4CDA00C7F991 /* AFNetworkActivityIndicatorManager.m */ = {isa = PBXFileReference; fileEncoding = 4; lastKnownFileType = sourcecode.c.objc; path = AFNetworkActivityIndicatorManager.m; sourceTree = "<group>"; };
		BBE7B7A61D6D4CDA00C7F991 /* UIActivityIndicatorView+AFNetworking.h */ = {isa = PBXFileReference; fileEncoding = 4; lastKnownFileType = sourcecode.c.h; path = "UIActivityIndicatorView+AFNetworking.h"; sourceTree = "<group>"; };
		BBE7B7A71D6D4CDA00C7F991 /* UIActivityIndicatorView+AFNetworking.m */ = {isa = PBXFileReference; fileEncoding = 4; lastKnownFileType = sourcecode.c.objc; path = "UIActivityIndicatorView+AFNetworking.m"; sourceTree = "<group>"; };
		BBE7B7A81D6D4CDA00C7F991 /* UIButton+AFNetworking.h */ = {isa = PBXFileReference; fileEncoding = 4; lastKnownFileType = sourcecode.c.h; path = "UIButton+AFNetworking.h"; sourceTree = "<group>"; };
		BBE7B7A91D6D4CDA00C7F991 /* UIButton+AFNetworking.m */ = {isa = PBXFileReference; fileEncoding = 4; lastKnownFileType = sourcecode.c.objc; path = "UIButton+AFNetworking.m"; sourceTree = "<group>"; };
		BBE7B7AA1D6D4CDA00C7F991 /* UIImage+AFNetworking.h */ = {isa = PBXFileReference; fileEncoding = 4; lastKnownFileType = sourcecode.c.h; path = "UIImage+AFNetworking.h"; sourceTree = "<group>"; };
		BBE7B7AB1D6D4CDA00C7F991 /* UIImageView+AFNetworking.h */ = {isa = PBXFileReference; fileEncoding = 4; lastKnownFileType = sourcecode.c.h; path = "UIImageView+AFNetworking.h"; sourceTree = "<group>"; };
		BBE7B7AC1D6D4CDA00C7F991 /* UIImageView+AFNetworking.m */ = {isa = PBXFileReference; fileEncoding = 4; lastKnownFileType = sourcecode.c.objc; path = "UIImageView+AFNetworking.m"; sourceTree = "<group>"; };
		BBE7B7AD1D6D4CDA00C7F991 /* UIKit+AFNetworking.h */ = {isa = PBXFileReference; fileEncoding = 4; lastKnownFileType = sourcecode.c.h; path = "UIKit+AFNetworking.h"; sourceTree = "<group>"; };
		BBE7B7AE1D6D4CDA00C7F991 /* UIProgressView+AFNetworking.h */ = {isa = PBXFileReference; fileEncoding = 4; lastKnownFileType = sourcecode.c.h; path = "UIProgressView+AFNetworking.h"; sourceTree = "<group>"; };
		BBE7B7AF1D6D4CDA00C7F991 /* UIProgressView+AFNetworking.m */ = {isa = PBXFileReference; fileEncoding = 4; lastKnownFileType = sourcecode.c.objc; path = "UIProgressView+AFNetworking.m"; sourceTree = "<group>"; };
		BBE7B7B01D6D4CDA00C7F991 /* UIRefreshControl+AFNetworking.h */ = {isa = PBXFileReference; fileEncoding = 4; lastKnownFileType = sourcecode.c.h; path = "UIRefreshControl+AFNetworking.h"; sourceTree = "<group>"; };
		BBE7B7B11D6D4CDA00C7F991 /* UIRefreshControl+AFNetworking.m */ = {isa = PBXFileReference; fileEncoding = 4; lastKnownFileType = sourcecode.c.objc; path = "UIRefreshControl+AFNetworking.m"; sourceTree = "<group>"; };
		BBE7B7B21D6D4CDA00C7F991 /* UIWebView+AFNetworking.h */ = {isa = PBXFileReference; fileEncoding = 4; lastKnownFileType = sourcecode.c.h; path = "UIWebView+AFNetworking.h"; sourceTree = "<group>"; };
		BBE7B7B31D6D4CDA00C7F991 /* UIWebView+AFNetworking.m */ = {isa = PBXFileReference; fileEncoding = 4; lastKnownFileType = sourcecode.c.objc; path = "UIWebView+AFNetworking.m"; sourceTree = "<group>"; };
		BBE7B7B51D6D4CDA00C7F991 /* README.markdown */ = {isa = PBXFileReference; fileEncoding = 4; lastKnownFileType = net.daringfireball.markdown; path = README.markdown; sourceTree = "<group>"; };
		BBE7B7B81D6D4CDA00C7F991 /* GCDAsyncSocket.h */ = {isa = PBXFileReference; fileEncoding = 4; lastKnownFileType = sourcecode.c.h; path = GCDAsyncSocket.h; sourceTree = "<group>"; };
		BBE7B7B91D6D4CDA00C7F991 /* GCDAsyncSocket.m */ = {isa = PBXFileReference; fileEncoding = 4; lastKnownFileType = sourcecode.c.objc; path = GCDAsyncSocket.m; sourceTree = "<group>"; };
		BBE7B7BA1D6D4CDA00C7F991 /* GCDAsyncUdpSocket.h */ = {isa = PBXFileReference; fileEncoding = 4; lastKnownFileType = sourcecode.c.h; path = GCDAsyncUdpSocket.h; sourceTree = "<group>"; };
		BBE7B7BB1D6D4CDA00C7F991 /* GCDAsyncUdpSocket.m */ = {isa = PBXFileReference; fileEncoding = 4; lastKnownFileType = sourcecode.c.objc; path = GCDAsyncUdpSocket.m; sourceTree = "<group>"; };
		BBE7B7BD1D6D4CDA00C7F991 /* LICENSE */ = {isa = PBXFileReference; fileEncoding = 4; lastKnownFileType = text; path = LICENSE; sourceTree = "<group>"; };
		BBE7B7C01D6D4CDA00C7F991 /* MQTTCFSocketDecoder.h */ = {isa = PBXFileReference; fileEncoding = 4; lastKnownFileType = sourcecode.c.h; path = MQTTCFSocketDecoder.h; sourceTree = "<group>"; };
		BBE7B7C11D6D4CDA00C7F991 /* MQTTCFSocketDecoder.m */ = {isa = PBXFileReference; fileEncoding = 4; lastKnownFileType = sourcecode.c.objc; path = MQTTCFSocketDecoder.m; sourceTree = "<group>"; };
		BBE7B7C21D6D4CDA00C7F991 /* MQTTCFSocketEncoder.h */ = {isa = PBXFileReference; fileEncoding = 4; lastKnownFileType = sourcecode.c.h; path = MQTTCFSocketEncoder.h; sourceTree = "<group>"; };
		BBE7B7C31D6D4CDA00C7F991 /* MQTTCFSocketEncoder.m */ = {isa = PBXFileReference; fileEncoding = 4; lastKnownFileType = sourcecode.c.objc; path = MQTTCFSocketEncoder.m; sourceTree = "<group>"; };
		BBE7B7C41D6D4CDA00C7F991 /* MQTTCFSocketTransport.h */ = {isa = PBXFileReference; fileEncoding = 4; lastKnownFileType = sourcecode.c.h; path = MQTTCFSocketTransport.h; sourceTree = "<group>"; };
		BBE7B7C51D6D4CDA00C7F991 /* MQTTCFSocketTransport.m */ = {isa = PBXFileReference; fileEncoding = 4; lastKnownFileType = sourcecode.c.objc; path = MQTTCFSocketTransport.m; sourceTree = "<group>"; };
		BBE7B7C61D6D4CDA00C7F991 /* MQTTClient.h */ = {isa = PBXFileReference; fileEncoding = 4; lastKnownFileType = sourcecode.c.h; path = MQTTClient.h; sourceTree = "<group>"; };
		BBE7B7C71D6D4CDA00C7F991 /* MQTTCoreDataPersistence.h */ = {isa = PBXFileReference; fileEncoding = 4; lastKnownFileType = sourcecode.c.h; path = MQTTCoreDataPersistence.h; sourceTree = "<group>"; };
		BBE7B7C81D6D4CDA00C7F991 /* MQTTCoreDataPersistence.m */ = {isa = PBXFileReference; fileEncoding = 4; lastKnownFileType = sourcecode.c.objc; path = MQTTCoreDataPersistence.m; sourceTree = "<group>"; };
		BBE7B7C91D6D4CDA00C7F991 /* MQTTDecoder.h */ = {isa = PBXFileReference; fileEncoding = 4; lastKnownFileType = sourcecode.c.h; path = MQTTDecoder.h; sourceTree = "<group>"; };
		BBE7B7CA1D6D4CDA00C7F991 /* MQTTDecoder.m */ = {isa = PBXFileReference; fileEncoding = 4; lastKnownFileType = sourcecode.c.objc; path = MQTTDecoder.m; sourceTree = "<group>"; };
		BBE7B7CB1D6D4CDA00C7F991 /* MQTTInMemoryPersistence.h */ = {isa = PBXFileReference; fileEncoding = 4; lastKnownFileType = sourcecode.c.h; path = MQTTInMemoryPersistence.h; sourceTree = "<group>"; };
		BBE7B7CC1D6D4CDA00C7F991 /* MQTTInMemoryPersistence.m */ = {isa = PBXFileReference; fileEncoding = 4; lastKnownFileType = sourcecode.c.objc; path = MQTTInMemoryPersistence.m; sourceTree = "<group>"; };
		BBE7B7CD1D6D4CDA00C7F991 /* MQTTLog.h */ = {isa = PBXFileReference; fileEncoding = 4; lastKnownFileType = sourcecode.c.h; path = MQTTLog.h; sourceTree = "<group>"; };
		BBE7B7CE1D6D4CDA00C7F991 /* MQTTMessage.h */ = {isa = PBXFileReference; fileEncoding = 4; lastKnownFileType = sourcecode.c.h; path = MQTTMessage.h; sourceTree = "<group>"; };
		BBE7B7CF1D6D4CDA00C7F991 /* MQTTMessage.m */ = {isa = PBXFileReference; fileEncoding = 4; lastKnownFileType = sourcecode.c.objc; path = MQTTMessage.m; sourceTree = "<group>"; };
		BBE7B7D01D6D4CDA00C7F991 /* MQTTPersistence.h */ = {isa = PBXFileReference; fileEncoding = 4; lastKnownFileType = sourcecode.c.h; path = MQTTPersistence.h; sourceTree = "<group>"; };
		BBE7B7D11D6D4CDA00C7F991 /* MQTTSession.h */ = {isa = PBXFileReference; fileEncoding = 4; lastKnownFileType = sourcecode.c.h; path = MQTTSession.h; sourceTree = "<group>"; };
		BBE7B7D21D6D4CDA00C7F991 /* MQTTSession.m */ = {isa = PBXFileReference; fileEncoding = 4; lastKnownFileType = sourcecode.c.objc; path = MQTTSession.m; sourceTree = "<group>"; };
		BBE7B7D31D6D4CDA00C7F991 /* MQTTSessionLegacy.h */ = {isa = PBXFileReference; fileEncoding = 4; lastKnownFileType = sourcecode.c.h; path = MQTTSessionLegacy.h; sourceTree = "<group>"; };
		BBE7B7D41D6D4CDA00C7F991 /* MQTTSessionLegacy.m */ = {isa = PBXFileReference; fileEncoding = 4; lastKnownFileType = sourcecode.c.objc; path = MQTTSessionLegacy.m; sourceTree = "<group>"; };
		BBE7B7D51D6D4CDA00C7F991 /* MQTTSessionManager.h */ = {isa = PBXFileReference; fileEncoding = 4; lastKnownFileType = sourcecode.c.h; path = MQTTSessionManager.h; sourceTree = "<group>"; };
		BBE7B7D61D6D4CDA00C7F991 /* MQTTSessionManager.m */ = {isa = PBXFileReference; fileEncoding = 4; lastKnownFileType = sourcecode.c.objc; path = MQTTSessionManager.m; sourceTree = "<group>"; };
		BBE7B7D71D6D4CDA00C7F991 /* MQTTSessionSynchron.h */ = {isa = PBXFileReference; fileEncoding = 4; lastKnownFileType = sourcecode.c.h; path = MQTTSessionSynchron.h; sourceTree = "<group>"; };
		BBE7B7D81D6D4CDA00C7F991 /* MQTTSessionSynchron.m */ = {isa = PBXFileReference; fileEncoding = 4; lastKnownFileType = sourcecode.c.objc; path = MQTTSessionSynchron.m; sourceTree = "<group>"; };
		BBE7B7D91D6D4CDA00C7F991 /* MQTTSSLSecurityPolicy.h */ = {isa = PBXFileReference; fileEncoding = 4; lastKnownFileType = sourcecode.c.h; path = MQTTSSLSecurityPolicy.h; sourceTree = "<group>"; };
		BBE7B7DA1D6D4CDA00C7F991 /* MQTTSSLSecurityPolicy.m */ = {isa = PBXFileReference; fileEncoding = 4; lastKnownFileType = sourcecode.c.objc; path = MQTTSSLSecurityPolicy.m; sourceTree = "<group>"; };
		BBE7B7DB1D6D4CDA00C7F991 /* MQTTSSLSecurityPolicyDecoder.h */ = {isa = PBXFileReference; fileEncoding = 4; lastKnownFileType = sourcecode.c.h; path = MQTTSSLSecurityPolicyDecoder.h; sourceTree = "<group>"; };
		BBE7B7DC1D6D4CDA00C7F991 /* MQTTSSLSecurityPolicyDecoder.m */ = {isa = PBXFileReference; fileEncoding = 4; lastKnownFileType = sourcecode.c.objc; path = MQTTSSLSecurityPolicyDecoder.m; sourceTree = "<group>"; };
		BBE7B7DD1D6D4CDA00C7F991 /* MQTTSSLSecurityPolicyEncoder.h */ = {isa = PBXFileReference; fileEncoding = 4; lastKnownFileType = sourcecode.c.h; path = MQTTSSLSecurityPolicyEncoder.h; sourceTree = "<group>"; };
		BBE7B7DE1D6D4CDA00C7F991 /* MQTTSSLSecurityPolicyEncoder.m */ = {isa = PBXFileReference; fileEncoding = 4; lastKnownFileType = sourcecode.c.objc; path = MQTTSSLSecurityPolicyEncoder.m; sourceTree = "<group>"; };
		BBE7B7DF1D6D4CDA00C7F991 /* MQTTSSLSecurityPolicyTransport.h */ = {isa = PBXFileReference; fileEncoding = 4; lastKnownFileType = sourcecode.c.h; path = MQTTSSLSecurityPolicyTransport.h; sourceTree = "<group>"; };
		BBE7B7E01D6D4CDA00C7F991 /* MQTTSSLSecurityPolicyTransport.m */ = {isa = PBXFileReference; fileEncoding = 4; lastKnownFileType = sourcecode.c.objc; path = MQTTSSLSecurityPolicyTransport.m; sourceTree = "<group>"; };
		BBE7B7E11D6D4CDA00C7F991 /* MQTTTransport.h */ = {isa = PBXFileReference; fileEncoding = 4; lastKnownFileType = sourcecode.c.h; path = MQTTTransport.h; sourceTree = "<group>"; };
		BBE7B7E21D6D4CDA00C7F991 /* MQTTTransport.m */ = {isa = PBXFileReference; fileEncoding = 4; lastKnownFileType = sourcecode.c.objc; path = MQTTTransport.m; sourceTree = "<group>"; };
		BBE7B7E31D6D4CDA00C7F991 /* README.md */ = {isa = PBXFileReference; fileEncoding = 4; lastKnownFileType = net.daringfireball.markdown; path = README.md; sourceTree = "<group>"; };
		BBE7B7E51D6D4CDA00C7F991 /* LICENSE */ = {isa = PBXFileReference; fileEncoding = 4; lastKnownFileType = text; path = LICENSE; sourceTree = "<group>"; };
		BBE7B7E61D6D4CDA00C7F991 /* README.md */ = {isa = PBXFileReference; fileEncoding = 4; lastKnownFileType = net.daringfireball.markdown; path = README.md; sourceTree = "<group>"; };
		BBE7B7E81D6D4CDA00C7F991 /* NSData+ImageContentType.h */ = {isa = PBXFileReference; fileEncoding = 4; lastKnownFileType = sourcecode.c.h; path = "NSData+ImageContentType.h"; sourceTree = "<group>"; };
		BBE7B7E91D6D4CDA00C7F991 /* NSData+ImageContentType.m */ = {isa = PBXFileReference; fileEncoding = 4; lastKnownFileType = sourcecode.c.objc; path = "NSData+ImageContentType.m"; sourceTree = "<group>"; };
		BBE7B7EA1D6D4CDA00C7F991 /* SDImageCache.h */ = {isa = PBXFileReference; fileEncoding = 4; lastKnownFileType = sourcecode.c.h; path = SDImageCache.h; sourceTree = "<group>"; };
		BBE7B7EB1D6D4CDA00C7F991 /* SDImageCache.m */ = {isa = PBXFileReference; fileEncoding = 4; lastKnownFileType = sourcecode.c.objc; path = SDImageCache.m; sourceTree = "<group>"; };
		BBE7B7EC1D6D4CDA00C7F991 /* SDWebImageCompat.h */ = {isa = PBXFileReference; fileEncoding = 4; lastKnownFileType = sourcecode.c.h; path = SDWebImageCompat.h; sourceTree = "<group>"; };
		BBE7B7ED1D6D4CDA00C7F991 /* SDWebImageCompat.m */ = {isa = PBXFileReference; fileEncoding = 4; lastKnownFileType = sourcecode.c.objc; path = SDWebImageCompat.m; sourceTree = "<group>"; };
		BBE7B7EE1D6D4CDA00C7F991 /* SDWebImageDecoder.h */ = {isa = PBXFileReference; fileEncoding = 4; lastKnownFileType = sourcecode.c.h; path = SDWebImageDecoder.h; sourceTree = "<group>"; };
		BBE7B7EF1D6D4CDA00C7F991 /* SDWebImageDecoder.m */ = {isa = PBXFileReference; fileEncoding = 4; lastKnownFileType = sourcecode.c.objc; path = SDWebImageDecoder.m; sourceTree = "<group>"; };
		BBE7B7F01D6D4CDA00C7F991 /* SDWebImageDownloader.h */ = {isa = PBXFileReference; fileEncoding = 4; lastKnownFileType = sourcecode.c.h; path = SDWebImageDownloader.h; sourceTree = "<group>"; };
		BBE7B7F11D6D4CDA00C7F991 /* SDWebImageDownloader.m */ = {isa = PBXFileReference; fileEncoding = 4; lastKnownFileType = sourcecode.c.objc; path = SDWebImageDownloader.m; sourceTree = "<group>"; };
		BBE7B7F21D6D4CDA00C7F991 /* SDWebImageDownloaderOperation.h */ = {isa = PBXFileReference; fileEncoding = 4; lastKnownFileType = sourcecode.c.h; path = SDWebImageDownloaderOperation.h; sourceTree = "<group>"; };
		BBE7B7F31D6D4CDA00C7F991 /* SDWebImageDownloaderOperation.m */ = {isa = PBXFileReference; fileEncoding = 4; lastKnownFileType = sourcecode.c.objc; path = SDWebImageDownloaderOperation.m; sourceTree = "<group>"; };
		BBE7B7F41D6D4CDA00C7F991 /* SDWebImageManager.h */ = {isa = PBXFileReference; fileEncoding = 4; lastKnownFileType = sourcecode.c.h; path = SDWebImageManager.h; sourceTree = "<group>"; };
		BBE7B7F51D6D4CDA00C7F991 /* SDWebImageManager.m */ = {isa = PBXFileReference; fileEncoding = 4; lastKnownFileType = sourcecode.c.objc; path = SDWebImageManager.m; sourceTree = "<group>"; };
		BBE7B7F61D6D4CDA00C7F991 /* SDWebImageOperation.h */ = {isa = PBXFileReference; fileEncoding = 4; lastKnownFileType = sourcecode.c.h; path = SDWebImageOperation.h; sourceTree = "<group>"; };
		BBE7B7F71D6D4CDA00C7F991 /* SDWebImagePrefetcher.h */ = {isa = PBXFileReference; fileEncoding = 4; lastKnownFileType = sourcecode.c.h; path = SDWebImagePrefetcher.h; sourceTree = "<group>"; };
		BBE7B7F81D6D4CDA00C7F991 /* SDWebImagePrefetcher.m */ = {isa = PBXFileReference; fileEncoding = 4; lastKnownFileType = sourcecode.c.objc; path = SDWebImagePrefetcher.m; sourceTree = "<group>"; };
		BBE7B7F91D6D4CDA00C7F991 /* UIButton+WebCache.h */ = {isa = PBXFileReference; fileEncoding = 4; lastKnownFileType = sourcecode.c.h; path = "UIButton+WebCache.h"; sourceTree = "<group>"; };
		BBE7B7FA1D6D4CDA00C7F991 /* UIButton+WebCache.m */ = {isa = PBXFileReference; fileEncoding = 4; lastKnownFileType = sourcecode.c.objc; path = "UIButton+WebCache.m"; sourceTree = "<group>"; };
		BBE7B7FB1D6D4CDA00C7F991 /* UIImage+GIF.h */ = {isa = PBXFileReference; fileEncoding = 4; lastKnownFileType = sourcecode.c.h; path = "UIImage+GIF.h"; sourceTree = "<group>"; };
		BBE7B7FC1D6D4CDA00C7F991 /* UIImage+GIF.m */ = {isa = PBXFileReference; fileEncoding = 4; lastKnownFileType = sourcecode.c.objc; path = "UIImage+GIF.m"; sourceTree = "<group>"; };
		BBE7B7FD1D6D4CDA00C7F991 /* UIImage+MultiFormat.h */ = {isa = PBXFileReference; fileEncoding = 4; lastKnownFileType = sourcecode.c.h; path = "UIImage+MultiFormat.h"; sourceTree = "<group>"; };
		BBE7B7FE1D6D4CDA00C7F991 /* UIImage+MultiFormat.m */ = {isa = PBXFileReference; fileEncoding = 4; lastKnownFileType = sourcecode.c.objc; path = "UIImage+MultiFormat.m"; sourceTree = "<group>"; };
		BBE7B7FF1D6D4CDA00C7F991 /* UIImageView+HighlightedWebCache.h */ = {isa = PBXFileReference; fileEncoding = 4; lastKnownFileType = sourcecode.c.h; path = "UIImageView+HighlightedWebCache.h"; sourceTree = "<group>"; };
		BBE7B8001D6D4CDA00C7F991 /* UIImageView+HighlightedWebCache.m */ = {isa = PBXFileReference; fileEncoding = 4; lastKnownFileType = sourcecode.c.objc; path = "UIImageView+HighlightedWebCache.m"; sourceTree = "<group>"; };
		BBE7B8011D6D4CDA00C7F991 /* UIImageView+WebCache.h */ = {isa = PBXFileReference; fileEncoding = 4; lastKnownFileType = sourcecode.c.h; path = "UIImageView+WebCache.h"; sourceTree = "<group>"; };
		BBE7B8021D6D4CDA00C7F991 /* UIImageView+WebCache.m */ = {isa = PBXFileReference; fileEncoding = 4; lastKnownFileType = sourcecode.c.objc; path = "UIImageView+WebCache.m"; sourceTree = "<group>"; };
		BBE7B8031D6D4CDA00C7F991 /* UIView+WebCacheOperation.h */ = {isa = PBXFileReference; fileEncoding = 4; lastKnownFileType = sourcecode.c.h; path = "UIView+WebCacheOperation.h"; sourceTree = "<group>"; };
		BBE7B8041D6D4CDA00C7F991 /* UIView+WebCacheOperation.m */ = {isa = PBXFileReference; fileEncoding = 4; lastKnownFileType = sourcecode.c.objc; path = "UIView+WebCacheOperation.m"; sourceTree = "<group>"; };
		BBE7B8401D6D4CE300C7F991 /* DeviceList.storyboard */ = {isa = PBXFileReference; fileEncoding = 4; lastKnownFileType = file.storyboard; path = DeviceList.storyboard; sourceTree = "<group>"; };
		BBE7B8411D6D4CE300C7F991 /* IntoContrlDeviceViewController.h */ = {isa = PBXFileReference; fileEncoding = 4; lastKnownFileType = sourcecode.c.h; path = IntoContrlDeviceViewController.h; sourceTree = "<group>"; };
		BBE7B8421D6D4CE300C7F991 /* IntoContrlDeviceViewController.m */ = {isa = PBXFileReference; fileEncoding = 4; lastKnownFileType = sourcecode.c.objc; path = IntoContrlDeviceViewController.m; sourceTree = "<group>"; };
		BBE7B8431D6D4CE300C7F991 /* IntoCreateDeviceViewController.h */ = {isa = PBXFileReference; fileEncoding = 4; lastKnownFileType = sourcecode.c.h; path = IntoCreateDeviceViewController.h; sourceTree = "<group>"; };
		BBE7B8441D6D4CE300C7F991 /* IntoCreateDeviceViewController.m */ = {isa = PBXFileReference; fileEncoding = 4; lastKnownFileType = sourcecode.c.objc; path = IntoCreateDeviceViewController.m; sourceTree = "<group>"; };
		BBE7B8451D6D4CE300C7F991 /* IntoCreateDeviceViewController.xib */ = {isa = PBXFileReference; fileEncoding = 4; lastKnownFileType = file.xib; path = IntoCreateDeviceViewController.xib; sourceTree = "<group>"; };
		BBE7B8461D6D4CE300C7F991 /* IntoDeviceInfoTableViewController.h */ = {isa = PBXFileReference; fileEncoding = 4; lastKnownFileType = sourcecode.c.h; path = IntoDeviceInfoTableViewController.h; sourceTree = "<group>"; };
		BBE7B8471D6D4CE300C7F991 /* IntoDeviceInfoTableViewController.m */ = {isa = PBXFileReference; fileEncoding = 4; lastKnownFileType = sourcecode.c.objc; path = IntoDeviceInfoTableViewController.m; sourceTree = "<group>"; };
		BBE7B8481D6D4CE300C7F991 /* IntoDeviceModel.h */ = {isa = PBXFileReference; fileEncoding = 4; lastKnownFileType = sourcecode.c.h; path = IntoDeviceModel.h; sourceTree = "<group>"; };
		BBE7B8491D6D4CE300C7F991 /* IntoDeviceModel.m */ = {isa = PBXFileReference; fileEncoding = 4; lastKnownFileType = sourcecode.c.objc; path = IntoDeviceModel.m; sourceTree = "<group>"; };
		BBE7B84A1D6D4CE300C7F991 /* IntoDeviceTableViewCell.h */ = {isa = PBXFileReference; fileEncoding = 4; lastKnownFileType = sourcecode.c.h; path = IntoDeviceTableViewCell.h; sourceTree = "<group>"; };
		BBE7B84B1D6D4CE300C7F991 /* IntoDeviceTableViewCell.m */ = {isa = PBXFileReference; fileEncoding = 4; lastKnownFileType = sourcecode.c.objc; path = IntoDeviceTableViewCell.m; sourceTree = "<group>"; };
		BBE7B84C1D6D4CE300C7F991 /* IntoDeviceTableViewController.h */ = {isa = PBXFileReference; fileEncoding = 4; lastKnownFileType = sourcecode.c.h; path = IntoDeviceTableViewController.h; sourceTree = "<group>"; };
		BBE7B84D1D6D4CE300C7F991 /* IntoDeviceTableViewController.m */ = {isa = PBXFileReference; fileEncoding = 4; lastKnownFileType = sourcecode.c.objc; path = IntoDeviceTableViewController.m; sourceTree = "<group>"; };
		BBE7B8501D6D4CE300C7F991 /* DTKDropdownMenuView.bundle */ = {isa = PBXFileReference; lastKnownFileType = "wrapper.plug-in"; path = DTKDropdownMenuView.bundle; sourceTree = "<group>"; };
		BBE7B8511D6D4CE300C7F991 /* DTKDropdownMenuView.h */ = {isa = PBXFileReference; fileEncoding = 4; lastKnownFileType = sourcecode.c.h; path = DTKDropdownMenuView.h; sourceTree = "<group>"; };
		BBE7B8521D6D4CE300C7F991 /* DTKDropdownMenuView.m */ = {isa = PBXFileReference; fileEncoding = 4; lastKnownFileType = sourcecode.c.objc; path = DTKDropdownMenuView.m; sourceTree = "<group>"; };
		BBE7B8541D6D4CE300C7F991 /* MASCompositeConstraint.h */ = {isa = PBXFileReference; fileEncoding = 4; lastKnownFileType = sourcecode.c.h; path = MASCompositeConstraint.h; sourceTree = "<group>"; };
		BBE7B8551D6D4CE300C7F991 /* MASCompositeConstraint.m */ = {isa = PBXFileReference; fileEncoding = 4; lastKnownFileType = sourcecode.c.objc; path = MASCompositeConstraint.m; sourceTree = "<group>"; };
		BBE7B8561D6D4CE300C7F991 /* MASConstraint+Private.h */ = {isa = PBXFileReference; fileEncoding = 4; lastKnownFileType = sourcecode.c.h; path = "MASConstraint+Private.h"; sourceTree = "<group>"; };
		BBE7B8571D6D4CE300C7F991 /* MASConstraint.h */ = {isa = PBXFileReference; fileEncoding = 4; lastKnownFileType = sourcecode.c.h; path = MASConstraint.h; sourceTree = "<group>"; };
		BBE7B8581D6D4CE300C7F991 /* MASConstraint.m */ = {isa = PBXFileReference; fileEncoding = 4; lastKnownFileType = sourcecode.c.objc; path = MASConstraint.m; sourceTree = "<group>"; };
		BBE7B8591D6D4CE300C7F991 /* MASConstraintMaker.h */ = {isa = PBXFileReference; fileEncoding = 4; lastKnownFileType = sourcecode.c.h; path = MASConstraintMaker.h; sourceTree = "<group>"; };
		BBE7B85A1D6D4CE300C7F991 /* MASConstraintMaker.m */ = {isa = PBXFileReference; fileEncoding = 4; lastKnownFileType = sourcecode.c.objc; path = MASConstraintMaker.m; sourceTree = "<group>"; };
		BBE7B85B1D6D4CE300C7F991 /* MASLayoutConstraint.h */ = {isa = PBXFileReference; fileEncoding = 4; lastKnownFileType = sourcecode.c.h; path = MASLayoutConstraint.h; sourceTree = "<group>"; };
		BBE7B85C1D6D4CE300C7F991 /* MASLayoutConstraint.m */ = {isa = PBXFileReference; fileEncoding = 4; lastKnownFileType = sourcecode.c.objc; path = MASLayoutConstraint.m; sourceTree = "<group>"; };
		BBE7B85D1D6D4CE300C7F991 /* Masonry.h */ = {isa = PBXFileReference; fileEncoding = 4; lastKnownFileType = sourcecode.c.h; path = Masonry.h; sourceTree = "<group>"; };
		BBE7B85E1D6D4CE300C7F991 /* MASUtilities.h */ = {isa = PBXFileReference; fileEncoding = 4; lastKnownFileType = sourcecode.c.h; path = MASUtilities.h; sourceTree = "<group>"; };
		BBE7B85F1D6D4CE300C7F991 /* MASViewAttribute.h */ = {isa = PBXFileReference; fileEncoding = 4; lastKnownFileType = sourcecode.c.h; path = MASViewAttribute.h; sourceTree = "<group>"; };
		BBE7B8601D6D4CE300C7F991 /* MASViewAttribute.m */ = {isa = PBXFileReference; fileEncoding = 4; lastKnownFileType = sourcecode.c.objc; path = MASViewAttribute.m; sourceTree = "<group>"; };
		BBE7B8611D6D4CE300C7F991 /* MASViewConstraint.h */ = {isa = PBXFileReference; fileEncoding = 4; lastKnownFileType = sourcecode.c.h; path = MASViewConstraint.h; sourceTree = "<group>"; };
		BBE7B8621D6D4CE300C7F991 /* MASViewConstraint.m */ = {isa = PBXFileReference; fileEncoding = 4; lastKnownFileType = sourcecode.c.objc; path = MASViewConstraint.m; sourceTree = "<group>"; };
		BBE7B8631D6D4CE300C7F991 /* NSArray+MASAdditions.h */ = {isa = PBXFileReference; fileEncoding = 4; lastKnownFileType = sourcecode.c.h; path = "NSArray+MASAdditions.h"; sourceTree = "<group>"; };
		BBE7B8641D6D4CE300C7F991 /* NSArray+MASAdditions.m */ = {isa = PBXFileReference; fileEncoding = 4; lastKnownFileType = sourcecode.c.objc; path = "NSArray+MASAdditions.m"; sourceTree = "<group>"; };
		BBE7B8651D6D4CE300C7F991 /* NSArray+MASShorthandAdditions.h */ = {isa = PBXFileReference; fileEncoding = 4; lastKnownFileType = sourcecode.c.h; path = "NSArray+MASShorthandAdditions.h"; sourceTree = "<group>"; };
		BBE7B8661D6D4CE300C7F991 /* NSLayoutConstraint+MASDebugAdditions.h */ = {isa = PBXFileReference; fileEncoding = 4; lastKnownFileType = sourcecode.c.h; path = "NSLayoutConstraint+MASDebugAdditions.h"; sourceTree = "<group>"; };
		BBE7B8671D6D4CE300C7F991 /* NSLayoutConstraint+MASDebugAdditions.m */ = {isa = PBXFileReference; fileEncoding = 4; lastKnownFileType = sourcecode.c.objc; path = "NSLayoutConstraint+MASDebugAdditions.m"; sourceTree = "<group>"; };
		BBE7B8681D6D4CE300C7F991 /* View+MASAdditions.h */ = {isa = PBXFileReference; fileEncoding = 4; lastKnownFileType = sourcecode.c.h; path = "View+MASAdditions.h"; sourceTree = "<group>"; };
		BBE7B8691D6D4CE300C7F991 /* View+MASAdditions.m */ = {isa = PBXFileReference; fileEncoding = 4; lastKnownFileType = sourcecode.c.objc; path = "View+MASAdditions.m"; sourceTree = "<group>"; };
		BBE7B86A1D6D4CE300C7F991 /* View+MASShorthandAdditions.h */ = {isa = PBXFileReference; fileEncoding = 4; lastKnownFileType = sourcecode.c.h; path = "View+MASShorthandAdditions.h"; sourceTree = "<group>"; };
		BBE7B86B1D6D4CE300C7F991 /* ViewController+MASAdditions.h */ = {isa = PBXFileReference; fileEncoding = 4; lastKnownFileType = sourcecode.c.h; path = "ViewController+MASAdditions.h"; sourceTree = "<group>"; };
		BBE7B86C1D6D4CE300C7F991 /* ViewController+MASAdditions.m */ = {isa = PBXFileReference; fileEncoding = 4; lastKnownFileType = sourcecode.c.objc; path = "ViewController+MASAdditions.m"; sourceTree = "<group>"; };
		BBE7B86E1D6D4CE300C7F991 /* MBProgressHUD+IntoRobot.h */ = {isa = PBXFileReference; fileEncoding = 4; lastKnownFileType = sourcecode.c.h; path = "MBProgressHUD+IntoRobot.h"; sourceTree = "<group>"; };
		BBE7B86F1D6D4CE300C7F991 /* MBProgressHUD+IntoRobot.m */ = {isa = PBXFileReference; fileEncoding = 4; lastKnownFileType = sourcecode.c.objc; path = "MBProgressHUD+IntoRobot.m"; sourceTree = "<group>"; };
		BBE7B8701D6D4CE300C7F991 /* MBProgressHUD.bundle */ = {isa = PBXFileReference; lastKnownFileType = "wrapper.plug-in"; path = MBProgressHUD.bundle; sourceTree = "<group>"; };
		BBE7B8711D6D4CE300C7F991 /* MBProgressHUD.h */ = {isa = PBXFileReference; fileEncoding = 4; lastKnownFileType = sourcecode.c.h; path = MBProgressHUD.h; sourceTree = "<group>"; };
		BBE7B8721D6D4CE300C7F991 /* MBProgressHUD.m */ = {isa = PBXFileReference; fileEncoding = 4; lastKnownFileType = sourcecode.c.objc; path = MBProgressHUD.m; sourceTree = "<group>"; };
		BBE7B8741D6D4CE300C7F991 /* MJExtension.h */ = {isa = PBXFileReference; fileEncoding = 4; lastKnownFileType = sourcecode.c.h; path = MJExtension.h; sourceTree = "<group>"; };
		BBE7B8751D6D4CE300C7F991 /* MJExtensionConst.h */ = {isa = PBXFileReference; fileEncoding = 4; lastKnownFileType = sourcecode.c.h; path = MJExtensionConst.h; sourceTree = "<group>"; };
		BBE7B8761D6D4CE300C7F991 /* MJExtensionConst.m */ = {isa = PBXFileReference; fileEncoding = 4; lastKnownFileType = sourcecode.c.objc; path = MJExtensionConst.m; sourceTree = "<group>"; };
		BBE7B8771D6D4CE300C7F991 /* MJFoundation.h */ = {isa = PBXFileReference; fileEncoding = 4; lastKnownFileType = sourcecode.c.h; path = MJFoundation.h; sourceTree = "<group>"; };
		BBE7B8781D6D4CE300C7F991 /* MJFoundation.m */ = {isa = PBXFileReference; fileEncoding = 4; lastKnownFileType = sourcecode.c.objc; path = MJFoundation.m; sourceTree = "<group>"; };
		BBE7B8791D6D4CE300C7F991 /* MJProperty.h */ = {isa = PBXFileReference; fileEncoding = 4; lastKnownFileType = sourcecode.c.h; path = MJProperty.h; sourceTree = "<group>"; };
		BBE7B87A1D6D4CE300C7F991 /* MJProperty.m */ = {isa = PBXFileReference; fileEncoding = 4; lastKnownFileType = sourcecode.c.objc; path = MJProperty.m; sourceTree = "<group>"; };
		BBE7B87B1D6D4CE300C7F991 /* MJPropertyKey.h */ = {isa = PBXFileReference; fileEncoding = 4; lastKnownFileType = sourcecode.c.h; path = MJPropertyKey.h; sourceTree = "<group>"; };
		BBE7B87C1D6D4CE300C7F991 /* MJPropertyKey.m */ = {isa = PBXFileReference; fileEncoding = 4; lastKnownFileType = sourcecode.c.objc; path = MJPropertyKey.m; sourceTree = "<group>"; };
		BBE7B87D1D6D4CE300C7F991 /* MJPropertyType.h */ = {isa = PBXFileReference; fileEncoding = 4; lastKnownFileType = sourcecode.c.h; path = MJPropertyType.h; sourceTree = "<group>"; };
		BBE7B87E1D6D4CE300C7F991 /* MJPropertyType.m */ = {isa = PBXFileReference; fileEncoding = 4; lastKnownFileType = sourcecode.c.objc; path = MJPropertyType.m; sourceTree = "<group>"; };
		BBE7B87F1D6D4CE300C7F991 /* NSObject+MJClass.h */ = {isa = PBXFileReference; fileEncoding = 4; lastKnownFileType = sourcecode.c.h; path = "NSObject+MJClass.h"; sourceTree = "<group>"; };
		BBE7B8801D6D4CE300C7F991 /* NSObject+MJClass.m */ = {isa = PBXFileReference; fileEncoding = 4; lastKnownFileType = sourcecode.c.objc; path = "NSObject+MJClass.m"; sourceTree = "<group>"; };
		BBE7B8811D6D4CE300C7F991 /* NSObject+MJCoding.h */ = {isa = PBXFileReference; fileEncoding = 4; lastKnownFileType = sourcecode.c.h; path = "NSObject+MJCoding.h"; sourceTree = "<group>"; };
		BBE7B8821D6D4CE300C7F991 /* NSObject+MJCoding.m */ = {isa = PBXFileReference; fileEncoding = 4; lastKnownFileType = sourcecode.c.objc; path = "NSObject+MJCoding.m"; sourceTree = "<group>"; };
		BBE7B8831D6D4CE300C7F991 /* NSObject+MJKeyValue.h */ = {isa = PBXFileReference; fileEncoding = 4; lastKnownFileType = sourcecode.c.h; path = "NSObject+MJKeyValue.h"; sourceTree = "<group>"; };
		BBE7B8841D6D4CE300C7F991 /* NSObject+MJKeyValue.m */ = {isa = PBXFileReference; fileEncoding = 4; lastKnownFileType = sourcecode.c.objc; path = "NSObject+MJKeyValue.m"; sourceTree = "<group>"; };
		BBE7B8851D6D4CE300C7F991 /* NSObject+MJProperty.h */ = {isa = PBXFileReference; fileEncoding = 4; lastKnownFileType = sourcecode.c.h; path = "NSObject+MJProperty.h"; sourceTree = "<group>"; };
		BBE7B8861D6D4CE300C7F991 /* NSObject+MJProperty.m */ = {isa = PBXFileReference; fileEncoding = 4; lastKnownFileType = sourcecode.c.objc; path = "NSObject+MJProperty.m"; sourceTree = "<group>"; };
		BBE7B8871D6D4CE300C7F991 /* NSString+MJExtension.h */ = {isa = PBXFileReference; fileEncoding = 4; lastKnownFileType = sourcecode.c.h; path = "NSString+MJExtension.h"; sourceTree = "<group>"; };
		BBE7B8881D6D4CE300C7F991 /* NSString+MJExtension.m */ = {isa = PBXFileReference; fileEncoding = 4; lastKnownFileType = sourcecode.c.objc; path = "NSString+MJExtension.m"; sourceTree = "<group>"; };
		BBE7B88A1D6D4CE300C7F991 /* IntoPersionTableViewController.h */ = {isa = PBXFileReference; fileEncoding = 4; lastKnownFileType = sourcecode.c.h; path = IntoPersionTableViewController.h; sourceTree = "<group>"; };
		BBE7B88B1D6D4CE300C7F991 /* IntoPersionTableViewController.m */ = {isa = PBXFileReference; fileEncoding = 4; lastKnownFileType = sourcecode.c.objc; path = IntoPersionTableViewController.m; sourceTree = "<group>"; };
		BBE7B88C1D6D4CE300C7F991 /* IntoRegisterViewController.h */ = {isa = PBXFileReference; fileEncoding = 4; lastKnownFileType = sourcecode.c.h; path = IntoRegisterViewController.h; sourceTree = "<group>"; };
		BBE7B88D1D6D4CE300C7F991 /* IntoRegisterViewController.m */ = {isa = PBXFileReference; fileEncoding = 4; lastKnownFileType = sourcecode.c.objc; path = IntoRegisterViewController.m; sourceTree = "<group>"; };
		BBE7B88E1D6D4CE300C7F991 /* IntoResetPWViewController.h */ = {isa = PBXFileReference; fileEncoding = 4; lastKnownFileType = sourcecode.c.h; path = IntoResetPWViewController.h; sourceTree = "<group>"; };
		BBE7B88F1D6D4CE300C7F991 /* IntoResetPWViewController.m */ = {isa = PBXFileReference; fileEncoding = 4; lastKnownFileType = sourcecode.c.objc; path = IntoResetPWViewController.m; sourceTree = "<group>"; };
		BBE7B8901D6D4CE300C7F991 /* Main.storyboard */ = {isa = PBXFileReference; fileEncoding = 4; lastKnownFileType = file.storyboard; path = Main.storyboard; sourceTree = "<group>"; };
		BBE7B8911D6D4CE300C7F991 /* ResetPW.storyboard */ = {isa = PBXFileReference; fileEncoding = 4; lastKnownFileType = file.storyboard; path = ResetPW.storyboard; sourceTree = "<group>"; };
		BBE7B8921D6D4CE300C7F991 /* Rigister.storyboard */ = {isa = PBXFileReference; fileEncoding = 4; lastKnownFileType = file.storyboard; path = Rigister.storyboard; sourceTree = "<group>"; };
		BBE7B8931D6D4CE300C7F991 /* ViewController.h */ = {isa = PBXFileReference; fileEncoding = 4; lastKnownFileType = sourcecode.c.h; path = ViewController.h; sourceTree = "<group>"; };
		BBE7B8941D6D4CE300C7F991 /* ViewController.m */ = {isa = PBXFileReference; fileEncoding = 4; lastKnownFileType = sourcecode.c.objc; path = ViewController.m; sourceTree = "<group>"; };
		BBE7B8BD1D6D4CED00C7F991 /* AppDelegate.h */ = {isa = PBXFileReference; fileEncoding = 4; lastKnownFileType = sourcecode.c.h; path = AppDelegate.h; sourceTree = "<group>"; };
		BBE7B8BE1D6D4CEE00C7F991 /* AppDelegate.m */ = {isa = PBXFileReference; fileEncoding = 4; lastKnownFileType = sourcecode.c.objc; path = AppDelegate.m; sourceTree = "<group>"; };
/* End PBXFileReference section */

/* Begin PBXFrameworksBuildPhase section */
		BBE7B73B1D6D4C5900C7F991 /* Frameworks */ = {
			isa = PBXFrameworksBuildPhase;
			buildActionMask = 2147483647;
			files = (
				BBE7B8051D6D4CDA00C7F991 /* IntoRobot.a in Frameworks */,
			);
			runOnlyForDeploymentPostprocessing = 0;
		};
		BBE7B7541D6D4C5900C7F991 /* Frameworks */ = {
			isa = PBXFrameworksBuildPhase;
			buildActionMask = 2147483647;
			files = (
			);
			runOnlyForDeploymentPostprocessing = 0;
		};
		BBE7B75F1D6D4C5900C7F991 /* Frameworks */ = {
			isa = PBXFrameworksBuildPhase;
			buildActionMask = 2147483647;
			files = (
			);
			runOnlyForDeploymentPostprocessing = 0;
		};
/* End PBXFrameworksBuildPhase section */

/* Begin PBXGroup section */
		BBE7B7351D6D4C5900C7F991 = {
			isa = PBXGroup;
			children = (
				BBE7B7401D6D4C5900C7F991 /* IntoRobotSDKDemo */,
				BBE7B75A1D6D4C5900C7F991 /* IntoRobotSDKDemoTests */,
				BBE7B7651D6D4C5900C7F991 /* IntoRobotSDKDemoUITests */,
				BBE7B73F1D6D4C5900C7F991 /* Products */,
			);
			sourceTree = "<group>";
		};
		BBE7B73F1D6D4C5900C7F991 /* Products */ = {
			isa = PBXGroup;
			children = (
				BBE7B73E1D6D4C5900C7F991 /* IntoRobotSDKDemo.app */,
				BBE7B7571D6D4C5900C7F991 /* IntoRobotSDKDemoTests.xctest */,
				BBE7B7621D6D4C5900C7F991 /* IntoRobotSDKDemoUITests.xctest */,
			);
			name = Products;
			sourceTree = "<group>";
		};
		BBE7B7401D6D4C5900C7F991 /* IntoRobotSDKDemo */ = {
			isa = PBXGroup;
			children = (
				BBE7B83E1D6D4CE300C7F991 /* Classes */,
				BBE7B7741D6D4CDA00C7F991 /* IntoRobotSDK */,
				BBE7B78D1D6D4CDA00C7F991 /* Lib */,
				BBE7B8BD1D6D4CED00C7F991 /* AppDelegate.h */,
				BBE7B8BE1D6D4CEE00C7F991 /* AppDelegate.m */,
				BBE7B74D1D6D4C5900C7F991 /* Assets.xcassets */,
				BBE7B74F1D6D4C5900C7F991 /* LaunchScreen.storyboard */,
				BBE7B7521D6D4C5900C7F991 /* Info.plist */,
				BBE7B7411D6D4C5900C7F991 /* Supporting Files */,
			);
			path = IntoRobotSDKDemo;
			sourceTree = "<group>";
		};
		BBE7B7411D6D4C5900C7F991 /* Supporting Files */ = {
			isa = PBXGroup;
			children = (
				BBE7B7421D6D4C5900C7F991 /* main.m */,
			);
			name = "Supporting Files";
			sourceTree = "<group>";
		};
		BBE7B75A1D6D4C5900C7F991 /* IntoRobotSDKDemoTests */ = {
			isa = PBXGroup;
			children = (
				BBE7B75B1D6D4C5900C7F991 /* IntoRobotSDKDemoTests.m */,
				BBE7B75D1D6D4C5900C7F991 /* Info.plist */,
			);
			path = IntoRobotSDKDemoTests;
			sourceTree = "<group>";
		};
		BBE7B7651D6D4C5900C7F991 /* IntoRobotSDKDemoUITests */ = {
			isa = PBXGroup;
			children = (
				BBE7B7661D6D4C5900C7F991 /* IntoRobotSDKDemoUITests.m */,
				BBE7B7681D6D4C5900C7F991 /* Info.plist */,
			);
			path = IntoRobotSDKDemoUITests;
			sourceTree = "<group>";
		};
		BBE7B7741D6D4CDA00C7F991 /* IntoRobotSDK */ = {
			isa = PBXGroup;
			children = (
				BBE7B7751D6D4CDA00C7F991 /* ESP_ByteUtil.h */,
				BBE7B7761D6D4CDA00C7F991 /* ESP_CRC8.h */,
				BBE7B7771D6D4CDA00C7F991 /* ESP_NetUtil.h */,
				BBE7B7781D6D4CDA00C7F991 /* ESPDataCode.h */,
				BBE7B7791D6D4CDA00C7F991 /* ESPDatumCode.h */,
				BBE7B77A1D6D4CDA00C7F991 /* ESPGuideCode.h */,
				BBE7B77B1D6D4CDA00C7F991 /* ESPTouchDelegate.h */,
				BBE7B77C1D6D4CDA00C7F991 /* ESPTouchGenerator.h */,
				BBE7B77D1D6D4CDA00C7F991 /* ESPTouchResult.h */,
				BBE7B77E1D6D4CDA00C7F991 /* ESPTouchTask.h */,
				BBE7B77F1D6D4CDA00C7F991 /* ESPTouchTaskParameter.h */,
				BBE7B7801D6D4CDA00C7F991 /* ESPUDPSocketClient.h */,
				BBE7B7811D6D4CDA00C7F991 /* ESPUDPSocketServer.h */,
				BBE7B7821D6D4CDA00C7F991 /* IntoRobot.a */,
				BBE7B7831D6D4CDA00C7F991 /* IntoRobotAPIManager.h */,
				BBE7B7841D6D4CDA00C7F991 /* IntoRobotIMLinkManager.h */,
				BBE7B7851D6D4CDA00C7F991 /* IntoRobotMQTTManager.h */,
				BBE7B7861D6D4CDA00C7F991 /* IntoRobotSDK.h */,
				BBE7B7871D6D4CDA00C7F991 /* IntoRobotSDKErrorInfo.h */,
				BBE7B7881D6D4CDA00C7F991 /* IntoRobotSDKManager.h */,
				BBE7B7891D6D4CDA00C7F991 /* IPAddress.c */,
				BBE7B78A1D6D4CDA00C7F991 /* IPAddress.h */,
				BBE7B78B1D6D4CDA00C7F991 /* NSString+MLString.h */,
				BBE7B78C1D6D4CDA00C7F991 /* NSString+MLString.m */,
			);
			path = IntoRobotSDK;
			sourceTree = "<group>";
		};
		BBE7B78D1D6D4CDA00C7F991 /* Lib */ = {
			isa = PBXGroup;
			children = (
				BBE7B78E1D6D4CDA00C7F991 /* AFNetworking */,
				BBE7B7B41D6D4CDA00C7F991 /* CocoaAsyncSocket */,
				BBE7B7BC1D6D4CDA00C7F991 /* MQTTClient */,
				BBE7B7E41D6D4CDA00C7F991 /* SDWebImage */,
			);
			path = Lib;
			sourceTree = "<group>";
		};
		BBE7B78E1D6D4CDA00C7F991 /* AFNetworking */ = {
			isa = PBXGroup;
			children = (
				BBE7B78F1D6D4CDA00C7F991 /* AFNetworking */,
				BBE7B79D1D6D4CDA00C7F991 /* LICENSE */,
				BBE7B79E1D6D4CDA00C7F991 /* README.md */,
				BBE7B79F1D6D4CDA00C7F991 /* UIKit+AFNetworking */,
			);
			path = AFNetworking;
			sourceTree = "<group>";
		};
		BBE7B78F1D6D4CDA00C7F991 /* AFNetworking */ = {
			isa = PBXGroup;
			children = (
				BBE7B7901D6D4CDA00C7F991 /* AFHTTPSessionManager.h */,
				BBE7B7911D6D4CDA00C7F991 /* AFHTTPSessionManager.m */,
				BBE7B7921D6D4CDA00C7F991 /* AFNetworking.h */,
				BBE7B7931D6D4CDA00C7F991 /* AFNetworkReachabilityManager.h */,
				BBE7B7941D6D4CDA00C7F991 /* AFNetworkReachabilityManager.m */,
				BBE7B7951D6D4CDA00C7F991 /* AFSecurityPolicy.h */,
				BBE7B7961D6D4CDA00C7F991 /* AFSecurityPolicy.m */,
				BBE7B7971D6D4CDA00C7F991 /* AFURLRequestSerialization.h */,
				BBE7B7981D6D4CDA00C7F991 /* AFURLRequestSerialization.m */,
				BBE7B7991D6D4CDA00C7F991 /* AFURLResponseSerialization.h */,
				BBE7B79A1D6D4CDA00C7F991 /* AFURLResponseSerialization.m */,
				BBE7B79B1D6D4CDA00C7F991 /* AFURLSessionManager.h */,
				BBE7B79C1D6D4CDA00C7F991 /* AFURLSessionManager.m */,
			);
			path = AFNetworking;
			sourceTree = "<group>";
		};
		BBE7B79F1D6D4CDA00C7F991 /* UIKit+AFNetworking */ = {
			isa = PBXGroup;
			children = (
				BBE7B7A01D6D4CDA00C7F991 /* AFAutoPurgingImageCache.h */,
				BBE7B7A11D6D4CDA00C7F991 /* AFAutoPurgingImageCache.m */,
				BBE7B7A21D6D4CDA00C7F991 /* AFImageDownloader.h */,
				BBE7B7A31D6D4CDA00C7F991 /* AFImageDownloader.m */,
				BBE7B7A41D6D4CDA00C7F991 /* AFNetworkActivityIndicatorManager.h */,
				BBE7B7A51D6D4CDA00C7F991 /* AFNetworkActivityIndicatorManager.m */,
				BBE7B7A61D6D4CDA00C7F991 /* UIActivityIndicatorView+AFNetworking.h */,
				BBE7B7A71D6D4CDA00C7F991 /* UIActivityIndicatorView+AFNetworking.m */,
				BBE7B7A81D6D4CDA00C7F991 /* UIButton+AFNetworking.h */,
				BBE7B7A91D6D4CDA00C7F991 /* UIButton+AFNetworking.m */,
				BBE7B7AA1D6D4CDA00C7F991 /* UIImage+AFNetworking.h */,
				BBE7B7AB1D6D4CDA00C7F991 /* UIImageView+AFNetworking.h */,
				BBE7B7AC1D6D4CDA00C7F991 /* UIImageView+AFNetworking.m */,
				BBE7B7AD1D6D4CDA00C7F991 /* UIKit+AFNetworking.h */,
				BBE7B7AE1D6D4CDA00C7F991 /* UIProgressView+AFNetworking.h */,
				BBE7B7AF1D6D4CDA00C7F991 /* UIProgressView+AFNetworking.m */,
				BBE7B7B01D6D4CDA00C7F991 /* UIRefreshControl+AFNetworking.h */,
				BBE7B7B11D6D4CDA00C7F991 /* UIRefreshControl+AFNetworking.m */,
				BBE7B7B21D6D4CDA00C7F991 /* UIWebView+AFNetworking.h */,
				BBE7B7B31D6D4CDA00C7F991 /* UIWebView+AFNetworking.m */,
			);
			path = "UIKit+AFNetworking";
			sourceTree = "<group>";
		};
		BBE7B7B41D6D4CDA00C7F991 /* CocoaAsyncSocket */ = {
			isa = PBXGroup;
			children = (
				BBE7B7B51D6D4CDA00C7F991 /* README.markdown */,
				BBE7B7B61D6D4CDA00C7F991 /* Source */,
			);
			path = CocoaAsyncSocket;
			sourceTree = "<group>";
		};
		BBE7B7B61D6D4CDA00C7F991 /* Source */ = {
			isa = PBXGroup;
			children = (
				BBE7B7B71D6D4CDA00C7F991 /* GCD */,
			);
			path = Source;
			sourceTree = "<group>";
		};
		BBE7B7B71D6D4CDA00C7F991 /* GCD */ = {
			isa = PBXGroup;
			children = (
				BBE7B7B81D6D4CDA00C7F991 /* GCDAsyncSocket.h */,
				BBE7B7B91D6D4CDA00C7F991 /* GCDAsyncSocket.m */,
				BBE7B7BA1D6D4CDA00C7F991 /* GCDAsyncUdpSocket.h */,
				BBE7B7BB1D6D4CDA00C7F991 /* GCDAsyncUdpSocket.m */,
			);
			path = GCD;
			sourceTree = "<group>";
		};
		BBE7B7BC1D6D4CDA00C7F991 /* MQTTClient */ = {
			isa = PBXGroup;
			children = (
				BBE7B7BD1D6D4CDA00C7F991 /* LICENSE */,
				BBE7B7BE1D6D4CDA00C7F991 /* MQTTClient */,
				BBE7B7E31D6D4CDA00C7F991 /* README.md */,
			);
			path = MQTTClient;
			sourceTree = "<group>";
		};
		BBE7B7BE1D6D4CDA00C7F991 /* MQTTClient */ = {
			isa = PBXGroup;
			children = (
				BBE7B7BF1D6D4CDA00C7F991 /* MQTTClient */,
			);
			path = MQTTClient;
			sourceTree = "<group>";
		};
		BBE7B7BF1D6D4CDA00C7F991 /* MQTTClient */ = {
			isa = PBXGroup;
			children = (
				BBE7B7C01D6D4CDA00C7F991 /* MQTTCFSocketDecoder.h */,
				BBE7B7C11D6D4CDA00C7F991 /* MQTTCFSocketDecoder.m */,
				BBE7B7C21D6D4CDA00C7F991 /* MQTTCFSocketEncoder.h */,
				BBE7B7C31D6D4CDA00C7F991 /* MQTTCFSocketEncoder.m */,
				BBE7B7C41D6D4CDA00C7F991 /* MQTTCFSocketTransport.h */,
				BBE7B7C51D6D4CDA00C7F991 /* MQTTCFSocketTransport.m */,
				BBE7B7C61D6D4CDA00C7F991 /* MQTTClient.h */,
				BBE7B7C71D6D4CDA00C7F991 /* MQTTCoreDataPersistence.h */,
				BBE7B7C81D6D4CDA00C7F991 /* MQTTCoreDataPersistence.m */,
				BBE7B7C91D6D4CDA00C7F991 /* MQTTDecoder.h */,
				BBE7B7CA1D6D4CDA00C7F991 /* MQTTDecoder.m */,
				BBE7B7CB1D6D4CDA00C7F991 /* MQTTInMemoryPersistence.h */,
				BBE7B7CC1D6D4CDA00C7F991 /* MQTTInMemoryPersistence.m */,
				BBE7B7CD1D6D4CDA00C7F991 /* MQTTLog.h */,
				BBE7B7CE1D6D4CDA00C7F991 /* MQTTMessage.h */,
				BBE7B7CF1D6D4CDA00C7F991 /* MQTTMessage.m */,
				BBE7B7D01D6D4CDA00C7F991 /* MQTTPersistence.h */,
				BBE7B7D11D6D4CDA00C7F991 /* MQTTSession.h */,
				BBE7B7D21D6D4CDA00C7F991 /* MQTTSession.m */,
				BBE7B7D31D6D4CDA00C7F991 /* MQTTSessionLegacy.h */,
				BBE7B7D41D6D4CDA00C7F991 /* MQTTSessionLegacy.m */,
				BBE7B7D51D6D4CDA00C7F991 /* MQTTSessionManager.h */,
				BBE7B7D61D6D4CDA00C7F991 /* MQTTSessionManager.m */,
				BBE7B7D71D6D4CDA00C7F991 /* MQTTSessionSynchron.h */,
				BBE7B7D81D6D4CDA00C7F991 /* MQTTSessionSynchron.m */,
				BBE7B7D91D6D4CDA00C7F991 /* MQTTSSLSecurityPolicy.h */,
				BBE7B7DA1D6D4CDA00C7F991 /* MQTTSSLSecurityPolicy.m */,
				BBE7B7DB1D6D4CDA00C7F991 /* MQTTSSLSecurityPolicyDecoder.h */,
				BBE7B7DC1D6D4CDA00C7F991 /* MQTTSSLSecurityPolicyDecoder.m */,
				BBE7B7DD1D6D4CDA00C7F991 /* MQTTSSLSecurityPolicyEncoder.h */,
				BBE7B7DE1D6D4CDA00C7F991 /* MQTTSSLSecurityPolicyEncoder.m */,
				BBE7B7DF1D6D4CDA00C7F991 /* MQTTSSLSecurityPolicyTransport.h */,
				BBE7B7E01D6D4CDA00C7F991 /* MQTTSSLSecurityPolicyTransport.m */,
				BBE7B7E11D6D4CDA00C7F991 /* MQTTTransport.h */,
				BBE7B7E21D6D4CDA00C7F991 /* MQTTTransport.m */,
			);
			path = MQTTClient;
			sourceTree = "<group>";
		};
		BBE7B7E41D6D4CDA00C7F991 /* SDWebImage */ = {
			isa = PBXGroup;
			children = (
				BBE7B7E51D6D4CDA00C7F991 /* LICENSE */,
				BBE7B7E61D6D4CDA00C7F991 /* README.md */,
				BBE7B7E71D6D4CDA00C7F991 /* SDWebImage */,
			);
			path = SDWebImage;
			sourceTree = "<group>";
		};
		BBE7B7E71D6D4CDA00C7F991 /* SDWebImage */ = {
			isa = PBXGroup;
			children = (
				BBE7B7E81D6D4CDA00C7F991 /* NSData+ImageContentType.h */,
				BBE7B7E91D6D4CDA00C7F991 /* NSData+ImageContentType.m */,
				BBE7B7EA1D6D4CDA00C7F991 /* SDImageCache.h */,
				BBE7B7EB1D6D4CDA00C7F991 /* SDImageCache.m */,
				BBE7B7EC1D6D4CDA00C7F991 /* SDWebImageCompat.h */,
				BBE7B7ED1D6D4CDA00C7F991 /* SDWebImageCompat.m */,
				BBE7B7EE1D6D4CDA00C7F991 /* SDWebImageDecoder.h */,
				BBE7B7EF1D6D4CDA00C7F991 /* SDWebImageDecoder.m */,
				BBE7B7F01D6D4CDA00C7F991 /* SDWebImageDownloader.h */,
				BBE7B7F11D6D4CDA00C7F991 /* SDWebImageDownloader.m */,
				BBE7B7F21D6D4CDA00C7F991 /* SDWebImageDownloaderOperation.h */,
				BBE7B7F31D6D4CDA00C7F991 /* SDWebImageDownloaderOperation.m */,
				BBE7B7F41D6D4CDA00C7F991 /* SDWebImageManager.h */,
				BBE7B7F51D6D4CDA00C7F991 /* SDWebImageManager.m */,
				BBE7B7F61D6D4CDA00C7F991 /* SDWebImageOperation.h */,
				BBE7B7F71D6D4CDA00C7F991 /* SDWebImagePrefetcher.h */,
				BBE7B7F81D6D4CDA00C7F991 /* SDWebImagePrefetcher.m */,
				BBE7B7F91D6D4CDA00C7F991 /* UIButton+WebCache.h */,
				BBE7B7FA1D6D4CDA00C7F991 /* UIButton+WebCache.m */,
				BBE7B7FB1D6D4CDA00C7F991 /* UIImage+GIF.h */,
				BBE7B7FC1D6D4CDA00C7F991 /* UIImage+GIF.m */,
				BBE7B7FD1D6D4CDA00C7F991 /* UIImage+MultiFormat.h */,
				BBE7B7FE1D6D4CDA00C7F991 /* UIImage+MultiFormat.m */,
				BBE7B7FF1D6D4CDA00C7F991 /* UIImageView+HighlightedWebCache.h */,
				BBE7B8001D6D4CDA00C7F991 /* UIImageView+HighlightedWebCache.m */,
				BBE7B8011D6D4CDA00C7F991 /* UIImageView+WebCache.h */,
				BBE7B8021D6D4CDA00C7F991 /* UIImageView+WebCache.m */,
				BBE7B8031D6D4CDA00C7F991 /* UIView+WebCacheOperation.h */,
				BBE7B8041D6D4CDA00C7F991 /* UIView+WebCacheOperation.m */,
			);
			path = SDWebImage;
			sourceTree = "<group>";
		};
		BBE7B83E1D6D4CE300C7F991 /* Classes */ = {
			isa = PBXGroup;
			children = (
				BBE7B83F1D6D4CE300C7F991 /* Device */,
				BBE7B84E1D6D4CE300C7F991 /* lib */,
				BBE7B8891D6D4CE300C7F991 /* login */,
			);
			path = Classes;
			sourceTree = "<group>";
		};
		BBE7B83F1D6D4CE300C7F991 /* Device */ = {
			isa = PBXGroup;
			children = (
				BBE7B8401D6D4CE300C7F991 /* DeviceList.storyboard */,
				BBE7B8411D6D4CE300C7F991 /* IntoContrlDeviceViewController.h */,
				BBE7B8421D6D4CE300C7F991 /* IntoContrlDeviceViewController.m */,
				BBE7B8431D6D4CE300C7F991 /* IntoCreateDeviceViewController.h */,
				BBE7B8441D6D4CE300C7F991 /* IntoCreateDeviceViewController.m */,
				BBE7B8451D6D4CE300C7F991 /* IntoCreateDeviceViewController.xib */,
				BBE7B8461D6D4CE300C7F991 /* IntoDeviceInfoTableViewController.h */,
				BBE7B8471D6D4CE300C7F991 /* IntoDeviceInfoTableViewController.m */,
				BBE7B8481D6D4CE300C7F991 /* IntoDeviceModel.h */,
				BBE7B8491D6D4CE300C7F991 /* IntoDeviceModel.m */,
				BBE7B84A1D6D4CE300C7F991 /* IntoDeviceTableViewCell.h */,
				BBE7B84B1D6D4CE300C7F991 /* IntoDeviceTableViewCell.m */,
				BBE7B84C1D6D4CE300C7F991 /* IntoDeviceTableViewController.h */,
				BBE7B84D1D6D4CE300C7F991 /* IntoDeviceTableViewController.m */,
			);
			path = Device;
			sourceTree = "<group>";
		};
		BBE7B84E1D6D4CE300C7F991 /* lib */ = {
			isa = PBXGroup;
			children = (
				BBE7B84F1D6D4CE300C7F991 /* DTKDropdownMenuView */,
				BBE7B8531D6D4CE300C7F991 /* Masonry */,
				BBE7B86D1D6D4CE300C7F991 /* MBProgressHUD */,
				BBE7B8731D6D4CE300C7F991 /* MJExtension */,
			);
			path = lib;
			sourceTree = "<group>";
		};
		BBE7B84F1D6D4CE300C7F991 /* DTKDropdownMenuView */ = {
			isa = PBXGroup;
			children = (
				BBE7B8501D6D4CE300C7F991 /* DTKDropdownMenuView.bundle */,
				BBE7B8511D6D4CE300C7F991 /* DTKDropdownMenuView.h */,
				BBE7B8521D6D4CE300C7F991 /* DTKDropdownMenuView.m */,
			);
			path = DTKDropdownMenuView;
			sourceTree = "<group>";
		};
		BBE7B8531D6D4CE300C7F991 /* Masonry */ = {
			isa = PBXGroup;
			children = (
				BBE7B8541D6D4CE300C7F991 /* MASCompositeConstraint.h */,
				BBE7B8551D6D4CE300C7F991 /* MASCompositeConstraint.m */,
				BBE7B8561D6D4CE300C7F991 /* MASConstraint+Private.h */,
				BBE7B8571D6D4CE300C7F991 /* MASConstraint.h */,
				BBE7B8581D6D4CE300C7F991 /* MASConstraint.m */,
				BBE7B8591D6D4CE300C7F991 /* MASConstraintMaker.h */,
				BBE7B85A1D6D4CE300C7F991 /* MASConstraintMaker.m */,
				BBE7B85B1D6D4CE300C7F991 /* MASLayoutConstraint.h */,
				BBE7B85C1D6D4CE300C7F991 /* MASLayoutConstraint.m */,
				BBE7B85D1D6D4CE300C7F991 /* Masonry.h */,
				BBE7B85E1D6D4CE300C7F991 /* MASUtilities.h */,
				BBE7B85F1D6D4CE300C7F991 /* MASViewAttribute.h */,
				BBE7B8601D6D4CE300C7F991 /* MASViewAttribute.m */,
				BBE7B8611D6D4CE300C7F991 /* MASViewConstraint.h */,
				BBE7B8621D6D4CE300C7F991 /* MASViewConstraint.m */,
				BBE7B8631D6D4CE300C7F991 /* NSArray+MASAdditions.h */,
				BBE7B8641D6D4CE300C7F991 /* NSArray+MASAdditions.m */,
				BBE7B8651D6D4CE300C7F991 /* NSArray+MASShorthandAdditions.h */,
				BBE7B8661D6D4CE300C7F991 /* NSLayoutConstraint+MASDebugAdditions.h */,
				BBE7B8671D6D4CE300C7F991 /* NSLayoutConstraint+MASDebugAdditions.m */,
				BBE7B8681D6D4CE300C7F991 /* View+MASAdditions.h */,
				BBE7B8691D6D4CE300C7F991 /* View+MASAdditions.m */,
				BBE7B86A1D6D4CE300C7F991 /* View+MASShorthandAdditions.h */,
				BBE7B86B1D6D4CE300C7F991 /* ViewController+MASAdditions.h */,
				BBE7B86C1D6D4CE300C7F991 /* ViewController+MASAdditions.m */,
			);
			path = Masonry;
			sourceTree = "<group>";
		};
		BBE7B86D1D6D4CE300C7F991 /* MBProgressHUD */ = {
			isa = PBXGroup;
			children = (
				BBE7B86E1D6D4CE300C7F991 /* MBProgressHUD+IntoRobot.h */,
				BBE7B86F1D6D4CE300C7F991 /* MBProgressHUD+IntoRobot.m */,
				BBE7B8701D6D4CE300C7F991 /* MBProgressHUD.bundle */,
				BBE7B8711D6D4CE300C7F991 /* MBProgressHUD.h */,
				BBE7B8721D6D4CE300C7F991 /* MBProgressHUD.m */,
			);
			path = MBProgressHUD;
			sourceTree = "<group>";
		};
		BBE7B8731D6D4CE300C7F991 /* MJExtension */ = {
			isa = PBXGroup;
			children = (
				BBE7B8741D6D4CE300C7F991 /* MJExtension.h */,
				BBE7B8751D6D4CE300C7F991 /* MJExtensionConst.h */,
				BBE7B8761D6D4CE300C7F991 /* MJExtensionConst.m */,
				BBE7B8771D6D4CE300C7F991 /* MJFoundation.h */,
				BBE7B8781D6D4CE300C7F991 /* MJFoundation.m */,
				BBE7B8791D6D4CE300C7F991 /* MJProperty.h */,
				BBE7B87A1D6D4CE300C7F991 /* MJProperty.m */,
				BBE7B87B1D6D4CE300C7F991 /* MJPropertyKey.h */,
				BBE7B87C1D6D4CE300C7F991 /* MJPropertyKey.m */,
				BBE7B87D1D6D4CE300C7F991 /* MJPropertyType.h */,
				BBE7B87E1D6D4CE300C7F991 /* MJPropertyType.m */,
				BBE7B87F1D6D4CE300C7F991 /* NSObject+MJClass.h */,
				BBE7B8801D6D4CE300C7F991 /* NSObject+MJClass.m */,
				BBE7B8811D6D4CE300C7F991 /* NSObject+MJCoding.h */,
				BBE7B8821D6D4CE300C7F991 /* NSObject+MJCoding.m */,
				BBE7B8831D6D4CE300C7F991 /* NSObject+MJKeyValue.h */,
				BBE7B8841D6D4CE300C7F991 /* NSObject+MJKeyValue.m */,
				BBE7B8851D6D4CE300C7F991 /* NSObject+MJProperty.h */,
				BBE7B8861D6D4CE300C7F991 /* NSObject+MJProperty.m */,
				BBE7B8871D6D4CE300C7F991 /* NSString+MJExtension.h */,
				BBE7B8881D6D4CE300C7F991 /* NSString+MJExtension.m */,
			);
			path = MJExtension;
			sourceTree = "<group>";
		};
		BBE7B8891D6D4CE300C7F991 /* login */ = {
			isa = PBXGroup;
			children = (
				BBE7B88A1D6D4CE300C7F991 /* IntoPersionTableViewController.h */,
				BBE7B88B1D6D4CE300C7F991 /* IntoPersionTableViewController.m */,
				BBE7B88C1D6D4CE300C7F991 /* IntoRegisterViewController.h */,
				BBE7B88D1D6D4CE300C7F991 /* IntoRegisterViewController.m */,
				BBE7B88E1D6D4CE300C7F991 /* IntoResetPWViewController.h */,
				BBE7B88F1D6D4CE300C7F991 /* IntoResetPWViewController.m */,
				BBE7B8901D6D4CE300C7F991 /* Main.storyboard */,
				BBE7B8911D6D4CE300C7F991 /* ResetPW.storyboard */,
				BBE7B8921D6D4CE300C7F991 /* Rigister.storyboard */,
				BBE7B8931D6D4CE300C7F991 /* ViewController.h */,
				BBE7B8941D6D4CE300C7F991 /* ViewController.m */,
			);
			path = login;
			sourceTree = "<group>";
		};
/* End PBXGroup section */

/* Begin PBXNativeTarget section */
		BBE7B73D1D6D4C5900C7F991 /* IntoRobotSDKDemo */ = {
			isa = PBXNativeTarget;
			buildConfigurationList = BBE7B76B1D6D4C5900C7F991 /* Build configuration list for PBXNativeTarget "IntoRobotSDKDemo" */;
			buildPhases = (
				BBE7B73A1D6D4C5900C7F991 /* Sources */,
				BBE7B73B1D6D4C5900C7F991 /* Frameworks */,
				BBE7B73C1D6D4C5900C7F991 /* Resources */,
			);
			buildRules = (
			);
			dependencies = (
			);
			name = IntoRobotSDKDemo;
			productName = IntoRobotSDKDemo;
			productReference = BBE7B73E1D6D4C5900C7F991 /* IntoRobotSDKDemo.app */;
			productType = "com.apple.product-type.application";
		};
		BBE7B7561D6D4C5900C7F991 /* IntoRobotSDKDemoTests */ = {
			isa = PBXNativeTarget;
			buildConfigurationList = BBE7B76E1D6D4C5900C7F991 /* Build configuration list for PBXNativeTarget "IntoRobotSDKDemoTests" */;
			buildPhases = (
				BBE7B7531D6D4C5900C7F991 /* Sources */,
				BBE7B7541D6D4C5900C7F991 /* Frameworks */,
				BBE7B7551D6D4C5900C7F991 /* Resources */,
			);
			buildRules = (
			);
			dependencies = (
				BBE7B7591D6D4C5900C7F991 /* PBXTargetDependency */,
			);
			name = IntoRobotSDKDemoTests;
			productName = IntoRobotSDKDemoTests;
			productReference = BBE7B7571D6D4C5900C7F991 /* IntoRobotSDKDemoTests.xctest */;
			productType = "com.apple.product-type.bundle.unit-test";
		};
		BBE7B7611D6D4C5900C7F991 /* IntoRobotSDKDemoUITests */ = {
			isa = PBXNativeTarget;
			buildConfigurationList = BBE7B7711D6D4C5900C7F991 /* Build configuration list for PBXNativeTarget "IntoRobotSDKDemoUITests" */;
			buildPhases = (
				BBE7B75E1D6D4C5900C7F991 /* Sources */,
				BBE7B75F1D6D4C5900C7F991 /* Frameworks */,
				BBE7B7601D6D4C5900C7F991 /* Resources */,
			);
			buildRules = (
			);
			dependencies = (
				BBE7B7641D6D4C5900C7F991 /* PBXTargetDependency */,
			);
			name = IntoRobotSDKDemoUITests;
			productName = IntoRobotSDKDemoUITests;
			productReference = BBE7B7621D6D4C5900C7F991 /* IntoRobotSDKDemoUITests.xctest */;
			productType = "com.apple.product-type.bundle.ui-testing";
		};
/* End PBXNativeTarget section */

/* Begin PBXProject section */
		BBE7B7361D6D4C5900C7F991 /* Project object */ = {
			isa = PBXProject;
			attributes = {
				LastUpgradeCheck = 0730;
				ORGANIZATIONNAME = MOLMC;
				TargetAttributes = {
					BBE7B73D1D6D4C5900C7F991 = {
						CreatedOnToolsVersion = 7.3.1;
					};
					BBE7B7561D6D4C5900C7F991 = {
						CreatedOnToolsVersion = 7.3.1;
						TestTargetID = BBE7B73D1D6D4C5900C7F991;
					};
					BBE7B7611D6D4C5900C7F991 = {
						CreatedOnToolsVersion = 7.3.1;
						TestTargetID = BBE7B73D1D6D4C5900C7F991;
					};
				};
			};
			buildConfigurationList = BBE7B7391D6D4C5900C7F991 /* Build configuration list for PBXProject "IntoRobotSDKDemo" */;
			compatibilityVersion = "Xcode 3.2";
			developmentRegion = English;
			hasScannedForEncodings = 0;
			knownRegions = (
				en,
				Base,
			);
			mainGroup = BBE7B7351D6D4C5900C7F991;
			productRefGroup = BBE7B73F1D6D4C5900C7F991 /* Products */;
			projectDirPath = "";
			projectRoot = "";
			targets = (
				BBE7B73D1D6D4C5900C7F991 /* IntoRobotSDKDemo */,
				BBE7B7561D6D4C5900C7F991 /* IntoRobotSDKDemoTests */,
				BBE7B7611D6D4C5900C7F991 /* IntoRobotSDKDemoUITests */,
			);
		};
/* End PBXProject section */

/* Begin PBXResourcesBuildPhase section */
		BBE7B73C1D6D4C5900C7F991 /* Resources */ = {
			isa = PBXResourcesBuildPhase;
			buildActionMask = 2147483647;
			files = (
				BBE7B80E1D6D4CDA00C7F991 /* LICENSE in Resources */,
				BBE7B8B91D6D4CE300C7F991 /* Main.storyboard in Resources */,
				BBE7B7511D6D4C5900C7F991 /* LaunchScreen.storyboard in Resources */,
				BBE7B8BB1D6D4CE300C7F991 /* Rigister.storyboard in Resources */,
				BBE7B89D1D6D4CE300C7F991 /* DTKDropdownMenuView.bundle in Resources */,
				BBE7B8BA1D6D4CE300C7F991 /* ResetPW.storyboard in Resources */,
				BBE7B8981D6D4CE300C7F991 /* IntoCreateDeviceViewController.xib in Resources */,
				BBE7B8951D6D4CE300C7F991 /* DeviceList.storyboard in Resources */,
				BBE7B8AA1D6D4CE300C7F991 /* MBProgressHUD.bundle in Resources */,
				BBE7B81C1D6D4CDA00C7F991 /* LICENSE in Resources */,
				BBE7B74E1D6D4C5900C7F991 /* Assets.xcassets in Resources */,
				BBE7B82E1D6D4CDA00C7F991 /* LICENSE in Resources */,
			);
			runOnlyForDeploymentPostprocessing = 0;
		};
		BBE7B7551D6D4C5900C7F991 /* Resources */ = {
			isa = PBXResourcesBuildPhase;
			buildActionMask = 2147483647;
			files = (
			);
			runOnlyForDeploymentPostprocessing = 0;
		};
		BBE7B7601D6D4C5900C7F991 /* Resources */ = {
			isa = PBXResourcesBuildPhase;
			buildActionMask = 2147483647;
			files = (
			);
			runOnlyForDeploymentPostprocessing = 0;
		};
/* End PBXResourcesBuildPhase section */

/* Begin PBXSourcesBuildPhase section */
		BBE7B73A1D6D4C5900C7F991 /* Sources */ = {
			isa = PBXSourcesBuildPhase;
			buildActionMask = 2147483647;
			files = (
				BBE7B8381D6D4CDA00C7F991 /* UIButton+WebCache.m in Sources */,
				BBE7B8AF1D6D4CE300C7F991 /* MJPropertyKey.m in Sources */,
				BBE7B80D1D6D4CDA00C7F991 /* AFURLSessionManager.m in Sources */,
				BBE7B7431D6D4C5900C7F991 /* main.m in Sources */,
				BBE7B8211D6D4CDA00C7F991 /* MQTTDecoder.m in Sources */,
				BBE7B80F1D6D4CDA00C7F991 /* README.md in Sources */,
				BBE7B8271D6D4CDA00C7F991 /* MQTTSessionSynchron.m in Sources */,
				BBE7B8301D6D4CDA00C7F991 /* NSData+ImageContentType.m in Sources */,
				BBE7B81F1D6D4CDA00C7F991 /* MQTTCFSocketTransport.m in Sources */,
				BBE7B8281D6D4CDA00C7F991 /* MQTTSSLSecurityPolicy.m in Sources */,
				BBE7B8201D6D4CDA00C7F991 /* MQTTCoreDataPersistence.m in Sources */,
				BBE7B8B81D6D4CE300C7F991 /* IntoResetPWViewController.m in Sources */,
				BBE7B8071D6D4CDA00C7F991 /* NSString+MLString.m in Sources */,
				BBE7B89C1D6D4CE300C7F991 /* IntoDeviceTableViewController.m in Sources */,
				BBE7B8A51D6D4CE300C7F991 /* NSArray+MASAdditions.m in Sources */,
				BBE7B8091D6D4CDA00C7F991 /* AFNetworkReachabilityManager.m in Sources */,
				BBE7B8241D6D4CDA00C7F991 /* MQTTSession.m in Sources */,
				BBE7B8B51D6D4CE300C7F991 /* NSString+MJExtension.m in Sources */,
				BBE7B8321D6D4CDA00C7F991 /* SDWebImageCompat.m in Sources */,
				BBE7B8361D6D4CDA00C7F991 /* SDWebImageManager.m in Sources */,
				BBE7B8291D6D4CDA00C7F991 /* MQTTSSLSecurityPolicyDecoder.m in Sources */,
				BBE7B8971D6D4CE300C7F991 /* IntoCreateDeviceViewController.m in Sources */,
				BBE7B83D1D6D4CDA00C7F991 /* UIView+WebCacheOperation.m in Sources */,
				BBE7B8311D6D4CDA00C7F991 /* SDImageCache.m in Sources */,
				BBE7B8061D6D4CDA00C7F991 /* IPAddress.c in Sources */,
				BBE7B8331D6D4CDA00C7F991 /* SDWebImageDecoder.m in Sources */,
				BBE7B8191D6D4CDA00C7F991 /* README.markdown in Sources */,
				BBE7B8B11D6D4CE300C7F991 /* NSObject+MJClass.m in Sources */,
				BBE7B8A31D6D4CE300C7F991 /* MASViewAttribute.m in Sources */,
				BBE7B8131D6D4CDA00C7F991 /* UIActivityIndicatorView+AFNetworking.m in Sources */,
				BBE7B8BC1D6D4CE300C7F991 /* ViewController.m in Sources */,
				BBE7B89B1D6D4CE300C7F991 /* IntoDeviceTableViewCell.m in Sources */,
				BBE7B8A81D6D4CE300C7F991 /* ViewController+MASAdditions.m in Sources */,
				BBE7B8341D6D4CDA00C7F991 /* SDWebImageDownloader.m in Sources */,
				BBE7B81E1D6D4CDA00C7F991 /* MQTTCFSocketEncoder.m in Sources */,
				BBE7B80A1D6D4CDA00C7F991 /* AFSecurityPolicy.m in Sources */,
				BBE7B8161D6D4CDA00C7F991 /* UIProgressView+AFNetworking.m in Sources */,
				BBE7B83A1D6D4CDA00C7F991 /* UIImage+MultiFormat.m in Sources */,
				BBE7B80B1D6D4CDA00C7F991 /* AFURLRequestSerialization.m in Sources */,
				BBE7B8AC1D6D4CE300C7F991 /* MJExtensionConst.m in Sources */,
				BBE7B8221D6D4CDA00C7F991 /* MQTTInMemoryPersistence.m in Sources */,
				BBE7B8A21D6D4CE300C7F991 /* MASLayoutConstraint.m in Sources */,
				BBE7B8B61D6D4CE300C7F991 /* IntoPersionTableViewController.m in Sources */,
				BBE7B8A91D6D4CE300C7F991 /* MBProgressHUD+IntoRobot.m in Sources */,
				BBE7B8BF1D6D4CEE00C7F991 /* AppDelegate.m in Sources */,
				BBE7B8B01D6D4CE300C7F991 /* MJPropertyType.m in Sources */,
				BBE7B80C1D6D4CDA00C7F991 /* AFURLResponseSerialization.m in Sources */,
				BBE7B8AE1D6D4CE300C7F991 /* MJProperty.m in Sources */,
				BBE7B82B1D6D4CDA00C7F991 /* MQTTSSLSecurityPolicyTransport.m in Sources */,
				BBE7B8B21D6D4CE300C7F991 /* NSObject+MJCoding.m in Sources */,
				BBE7B82F1D6D4CDA00C7F991 /* README.md in Sources */,
				BBE7B81B1D6D4CDA00C7F991 /* GCDAsyncUdpSocket.m in Sources */,
				BBE7B81A1D6D4CDA00C7F991 /* GCDAsyncSocket.m in Sources */,
				BBE7B8A11D6D4CE300C7F991 /* MASConstraintMaker.m in Sources */,
				BBE7B8261D6D4CDA00C7F991 /* MQTTSessionManager.m in Sources */,
				BBE7B8B71D6D4CE300C7F991 /* IntoRegisterViewController.m in Sources */,
				BBE7B89F1D6D4CE300C7F991 /* MASCompositeConstraint.m in Sources */,
				BBE7B8961D6D4CE300C7F991 /* IntoContrlDeviceViewController.m in Sources */,
				BBE7B8251D6D4CDA00C7F991 /* MQTTSessionLegacy.m in Sources */,
				BBE7B8AD1D6D4CE300C7F991 /* MJFoundation.m in Sources */,
				BBE7B8371D6D4CDA00C7F991 /* SDWebImagePrefetcher.m in Sources */,
				BBE7B82A1D6D4CDA00C7F991 /* MQTTSSLSecurityPolicyEncoder.m in Sources */,
				BBE7B8121D6D4CDA00C7F991 /* AFNetworkActivityIndicatorManager.m in Sources */,
				BBE7B8A71D6D4CE300C7F991 /* View+MASAdditions.m in Sources */,
				BBE7B89A1D6D4CE300C7F991 /* IntoDeviceModel.m in Sources */,
				BBE7B83B1D6D4CDA00C7F991 /* UIImageView+HighlightedWebCache.m in Sources */,
				BBE7B8151D6D4CDA00C7F991 /* UIImageView+AFNetworking.m in Sources */,
				BBE7B8B41D6D4CE300C7F991 /* NSObject+MJProperty.m in Sources */,
				BBE7B8A01D6D4CE300C7F991 /* MASConstraint.m in Sources */,
				BBE7B8391D6D4CDA00C7F991 /* UIImage+GIF.m in Sources */,
				BBE7B8A61D6D4CE300C7F991 /* NSLayoutConstraint+MASDebugAdditions.m in Sources */,
				BBE7B8A41D6D4CE300C7F991 /* MASViewConstraint.m in Sources */,
				BBE7B8141D6D4CDA00C7F991 /* UIButton+AFNetworking.m in Sources */,
				BBE7B82D1D6D4CDA00C7F991 /* README.md in Sources */,
				BBE7B8B31D6D4CE300C7F991 /* NSObject+MJKeyValue.m in Sources */,
				BBE7B8991D6D4CE300C7F991 /* IntoDeviceInfoTableViewController.m in Sources */,
				BBE7B89E1D6D4CE300C7F991 /* DTKDropdownMenuView.m in Sources */,
				BBE7B83C1D6D4CDA00C7F991 /* UIImageView+WebCache.m in Sources */,
				BBE7B8171D6D4CDA00C7F991 /* UIRefreshControl+AFNetworking.m in Sources */,
				BBE7B8181D6D4CDA00C7F991 /* UIWebView+AFNetworking.m in Sources */,
				BBE7B81D1D6D4CDA00C7F991 /* MQTTCFSocketDecoder.m in Sources */,
				BBE7B8351D6D4CDA00C7F991 /* SDWebImageDownloaderOperation.m in Sources */,
				BBE7B8081D6D4CDA00C7F991 /* AFHTTPSessionManager.m in Sources */,
				BBE7B8101D6D4CDA00C7F991 /* AFAutoPurgingImageCache.m in Sources */,
				BBE7B8111D6D4CDA00C7F991 /* AFImageDownloader.m in Sources */,
				BBE7B8AB1D6D4CE300C7F991 /* MBProgressHUD.m in Sources */,
				BBE7B8231D6D4CDA00C7F991 /* MQTTMessage.m in Sources */,
				BBE7B82C1D6D4CDA00C7F991 /* MQTTTransport.m in Sources */,
			);
			runOnlyForDeploymentPostprocessing = 0;
		};
		BBE7B7531D6D4C5900C7F991 /* Sources */ = {
			isa = PBXSourcesBuildPhase;
			buildActionMask = 2147483647;
			files = (
				BBE7B75C1D6D4C5900C7F991 /* IntoRobotSDKDemoTests.m in Sources */,
			);
			runOnlyForDeploymentPostprocessing = 0;
		};
		BBE7B75E1D6D4C5900C7F991 /* Sources */ = {
			isa = PBXSourcesBuildPhase;
			buildActionMask = 2147483647;
			files = (
				BBE7B7671D6D4C5900C7F991 /* IntoRobotSDKDemoUITests.m in Sources */,
			);
			runOnlyForDeploymentPostprocessing = 0;
		};
/* End PBXSourcesBuildPhase section */

/* Begin PBXTargetDependency section */
		BBE7B7591D6D4C5900C7F991 /* PBXTargetDependency */ = {
			isa = PBXTargetDependency;
			target = BBE7B73D1D6D4C5900C7F991 /* IntoRobotSDKDemo */;
			targetProxy = BBE7B7581D6D4C5900C7F991 /* PBXContainerItemProxy */;
		};
		BBE7B7641D6D4C5900C7F991 /* PBXTargetDependency */ = {
			isa = PBXTargetDependency;
			target = BBE7B73D1D6D4C5900C7F991 /* IntoRobotSDKDemo */;
			targetProxy = BBE7B7631D6D4C5900C7F991 /* PBXContainerItemProxy */;
		};
/* End PBXTargetDependency section */

/* Begin PBXVariantGroup section */
		BBE7B74F1D6D4C5900C7F991 /* LaunchScreen.storyboard */ = {
			isa = PBXVariantGroup;
			children = (
				BBE7B7501D6D4C5900C7F991 /* Base */,
			);
			name = LaunchScreen.storyboard;
			sourceTree = "<group>";
		};
/* End PBXVariantGroup section */

/* Begin XCBuildConfiguration section */
		BBE7B7691D6D4C5900C7F991 /* Debug */ = {
			isa = XCBuildConfiguration;
			buildSettings = {
				ALWAYS_SEARCH_USER_PATHS = NO;
				CLANG_ANALYZER_NONNULL = YES;
				CLANG_CXX_LANGUAGE_STANDARD = "gnu++0x";
				CLANG_CXX_LIBRARY = "libc++";
				CLANG_ENABLE_MODULES = YES;
				CLANG_ENABLE_OBJC_ARC = YES;
				CLANG_WARN_BOOL_CONVERSION = YES;
				CLANG_WARN_CONSTANT_CONVERSION = YES;
				CLANG_WARN_DIRECT_OBJC_ISA_USAGE = YES_ERROR;
				CLANG_WARN_EMPTY_BODY = YES;
				CLANG_WARN_ENUM_CONVERSION = YES;
				CLANG_WARN_INT_CONVERSION = YES;
				CLANG_WARN_OBJC_ROOT_CLASS = YES_ERROR;
				CLANG_WARN_UNREACHABLE_CODE = YES;
				CLANG_WARN__DUPLICATE_METHOD_MATCH = YES;
				"CODE_SIGN_IDENTITY[sdk=iphoneos*]" = "iPhone Developer";
				COPY_PHASE_STRIP = NO;
				DEBUG_INFORMATION_FORMAT = dwarf;
				ENABLE_STRICT_OBJC_MSGSEND = YES;
				ENABLE_TESTABILITY = YES;
				GCC_C_LANGUAGE_STANDARD = gnu99;
				GCC_DYNAMIC_NO_PIC = NO;
				GCC_NO_COMMON_BLOCKS = YES;
				GCC_OPTIMIZATION_LEVEL = 0;
				GCC_PREPROCESSOR_DEFINITIONS = (
					"DEBUG=1",
					"$(inherited)",
				);
				GCC_WARN_64_TO_32_BIT_CONVERSION = YES;
				GCC_WARN_ABOUT_RETURN_TYPE = YES_ERROR;
				GCC_WARN_UNDECLARED_SELECTOR = YES;
				GCC_WARN_UNINITIALIZED_AUTOS = YES_AGGRESSIVE;
				GCC_WARN_UNUSED_FUNCTION = YES;
				GCC_WARN_UNUSED_VARIABLE = YES;
				IPHONEOS_DEPLOYMENT_TARGET = 9.3;
				MTL_ENABLE_DEBUG_INFO = YES;
				ONLY_ACTIVE_ARCH = YES;
				SDKROOT = iphoneos;
				TARGETED_DEVICE_FAMILY = "1,2";
			};
			name = Debug;
		};
		BBE7B76A1D6D4C5900C7F991 /* Release */ = {
			isa = XCBuildConfiguration;
			buildSettings = {
				ALWAYS_SEARCH_USER_PATHS = NO;
				CLANG_ANALYZER_NONNULL = YES;
				CLANG_CXX_LANGUAGE_STANDARD = "gnu++0x";
				CLANG_CXX_LIBRARY = "libc++";
				CLANG_ENABLE_MODULES = YES;
				CLANG_ENABLE_OBJC_ARC = YES;
				CLANG_WARN_BOOL_CONVERSION = YES;
				CLANG_WARN_CONSTANT_CONVERSION = YES;
				CLANG_WARN_DIRECT_OBJC_ISA_USAGE = YES_ERROR;
				CLANG_WARN_EMPTY_BODY = YES;
				CLANG_WARN_ENUM_CONVERSION = YES;
				CLANG_WARN_INT_CONVERSION = YES;
				CLANG_WARN_OBJC_ROOT_CLASS = YES_ERROR;
				CLANG_WARN_UNREACHABLE_CODE = YES;
				CLANG_WARN__DUPLICATE_METHOD_MATCH = YES;
				"CODE_SIGN_IDENTITY[sdk=iphoneos*]" = "iPhone Developer";
				COPY_PHASE_STRIP = NO;
				DEBUG_INFORMATION_FORMAT = "dwarf-with-dsym";
				ENABLE_NS_ASSERTIONS = NO;
				ENABLE_STRICT_OBJC_MSGSEND = YES;
				GCC_C_LANGUAGE_STANDARD = gnu99;
				GCC_NO_COMMON_BLOCKS = YES;
				GCC_WARN_64_TO_32_BIT_CONVERSION = YES;
				GCC_WARN_ABOUT_RETURN_TYPE = YES_ERROR;
				GCC_WARN_UNDECLARED_SELECTOR = YES;
				GCC_WARN_UNINITIALIZED_AUTOS = YES_AGGRESSIVE;
				GCC_WARN_UNUSED_FUNCTION = YES;
				GCC_WARN_UNUSED_VARIABLE = YES;
				IPHONEOS_DEPLOYMENT_TARGET = 9.3;
				MTL_ENABLE_DEBUG_INFO = NO;
				SDKROOT = iphoneos;
				TARGETED_DEVICE_FAMILY = "1,2";
				VALIDATE_PRODUCT = YES;
			};
			name = Release;
		};
		BBE7B76C1D6D4C5900C7F991 /* Debug */ = {
			isa = XCBuildConfiguration;
			buildSettings = {
				ASSETCATALOG_COMPILER_APPICON_NAME = AppIcon;
				INFOPLIST_FILE = IntoRobotSDKDemo/Info.plist;
				LD_RUNPATH_SEARCH_PATHS = "$(inherited) @executable_path/Frameworks";
				LIBRARY_SEARCH_PATHS = (
					"$(inherited)",
					"$(PROJECT_DIR)/IntoRobotSDKDemo/IntoRobotSDK",
				);
				PRODUCT_BUNDLE_IDENTIFIER = com.molmc.IntoRobotSDKDemo;
				PRODUCT_NAME = "$(TARGET_NAME)";
			};
			name = Debug;
		};
		BBE7B76D1D6D4C5900C7F991 /* Release */ = {
			isa = XCBuildConfiguration;
			buildSettings = {
				ASSETCATALOG_COMPILER_APPICON_NAME = AppIcon;
				INFOPLIST_FILE = IntoRobotSDKDemo/Info.plist;
				LD_RUNPATH_SEARCH_PATHS = "$(inherited) @executable_path/Frameworks";
				LIBRARY_SEARCH_PATHS = (
					"$(inherited)",
					"$(PROJECT_DIR)/IntoRobotSDKDemo/IntoRobotSDK",
				);
				PRODUCT_BUNDLE_IDENTIFIER = com.molmc.IntoRobotSDKDemo;
				PRODUCT_NAME = "$(TARGET_NAME)";
			};
			name = Release;
		};
		BBE7B76F1D6D4C5900C7F991 /* Debug */ = {
			isa = XCBuildConfiguration;
			buildSettings = {
				BUNDLE_LOADER = "$(TEST_HOST)";
				INFOPLIST_FILE = IntoRobotSDKDemoTests/Info.plist;
				LD_RUNPATH_SEARCH_PATHS = "$(inherited) @executable_path/Frameworks @loader_path/Frameworks";
				PRODUCT_BUNDLE_IDENTIFIER = com.molmc.IntoRobotSDKDemoTests;
				PRODUCT_NAME = "$(TARGET_NAME)";
				TEST_HOST = "$(BUILT_PRODUCTS_DIR)/IntoRobotSDKDemo.app/IntoRobotSDKDemo";
			};
			name = Debug;
		};
		BBE7B7701D6D4C5900C7F991 /* Release */ = {
			isa = XCBuildConfiguration;
			buildSettings = {
				BUNDLE_LOADER = "$(TEST_HOST)";
				INFOPLIST_FILE = IntoRobotSDKDemoTests/Info.plist;
				LD_RUNPATH_SEARCH_PATHS = "$(inherited) @executable_path/Frameworks @loader_path/Frameworks";
				PRODUCT_BUNDLE_IDENTIFIER = com.molmc.IntoRobotSDKDemoTests;
				PRODUCT_NAME = "$(TARGET_NAME)";
				TEST_HOST = "$(BUILT_PRODUCTS_DIR)/IntoRobotSDKDemo.app/IntoRobotSDKDemo";
			};
			name = Release;
		};
		BBE7B7721D6D4C5900C7F991 /* Debug */ = {
			isa = XCBuildConfiguration;
			buildSettings = {
				INFOPLIST_FILE = IntoRobotSDKDemoUITests/Info.plist;
				LD_RUNPATH_SEARCH_PATHS = "$(inherited) @executable_path/Frameworks @loader_path/Frameworks";
				PRODUCT_BUNDLE_IDENTIFIER = com.molmc.IntoRobotSDKDemoUITests;
				PRODUCT_NAME = "$(TARGET_NAME)";
				TEST_TARGET_NAME = IntoRobotSDKDemo;
			};
			name = Debug;
		};
		BBE7B7731D6D4C5900C7F991 /* Release */ = {
			isa = XCBuildConfiguration;
			buildSettings = {
				INFOPLIST_FILE = IntoRobotSDKDemoUITests/Info.plist;
				LD_RUNPATH_SEARCH_PATHS = "$(inherited) @executable_path/Frameworks @loader_path/Frameworks";
				PRODUCT_BUNDLE_IDENTIFIER = com.molmc.IntoRobotSDKDemoUITests;
				PRODUCT_NAME = "$(TARGET_NAME)";
				TEST_TARGET_NAME = IntoRobotSDKDemo;
			};
			name = Release;
		};
/* End XCBuildConfiguration section */

/* Begin XCConfigurationList section */
		BBE7B7391D6D4C5900C7F991 /* Build configuration list for PBXProject "IntoRobotSDKDemo" */ = {
			isa = XCConfigurationList;
			buildConfigurations = (
				BBE7B7691D6D4C5900C7F991 /* Debug */,
				BBE7B76A1D6D4C5900C7F991 /* Release */,
			);
			defaultConfigurationIsVisible = 0;
			defaultConfigurationName = Release;
		};
		BBE7B76B1D6D4C5900C7F991 /* Build configuration list for PBXNativeTarget "IntoRobotSDKDemo" */ = {
			isa = XCConfigurationList;
			buildConfigurations = (
				BBE7B76C1D6D4C5900C7F991 /* Debug */,
				BBE7B76D1D6D4C5900C7F991 /* Release */,
			);
			defaultConfigurationIsVisible = 0;
		};
		BBE7B76E1D6D4C5900C7F991 /* Build configuration list for PBXNativeTarget "IntoRobotSDKDemoTests" */ = {
			isa = XCConfigurationList;
			buildConfigurations = (
				BBE7B76F1D6D4C5900C7F991 /* Debug */,
				BBE7B7701D6D4C5900C7F991 /* Release */,
			);
			defaultConfigurationIsVisible = 0;
		};
		BBE7B7711D6D4C5900C7F991 /* Build configuration list for PBXNativeTarget "IntoRobotSDKDemoUITests" */ = {
			isa = XCConfigurationList;
			buildConfigurations = (
				BBE7B7721D6D4C5900C7F991 /* Debug */,
				BBE7B7731D6D4C5900C7F991 /* Release */,
			);
			defaultConfigurationIsVisible = 0;
		};
/* End XCConfigurationList section */
	};
	rootObject = BBE7B7361D6D4C5900C7F991 /* Project object */;
}
